// !$*UTF8*$!
{
	archiveVersion = 1;
	classes = {
	};
	objectVersion = 56;
	objects = {

/* Begin PBXBuildFile section */
		5503AD762A37BF50006E6C79 /* TivBibleApp.swift in Sources */ = {isa = PBXBuildFile; fileRef = 5503AD752A37BF50006E6C79 /* TivBibleApp.swift */; };
		5503AD7A2A37BF50006E6C79 /* Assets.xcassets in Resources */ = {isa = PBXBuildFile; fileRef = 5503AD792A37BF50006E6C79 /* Assets.xcassets */; };
		5503AD7D2A37BF50006E6C79 /* Preview Assets.xcassets in Resources */ = {isa = PBXBuildFile; fileRef = 5503AD7C2A37BF50006E6C79 /* Preview Assets.xcassets */; };
		5503AD892A37BF51006E6C79 /* TivBibleTests.swift in Sources */ = {isa = PBXBuildFile; fileRef = 5503AD882A37BF51006E6C79 /* TivBibleTests.swift */; };
		5503AD932A37BF51006E6C79 /* TivBibleUITests.swift in Sources */ = {isa = PBXBuildFile; fileRef = 5503AD922A37BF51006E6C79 /* TivBibleUITests.swift */; };
		5503AD952A37BF51006E6C79 /* TivBibleUITestsLaunchTests.swift in Sources */ = {isa = PBXBuildFile; fileRef = 5503AD942A37BF51006E6C79 /* TivBibleUITestsLaunchTests.swift */; };
		5503ADA32A37C077006E6C79 /* TivBibleData.swift in Sources */ = {isa = PBXBuildFile; fileRef = 5503ADA22A37C077006E6C79 /* TivBibleData.swift */; };
		5503ADA52A37C095006E6C79 /* Chapter.swift in Sources */ = {isa = PBXBuildFile; fileRef = 5503ADA42A37C095006E6C79 /* Chapter.swift */; };
		5503ADA72A37C09E006E6C79 /* Book.swift in Sources */ = {isa = PBXBuildFile; fileRef = 5503ADA62A37C09E006E6C79 /* Book.swift */; };
		5503ADA92A37C0A8006E6C79 /* Verse.swift in Sources */ = {isa = PBXBuildFile; fileRef = 5503ADA82A37C0A8006E6C79 /* Verse.swift */; };
		5503ADAC2A37C762006E6C79 /* Data+.swift in Sources */ = {isa = PBXBuildFile; fileRef = 5503ADAB2A37C762006E6C79 /* Data+.swift */; };
		5503ADAE2A37C776006E6C79 /* View+.swift in Sources */ = {isa = PBXBuildFile; fileRef = 5503ADAD2A37C776006E6C79 /* View+.swift */; };
		5503ADB02A37C79C006E6C79 /* Color+.swift in Sources */ = {isa = PBXBuildFile; fileRef = 5503ADAF2A37C79C006E6C79 /* Color+.swift */; };
		5503ADB22A37C7B9006E6C79 /* Font+.swift in Sources */ = {isa = PBXBuildFile; fileRef = 5503ADB12A37C7B9006E6C79 /* Font+.swift */; };
		5503ADB42A37C7D9006E6C79 /* TivBibleError.swift in Sources */ = {isa = PBXBuildFile; fileRef = 5503ADB32A37C7D9006E6C79 /* TivBibleError.swift */; };
		5503ADB62A37C7F8006E6C79 /* Code+.swift in Sources */ = {isa = PBXBuildFile; fileRef = 5503ADB52A37C7F8006E6C79 /* Code+.swift */; };
		5503ADB92A37C857006E6C79 /* PreferenceStoreKey.swift in Sources */ = {isa = PBXBuildFile; fileRef = 5503ADB82A37C857006E6C79 /* PreferenceStoreKey.swift */; };
		5503ADBB2A37C886006E6C79 /* AppStorage+.swift in Sources */ = {isa = PBXBuildFile; fileRef = 5503ADBA2A37C886006E6C79 /* AppStorage+.swift */; };
		5503ADBD2A37C8B3006E6C79 /* PreferenceStore.swift in Sources */ = {isa = PBXBuildFile; fileRef = 5503ADBC2A37C8B3006E6C79 /* PreferenceStore.swift */; };
		5503ADC02A37C8DD006E6C79 /* DependencyType.swift in Sources */ = {isa = PBXBuildFile; fileRef = 5503ADBF2A37C8DD006E6C79 /* DependencyType.swift */; };
		5503ADC22A37C8F0006E6C79 /* DependencyContainer.swift in Sources */ = {isa = PBXBuildFile; fileRef = 5503ADC12A37C8F0006E6C79 /* DependencyContainer.swift */; };
		5503ADC42A37C914006E6C79 /* DependencyProvider.swift in Sources */ = {isa = PBXBuildFile; fileRef = 5503ADC32A37C914006E6C79 /* DependencyProvider.swift */; };
		5503ADC82A37C9DA006E6C79 /* tivBibleData.json in Resources */ = {isa = PBXBuildFile; fileRef = 5503ADC72A37C9DA006E6C79 /* tivBibleData.json */; };
		5503ADCE2A37C9F4006E6C79 /* GentiumPlus-Bold.ttf in Resources */ = {isa = PBXBuildFile; fileRef = 5503ADCA2A37C9F4006E6C79 /* GentiumPlus-Bold.ttf */; };
		5503ADCF2A37C9F4006E6C79 /* GentiumPlus-BoldItalic.ttf in Resources */ = {isa = PBXBuildFile; fileRef = 5503ADCB2A37C9F4006E6C79 /* GentiumPlus-BoldItalic.ttf */; };
		5503ADD02A37C9F4006E6C79 /* GentiumPlus-Italic.ttf in Resources */ = {isa = PBXBuildFile; fileRef = 5503ADCC2A37C9F4006E6C79 /* GentiumPlus-Italic.ttf */; };
		5503ADD12A37C9F4006E6C79 /* GentiumPlus-Regular.ttf in Resources */ = {isa = PBXBuildFile; fileRef = 5503ADCD2A37C9F4006E6C79 /* GentiumPlus-Regular.ttf */; };
		5503ADD72A37CACE006E6C79 /* SetupScreen.swift in Sources */ = {isa = PBXBuildFile; fileRef = 5503ADD62A37CACE006E6C79 /* SetupScreen.swift */; };
		5503ADD92A37CB5D006E6C79 /* SetupViewModel.swift in Sources */ = {isa = PBXBuildFile; fileRef = 5503ADD82A37CB5D006E6C79 /* SetupViewModel.swift */; };
		551D0B162A3CDE5B00449307 /* VerseTapActionsView.swift in Sources */ = {isa = PBXBuildFile; fileRef = 551D0B152A3CDE5B00449307 /* VerseTapActionsView.swift */; };
		551D0B1A2A3CE8F200449307 /* VerseTapAction.swift in Sources */ = {isa = PBXBuildFile; fileRef = 551D0B192A3CE8F200449307 /* VerseTapAction.swift */; };
		551D0B1C2A3CF41A00449307 /* RoundedCornersShape.swift in Sources */ = {isa = PBXBuildFile; fileRef = 551D0B1B2A3CF41A00449307 /* RoundedCornersShape.swift */; };
		551D0B1E2A3CF50E00449307 /* IconTextView.swift in Sources */ = {isa = PBXBuildFile; fileRef = 551D0B1D2A3CF50E00449307 /* IconTextView.swift */; };
		551D0B202A3CF54B00449307 /* IconTextButton.swift in Sources */ = {isa = PBXBuildFile; fileRef = 551D0B1F2A3CF54B00449307 /* IconTextButton.swift */; };
		552BB2642A409DC800BB3A86 /* ColorHex.swift in Sources */ = {isa = PBXBuildFile; fileRef = 552BB2632A409DC800BB3A86 /* ColorHex.swift */; };
		552BB2672A40C24000BB3A86 /* AlertToast in Frameworks */ = {isa = PBXBuildFile; productRef = 552BB2662A40C24000BB3A86 /* AlertToast */; };
		552BB2692A40E75200BB3A86 /* NotesScreen.swift in Sources */ = {isa = PBXBuildFile; fileRef = 552BB2682A40E75200BB3A86 /* NotesScreen.swift */; };
		552BB26B2A41707500BB3A86 /* NoteToken.swift in Sources */ = {isa = PBXBuildFile; fileRef = 552BB26A2A41707500BB3A86 /* NoteToken.swift */; };
		552BB26D2A41851700BB3A86 /* Note.swift in Sources */ = {isa = PBXBuildFile; fileRef = 552BB26C2A41851700BB3A86 /* Note.swift */; };
		555576CC2A38DBE100DF230E /* ReaderScreen.swift in Sources */ = {isa = PBXBuildFile; fileRef = 555576CB2A38DBE100DF230E /* ReaderScreen.swift */; };
		555576CE2A38DBF100DF230E /* SettingsScreen.swift in Sources */ = {isa = PBXBuildFile; fileRef = 555576CD2A38DBF100DF230E /* SettingsScreen.swift */; };
		555576D02A38DBF900DF230E /* MiscScreen.swift in Sources */ = {isa = PBXBuildFile; fileRef = 555576CF2A38DBF900DF230E /* MiscScreen.swift */; };
		555576D22A38DC2200DF230E /* MainContentScreen.swift in Sources */ = {isa = PBXBuildFile; fileRef = 555576D12A38DC2200DF230E /* MainContentScreen.swift */; };
		555576D42A392B6F00DF230E /* ReaderViewModel.swift in Sources */ = {isa = PBXBuildFile; fileRef = 555576D32A392B6F00DF230E /* ReaderViewModel.swift */; };
		55E42F812A38830300DBB619 /* String+.swift in Sources */ = {isa = PBXBuildFile; fileRef = 55E42F802A38830300DBB619 /* String+.swift */; };
/* End PBXBuildFile section */

/* Begin PBXContainerItemProxy section */
		5503AD852A37BF51006E6C79 /* PBXContainerItemProxy */ = {
			isa = PBXContainerItemProxy;
			containerPortal = 5503AD6A2A37BF50006E6C79 /* Project object */;
			proxyType = 1;
			remoteGlobalIDString = 5503AD712A37BF50006E6C79;
			remoteInfo = TivBible;
		};
		5503AD8F2A37BF51006E6C79 /* PBXContainerItemProxy */ = {
			isa = PBXContainerItemProxy;
			containerPortal = 5503AD6A2A37BF50006E6C79 /* Project object */;
			proxyType = 1;
			remoteGlobalIDString = 5503AD712A37BF50006E6C79;
			remoteInfo = TivBible;
		};
/* End PBXContainerItemProxy section */

/* Begin PBXFileReference section */
		5503AD722A37BF50006E6C79 /* TivBible.app */ = {isa = PBXFileReference; explicitFileType = wrapper.application; includeInIndex = 0; path = TivBible.app; sourceTree = BUILT_PRODUCTS_DIR; };
		5503AD752A37BF50006E6C79 /* TivBibleApp.swift */ = {isa = PBXFileReference; lastKnownFileType = sourcecode.swift; path = TivBibleApp.swift; sourceTree = "<group>"; };
		5503AD792A37BF50006E6C79 /* Assets.xcassets */ = {isa = PBXFileReference; lastKnownFileType = folder.assetcatalog; path = Assets.xcassets; sourceTree = "<group>"; };
		5503AD7C2A37BF50006E6C79 /* Preview Assets.xcassets */ = {isa = PBXFileReference; lastKnownFileType = folder.assetcatalog; path = "Preview Assets.xcassets"; sourceTree = "<group>"; };
		5503AD842A37BF51006E6C79 /* TivBibleTests.xctest */ = {isa = PBXFileReference; explicitFileType = wrapper.cfbundle; includeInIndex = 0; path = TivBibleTests.xctest; sourceTree = BUILT_PRODUCTS_DIR; };
		5503AD882A37BF51006E6C79 /* TivBibleTests.swift */ = {isa = PBXFileReference; lastKnownFileType = sourcecode.swift; path = TivBibleTests.swift; sourceTree = "<group>"; };
		5503AD8E2A37BF51006E6C79 /* TivBibleUITests.xctest */ = {isa = PBXFileReference; explicitFileType = wrapper.cfbundle; includeInIndex = 0; path = TivBibleUITests.xctest; sourceTree = BUILT_PRODUCTS_DIR; };
		5503AD922A37BF51006E6C79 /* TivBibleUITests.swift */ = {isa = PBXFileReference; lastKnownFileType = sourcecode.swift; path = TivBibleUITests.swift; sourceTree = "<group>"; };
		5503AD942A37BF51006E6C79 /* TivBibleUITestsLaunchTests.swift */ = {isa = PBXFileReference; lastKnownFileType = sourcecode.swift; path = TivBibleUITestsLaunchTests.swift; sourceTree = "<group>"; };
		5503ADA22A37C077006E6C79 /* TivBibleData.swift */ = {isa = PBXFileReference; lastKnownFileType = sourcecode.swift; path = TivBibleData.swift; sourceTree = "<group>"; };
		5503ADA42A37C095006E6C79 /* Chapter.swift */ = {isa = PBXFileReference; lastKnownFileType = sourcecode.swift; path = Chapter.swift; sourceTree = "<group>"; };
		5503ADA62A37C09E006E6C79 /* Book.swift */ = {isa = PBXFileReference; lastKnownFileType = sourcecode.swift; path = Book.swift; sourceTree = "<group>"; };
		5503ADA82A37C0A8006E6C79 /* Verse.swift */ = {isa = PBXFileReference; lastKnownFileType = sourcecode.swift; path = Verse.swift; sourceTree = "<group>"; };
		5503ADAB2A37C762006E6C79 /* Data+.swift */ = {isa = PBXFileReference; lastKnownFileType = sourcecode.swift; path = "Data+.swift"; sourceTree = "<group>"; };
		5503ADAD2A37C776006E6C79 /* View+.swift */ = {isa = PBXFileReference; lastKnownFileType = sourcecode.swift; path = "View+.swift"; sourceTree = "<group>"; };
		5503ADAF2A37C79C006E6C79 /* Color+.swift */ = {isa = PBXFileReference; lastKnownFileType = sourcecode.swift; path = "Color+.swift"; sourceTree = "<group>"; };
		5503ADB12A37C7B9006E6C79 /* Font+.swift */ = {isa = PBXFileReference; lastKnownFileType = sourcecode.swift; path = "Font+.swift"; sourceTree = "<group>"; };
		5503ADB32A37C7D9006E6C79 /* TivBibleError.swift */ = {isa = PBXFileReference; lastKnownFileType = sourcecode.swift; path = TivBibleError.swift; sourceTree = "<group>"; };
		5503ADB52A37C7F8006E6C79 /* Code+.swift */ = {isa = PBXFileReference; lastKnownFileType = sourcecode.swift; path = "Code+.swift"; sourceTree = "<group>"; };
		5503ADB82A37C857006E6C79 /* PreferenceStoreKey.swift */ = {isa = PBXFileReference; lastKnownFileType = sourcecode.swift; path = PreferenceStoreKey.swift; sourceTree = "<group>"; };
		5503ADBA2A37C886006E6C79 /* AppStorage+.swift */ = {isa = PBXFileReference; lastKnownFileType = sourcecode.swift; path = "AppStorage+.swift"; sourceTree = "<group>"; };
		5503ADBC2A37C8B3006E6C79 /* PreferenceStore.swift */ = {isa = PBXFileReference; lastKnownFileType = sourcecode.swift; path = PreferenceStore.swift; sourceTree = "<group>"; };
		5503ADBF2A37C8DD006E6C79 /* DependencyType.swift */ = {isa = PBXFileReference; lastKnownFileType = sourcecode.swift; path = DependencyType.swift; sourceTree = "<group>"; };
		5503ADC12A37C8F0006E6C79 /* DependencyContainer.swift */ = {isa = PBXFileReference; lastKnownFileType = sourcecode.swift; path = DependencyContainer.swift; sourceTree = "<group>"; };
		5503ADC32A37C914006E6C79 /* DependencyProvider.swift */ = {isa = PBXFileReference; lastKnownFileType = sourcecode.swift; path = DependencyProvider.swift; sourceTree = "<group>"; };
		5503ADC72A37C9DA006E6C79 /* tivBibleData.json */ = {isa = PBXFileReference; fileEncoding = 4; lastKnownFileType = text.json; path = tivBibleData.json; sourceTree = "<group>"; };
		5503ADCA2A37C9F4006E6C79 /* GentiumPlus-Bold.ttf */ = {isa = PBXFileReference; lastKnownFileType = file; path = "GentiumPlus-Bold.ttf"; sourceTree = "<group>"; };
		5503ADCB2A37C9F4006E6C79 /* GentiumPlus-BoldItalic.ttf */ = {isa = PBXFileReference; lastKnownFileType = file; path = "GentiumPlus-BoldItalic.ttf"; sourceTree = "<group>"; };
		5503ADCC2A37C9F4006E6C79 /* GentiumPlus-Italic.ttf */ = {isa = PBXFileReference; lastKnownFileType = file; path = "GentiumPlus-Italic.ttf"; sourceTree = "<group>"; };
		5503ADCD2A37C9F4006E6C79 /* GentiumPlus-Regular.ttf */ = {isa = PBXFileReference; lastKnownFileType = file; path = "GentiumPlus-Regular.ttf"; sourceTree = "<group>"; };
		5503ADD32A37CA38006E6C79 /* Info.plist */ = {isa = PBXFileReference; lastKnownFileType = text.plist.xml; path = Info.plist; sourceTree = "<group>"; };
		5503ADD62A37CACE006E6C79 /* SetupScreen.swift */ = {isa = PBXFileReference; lastKnownFileType = sourcecode.swift; path = SetupScreen.swift; sourceTree = "<group>"; };
		5503ADD82A37CB5D006E6C79 /* SetupViewModel.swift */ = {isa = PBXFileReference; lastKnownFileType = sourcecode.swift; path = SetupViewModel.swift; sourceTree = "<group>"; };
		551D0B152A3CDE5B00449307 /* VerseTapActionsView.swift */ = {isa = PBXFileReference; lastKnownFileType = sourcecode.swift; path = VerseTapActionsView.swift; sourceTree = "<group>"; };
		551D0B192A3CE8F200449307 /* VerseTapAction.swift */ = {isa = PBXFileReference; lastKnownFileType = sourcecode.swift; path = VerseTapAction.swift; sourceTree = "<group>"; };
		551D0B1B2A3CF41A00449307 /* RoundedCornersShape.swift */ = {isa = PBXFileReference; lastKnownFileType = sourcecode.swift; path = RoundedCornersShape.swift; sourceTree = "<group>"; };
		551D0B1D2A3CF50E00449307 /* IconTextView.swift */ = {isa = PBXFileReference; lastKnownFileType = sourcecode.swift; path = IconTextView.swift; sourceTree = "<group>"; };
		551D0B1F2A3CF54B00449307 /* IconTextButton.swift */ = {isa = PBXFileReference; lastKnownFileType = sourcecode.swift; path = IconTextButton.swift; sourceTree = "<group>"; };
		552BB2632A409DC800BB3A86 /* ColorHex.swift */ = {isa = PBXFileReference; lastKnownFileType = sourcecode.swift; path = ColorHex.swift; sourceTree = "<group>"; };
		552BB2682A40E75200BB3A86 /* NotesScreen.swift */ = {isa = PBXFileReference; lastKnownFileType = sourcecode.swift; path = NotesScreen.swift; sourceTree = "<group>"; };
		552BB26A2A41707500BB3A86 /* NoteToken.swift */ = {isa = PBXFileReference; lastKnownFileType = sourcecode.swift; path = NoteToken.swift; sourceTree = "<group>"; };
		552BB26C2A41851700BB3A86 /* Note.swift */ = {isa = PBXFileReference; lastKnownFileType = sourcecode.swift; path = Note.swift; sourceTree = "<group>"; };
		555576CB2A38DBE100DF230E /* ReaderScreen.swift */ = {isa = PBXFileReference; lastKnownFileType = sourcecode.swift; path = ReaderScreen.swift; sourceTree = "<group>"; };
		555576CD2A38DBF100DF230E /* SettingsScreen.swift */ = {isa = PBXFileReference; lastKnownFileType = sourcecode.swift; path = SettingsScreen.swift; sourceTree = "<group>"; };
		555576CF2A38DBF900DF230E /* MiscScreen.swift */ = {isa = PBXFileReference; lastKnownFileType = sourcecode.swift; path = MiscScreen.swift; sourceTree = "<group>"; };
		555576D12A38DC2200DF230E /* MainContentScreen.swift */ = {isa = PBXFileReference; lastKnownFileType = sourcecode.swift; path = MainContentScreen.swift; sourceTree = "<group>"; };
		555576D32A392B6F00DF230E /* ReaderViewModel.swift */ = {isa = PBXFileReference; lastKnownFileType = sourcecode.swift; path = ReaderViewModel.swift; sourceTree = "<group>"; };
		55E42F802A38830300DBB619 /* String+.swift */ = {isa = PBXFileReference; lastKnownFileType = sourcecode.swift; path = "String+.swift"; sourceTree = "<group>"; };
/* End PBXFileReference section */

/* Begin PBXFrameworksBuildPhase section */
		5503AD6F2A37BF50006E6C79 /* Frameworks */ = {
			isa = PBXFrameworksBuildPhase;
			buildActionMask = 2147483647;
			files = (
				552BB2672A40C24000BB3A86 /* AlertToast in Frameworks */,
			);
			runOnlyForDeploymentPostprocessing = 0;
		};
		5503AD812A37BF51006E6C79 /* Frameworks */ = {
			isa = PBXFrameworksBuildPhase;
			buildActionMask = 2147483647;
			files = (
			);
			runOnlyForDeploymentPostprocessing = 0;
		};
		5503AD8B2A37BF51006E6C79 /* Frameworks */ = {
			isa = PBXFrameworksBuildPhase;
			buildActionMask = 2147483647;
			files = (
			);
			runOnlyForDeploymentPostprocessing = 0;
		};
/* End PBXFrameworksBuildPhase section */

/* Begin PBXGroup section */
		5503AD692A37BF50006E6C79 = {
			isa = PBXGroup;
			children = (
				5503AD742A37BF50006E6C79 /* TivBible */,
				5503AD872A37BF51006E6C79 /* TivBibleTests */,
				5503AD912A37BF51006E6C79 /* TivBibleUITests */,
				5503AD732A37BF50006E6C79 /* Products */,
			);
			sourceTree = "<group>";
		};
		5503AD732A37BF50006E6C79 /* Products */ = {
			isa = PBXGroup;
			children = (
				5503AD722A37BF50006E6C79 /* TivBible.app */,
				5503AD842A37BF51006E6C79 /* TivBibleTests.xctest */,
				5503AD8E2A37BF51006E6C79 /* TivBibleUITests.xctest */,
			);
			name = Products;
			sourceTree = "<group>";
		};
		5503AD742A37BF50006E6C79 /* TivBible */ = {
			isa = PBXGroup;
			children = (
				5503ADC52A37C975006E6C79 /* App */,
				5503ADD42A37CA8A006E6C79 /* Features */,
				5503ADBE2A37C8CC006E6C79 /* DI */,
				5503ADC62A37C9B3006E6C79 /* Resources */,
				5503ADB72A37C848006E6C79 /* PreferenceStore */,
				5503ADAA2A37C74F006E6C79 /* Extensions */,
				5503ADA12A37C06B006E6C79 /* Models */,
				5503AD7B2A37BF50006E6C79 /* Preview Content */,
			);
			path = TivBible;
			sourceTree = "<group>";
		};
		5503AD7B2A37BF50006E6C79 /* Preview Content */ = {
			isa = PBXGroup;
			children = (
				5503AD7C2A37BF50006E6C79 /* Preview Assets.xcassets */,
			);
			path = "Preview Content";
			sourceTree = "<group>";
		};
		5503AD872A37BF51006E6C79 /* TivBibleTests */ = {
			isa = PBXGroup;
			children = (
				5503AD882A37BF51006E6C79 /* TivBibleTests.swift */,
			);
			path = TivBibleTests;
			sourceTree = "<group>";
		};
		5503AD912A37BF51006E6C79 /* TivBibleUITests */ = {
			isa = PBXGroup;
			children = (
				5503AD922A37BF51006E6C79 /* TivBibleUITests.swift */,
				5503AD942A37BF51006E6C79 /* TivBibleUITestsLaunchTests.swift */,
			);
			path = TivBibleUITests;
			sourceTree = "<group>";
		};
		5503ADA12A37C06B006E6C79 /* Models */ = {
			isa = PBXGroup;
			children = (
				551D0B192A3CE8F200449307 /* VerseTapAction.swift */,
				5503ADA22A37C077006E6C79 /* TivBibleData.swift */,
				5503ADA62A37C09E006E6C79 /* Book.swift */,
				5503ADA42A37C095006E6C79 /* Chapter.swift */,
				5503ADA82A37C0A8006E6C79 /* Verse.swift */,
				5503ADB32A37C7D9006E6C79 /* TivBibleError.swift */,
				552BB2632A409DC800BB3A86 /* ColorHex.swift */,
				552BB26A2A41707500BB3A86 /* NoteToken.swift */,
				552BB26C2A41851700BB3A86 /* Note.swift */,
			);
			path = Models;
			sourceTree = "<group>";
		};
		5503ADAA2A37C74F006E6C79 /* Extensions */ = {
			isa = PBXGroup;
			children = (
				5503ADAB2A37C762006E6C79 /* Data+.swift */,
				5503ADAD2A37C776006E6C79 /* View+.swift */,
				5503ADAF2A37C79C006E6C79 /* Color+.swift */,
				5503ADB12A37C7B9006E6C79 /* Font+.swift */,
				5503ADB52A37C7F8006E6C79 /* Code+.swift */,
				55E42F802A38830300DBB619 /* String+.swift */,
			);
			path = Extensions;
			sourceTree = "<group>";
		};
		5503ADB72A37C848006E6C79 /* PreferenceStore */ = {
			isa = PBXGroup;
			children = (
				5503ADB82A37C857006E6C79 /* PreferenceStoreKey.swift */,
				5503ADBA2A37C886006E6C79 /* AppStorage+.swift */,
				5503ADBC2A37C8B3006E6C79 /* PreferenceStore.swift */,
			);
			path = PreferenceStore;
			sourceTree = "<group>";
		};
		5503ADBE2A37C8CC006E6C79 /* DI */ = {
			isa = PBXGroup;
			children = (
				5503ADBF2A37C8DD006E6C79 /* DependencyType.swift */,
				5503ADC12A37C8F0006E6C79 /* DependencyContainer.swift */,
				5503ADC32A37C914006E6C79 /* DependencyProvider.swift */,
			);
			path = DI;
			sourceTree = "<group>";
		};
		5503ADC52A37C975006E6C79 /* App */ = {
			isa = PBXGroup;
			children = (
				5503AD752A37BF50006E6C79 /* TivBibleApp.swift */,
			);
			path = App;
			sourceTree = "<group>";
		};
		5503ADC62A37C9B3006E6C79 /* Resources */ = {
			isa = PBXGroup;
			children = (
				5503ADC92A37C9E4006E6C79 /* Fonts */,
				5503ADD32A37CA38006E6C79 /* Info.plist */,
				5503ADC72A37C9DA006E6C79 /* tivBibleData.json */,
				5503AD792A37BF50006E6C79 /* Assets.xcassets */,
			);
			path = Resources;
			sourceTree = "<group>";
		};
		5503ADC92A37C9E4006E6C79 /* Fonts */ = {
			isa = PBXGroup;
			children = (
				5503ADD22A37CA07006E6C79 /* GentiumPlus */,
			);
			path = Fonts;
			sourceTree = "<group>";
		};
		5503ADD22A37CA07006E6C79 /* GentiumPlus */ = {
			isa = PBXGroup;
			children = (
				5503ADCA2A37C9F4006E6C79 /* GentiumPlus-Bold.ttf */,
				5503ADCB2A37C9F4006E6C79 /* GentiumPlus-BoldItalic.ttf */,
				5503ADCC2A37C9F4006E6C79 /* GentiumPlus-Italic.ttf */,
				5503ADCD2A37C9F4006E6C79 /* GentiumPlus-Regular.ttf */,
			);
			path = GentiumPlus;
			sourceTree = "<group>";
		};
		5503ADD42A37CA8A006E6C79 /* Features */ = {
			isa = PBXGroup;
			children = (
				551D0B172A3CE65300449307 /* Utilities */,
				555576CA2A38DB8500DF230E /* Reader */,
				555576C92A38DB7E00DF230E /* Settings */,
				555576C82A38DB4900DF230E /* Misc */,
				55E42F822A38A04D00DBB619 /* MainTabs */,
				5503ADD52A37CA9E006E6C79 /* Setup */,
			);
			path = Features;
			sourceTree = "<group>";
		};
		5503ADD52A37CA9E006E6C79 /* Setup */ = {
			isa = PBXGroup;
			children = (
				5503ADD62A37CACE006E6C79 /* SetupScreen.swift */,
				5503ADD82A37CB5D006E6C79 /* SetupViewModel.swift */,
			);
			path = Setup;
			sourceTree = "<group>";
		};
		551D0B142A3CDE3600449307 /* Views */ = {
			isa = PBXGroup;
			children = (
				551D0B152A3CDE5B00449307 /* VerseTapActionsView.swift */,
			);
			path = Views;
			sourceTree = "<group>";
		};
		551D0B172A3CE65300449307 /* Utilities */ = {
			isa = PBXGroup;
			children = (
				551D0B182A3CE65E00449307 /* Views */,
			);
			path = Utilities;
			sourceTree = "<group>";
		};
		551D0B182A3CE65E00449307 /* Views */ = {
			isa = PBXGroup;
			children = (
				551D0B1B2A3CF41A00449307 /* RoundedCornersShape.swift */,
				551D0B1D2A3CF50E00449307 /* IconTextView.swift */,
				551D0B1F2A3CF54B00449307 /* IconTextButton.swift */,
			);
			path = Views;
			sourceTree = "<group>";
		};
		555576C82A38DB4900DF230E /* Misc */ = {
			isa = PBXGroup;
			children = (
				555576CF2A38DBF900DF230E /* MiscScreen.swift */,
			);
			path = Misc;
			sourceTree = "<group>";
		};
		555576C92A38DB7E00DF230E /* Settings */ = {
			isa = PBXGroup;
			children = (
				555576CD2A38DBF100DF230E /* SettingsScreen.swift */,
			);
			path = Settings;
			sourceTree = "<group>";
		};
		555576CA2A38DB8500DF230E /* Reader */ = {
			isa = PBXGroup;
			children = (
				551D0B142A3CDE3600449307 /* Views */,
				555576CB2A38DBE100DF230E /* ReaderScreen.swift */,
				555576D32A392B6F00DF230E /* ReaderViewModel.swift */,
				552BB2682A40E75200BB3A86 /* NotesScreen.swift */,
			);
			path = Reader;
			sourceTree = "<group>";
		};
		55E42F822A38A04D00DBB619 /* MainTabs */ = {
			isa = PBXGroup;
			children = (
				555576D12A38DC2200DF230E /* MainContentScreen.swift */,
			);
			path = MainTabs;
			sourceTree = "<group>";
		};
/* End PBXGroup section */

/* Begin PBXNativeTarget section */
		5503AD712A37BF50006E6C79 /* TivBible */ = {
			isa = PBXNativeTarget;
			buildConfigurationList = 5503AD982A37BF51006E6C79 /* Build configuration list for PBXNativeTarget "TivBible" */;
			buildPhases = (
				5503AD6E2A37BF50006E6C79 /* Sources */,
				5503AD6F2A37BF50006E6C79 /* Frameworks */,
				5503AD702A37BF50006E6C79 /* Resources */,
			);
			buildRules = (
			);
			dependencies = (
			);
			name = TivBible;
			packageProductDependencies = (
				552BB2662A40C24000BB3A86 /* AlertToast */,
			);
			productName = TivBible;
			productReference = 5503AD722A37BF50006E6C79 /* TivBible.app */;
			productType = "com.apple.product-type.application";
		};
		5503AD832A37BF51006E6C79 /* TivBibleTests */ = {
			isa = PBXNativeTarget;
			buildConfigurationList = 5503AD9B2A37BF51006E6C79 /* Build configuration list for PBXNativeTarget "TivBibleTests" */;
			buildPhases = (
				5503AD802A37BF51006E6C79 /* Sources */,
				5503AD812A37BF51006E6C79 /* Frameworks */,
				5503AD822A37BF51006E6C79 /* Resources */,
			);
			buildRules = (
			);
			dependencies = (
				5503AD862A37BF51006E6C79 /* PBXTargetDependency */,
			);
			name = TivBibleTests;
			productName = TivBibleTests;
			productReference = 5503AD842A37BF51006E6C79 /* TivBibleTests.xctest */;
			productType = "com.apple.product-type.bundle.unit-test";
		};
		5503AD8D2A37BF51006E6C79 /* TivBibleUITests */ = {
			isa = PBXNativeTarget;
			buildConfigurationList = 5503AD9E2A37BF51006E6C79 /* Build configuration list for PBXNativeTarget "TivBibleUITests" */;
			buildPhases = (
				5503AD8A2A37BF51006E6C79 /* Sources */,
				5503AD8B2A37BF51006E6C79 /* Frameworks */,
				5503AD8C2A37BF51006E6C79 /* Resources */,
			);
			buildRules = (
			);
			dependencies = (
				5503AD902A37BF51006E6C79 /* PBXTargetDependency */,
			);
			name = TivBibleUITests;
			productName = TivBibleUITests;
			productReference = 5503AD8E2A37BF51006E6C79 /* TivBibleUITests.xctest */;
			productType = "com.apple.product-type.bundle.ui-testing";
		};
/* End PBXNativeTarget section */

/* Begin PBXProject section */
		5503AD6A2A37BF50006E6C79 /* Project object */ = {
			isa = PBXProject;
			attributes = {
				BuildIndependentTargetsInParallel = 1;
				LastSwiftUpdateCheck = 1500;
				LastUpgradeCheck = 1500;
				TargetAttributes = {
					5503AD712A37BF50006E6C79 = {
						CreatedOnToolsVersion = 15.0;
					};
					5503AD832A37BF51006E6C79 = {
						CreatedOnToolsVersion = 15.0;
						TestTargetID = 5503AD712A37BF50006E6C79;
					};
					5503AD8D2A37BF51006E6C79 = {
						CreatedOnToolsVersion = 15.0;
						TestTargetID = 5503AD712A37BF50006E6C79;
					};
				};
			};
			buildConfigurationList = 5503AD6D2A37BF50006E6C79 /* Build configuration list for PBXProject "TivBible" */;
			compatibilityVersion = "Xcode 14.0";
			developmentRegion = en;
			hasScannedForEncodings = 0;
			knownRegions = (
				en,
				Base,
			);
			mainGroup = 5503AD692A37BF50006E6C79;
			packageReferences = (
				552BB2652A40C24000BB3A86 /* XCRemoteSwiftPackageReference "AlertToast" */,
			);
			productRefGroup = 5503AD732A37BF50006E6C79 /* Products */;
			projectDirPath = "";
			projectRoot = "";
			targets = (
				5503AD712A37BF50006E6C79 /* TivBible */,
				5503AD832A37BF51006E6C79 /* TivBibleTests */,
				5503AD8D2A37BF51006E6C79 /* TivBibleUITests */,
			);
		};
/* End PBXProject section */

/* Begin PBXResourcesBuildPhase section */
		5503AD702A37BF50006E6C79 /* Resources */ = {
			isa = PBXResourcesBuildPhase;
			buildActionMask = 2147483647;
			files = (
				5503AD7D2A37BF50006E6C79 /* Preview Assets.xcassets in Resources */,
				5503ADC82A37C9DA006E6C79 /* tivBibleData.json in Resources */,
				5503ADD02A37C9F4006E6C79 /* GentiumPlus-Italic.ttf in Resources */,
				5503ADD12A37C9F4006E6C79 /* GentiumPlus-Regular.ttf in Resources */,
				5503AD7A2A37BF50006E6C79 /* Assets.xcassets in Resources */,
				5503ADCF2A37C9F4006E6C79 /* GentiumPlus-BoldItalic.ttf in Resources */,
				5503ADCE2A37C9F4006E6C79 /* GentiumPlus-Bold.ttf in Resources */,
			);
			runOnlyForDeploymentPostprocessing = 0;
		};
		5503AD822A37BF51006E6C79 /* Resources */ = {
			isa = PBXResourcesBuildPhase;
			buildActionMask = 2147483647;
			files = (
			);
			runOnlyForDeploymentPostprocessing = 0;
		};
		5503AD8C2A37BF51006E6C79 /* Resources */ = {
			isa = PBXResourcesBuildPhase;
			buildActionMask = 2147483647;
			files = (
			);
			runOnlyForDeploymentPostprocessing = 0;
		};
/* End PBXResourcesBuildPhase section */

/* Begin PBXSourcesBuildPhase section */
		5503AD6E2A37BF50006E6C79 /* Sources */ = {
			isa = PBXSourcesBuildPhase;
			buildActionMask = 2147483647;
			files = (
				5503ADB92A37C857006E6C79 /* PreferenceStoreKey.swift in Sources */,
				5503ADA92A37C0A8006E6C79 /* Verse.swift in Sources */,
				5503ADB22A37C7B9006E6C79 /* Font+.swift in Sources */,
				5503ADB02A37C79C006E6C79 /* Color+.swift in Sources */,
				5503ADD92A37CB5D006E6C79 /* SetupViewModel.swift in Sources */,
				551D0B1C2A3CF41A00449307 /* RoundedCornersShape.swift in Sources */,
				551D0B1A2A3CE8F200449307 /* VerseTapAction.swift in Sources */,
				5503ADBB2A37C886006E6C79 /* AppStorage+.swift in Sources */,
				551D0B1E2A3CF50E00449307 /* IconTextView.swift in Sources */,
				5503ADA32A37C077006E6C79 /* TivBibleData.swift in Sources */,
				5503ADA52A37C095006E6C79 /* Chapter.swift in Sources */,
				5503ADAC2A37C762006E6C79 /* Data+.swift in Sources */,
				5503ADAE2A37C776006E6C79 /* View+.swift in Sources */,
				5503ADA72A37C09E006E6C79 /* Book.swift in Sources */,
				5503ADC42A37C914006E6C79 /* DependencyProvider.swift in Sources */,
				5503ADB62A37C7F8006E6C79 /* Code+.swift in Sources */,
				5503ADD72A37CACE006E6C79 /* SetupScreen.swift in Sources */,
				555576D02A38DBF900DF230E /* MiscScreen.swift in Sources */,
				5503ADBD2A37C8B3006E6C79 /* PreferenceStore.swift in Sources */,
				551D0B202A3CF54B00449307 /* IconTextButton.swift in Sources */,
				555576D42A392B6F00DF230E /* ReaderViewModel.swift in Sources */,
				552BB26D2A41851700BB3A86 /* Note.swift in Sources */,
				552BB2692A40E75200BB3A86 /* NotesScreen.swift in Sources */,
				551D0B162A3CDE5B00449307 /* VerseTapActionsView.swift in Sources */,
				555576CE2A38DBF100DF230E /* SettingsScreen.swift in Sources */,
				552BB26B2A41707500BB3A86 /* NoteToken.swift in Sources */,
				5503ADC02A37C8DD006E6C79 /* DependencyType.swift in Sources */,
				5503ADB42A37C7D9006E6C79 /* TivBibleError.swift in Sources */,
				552BB2642A409DC800BB3A86 /* ColorHex.swift in Sources */,
				55E42F812A38830300DBB619 /* String+.swift in Sources */,
				555576D22A38DC2200DF230E /* MainContentScreen.swift in Sources */,
				5503ADC22A37C8F0006E6C79 /* DependencyContainer.swift in Sources */,
				555576CC2A38DBE100DF230E /* ReaderScreen.swift in Sources */,
				5503AD762A37BF50006E6C79 /* TivBibleApp.swift in Sources */,
			);
			runOnlyForDeploymentPostprocessing = 0;
		};
		5503AD802A37BF51006E6C79 /* Sources */ = {
			isa = PBXSourcesBuildPhase;
			buildActionMask = 2147483647;
			files = (
				5503AD892A37BF51006E6C79 /* TivBibleTests.swift in Sources */,
			);
			runOnlyForDeploymentPostprocessing = 0;
		};
		5503AD8A2A37BF51006E6C79 /* Sources */ = {
			isa = PBXSourcesBuildPhase;
			buildActionMask = 2147483647;
			files = (
				5503AD952A37BF51006E6C79 /* TivBibleUITestsLaunchTests.swift in Sources */,
				5503AD932A37BF51006E6C79 /* TivBibleUITests.swift in Sources */,
			);
			runOnlyForDeploymentPostprocessing = 0;
		};
/* End PBXSourcesBuildPhase section */

/* Begin PBXTargetDependency section */
		5503AD862A37BF51006E6C79 /* PBXTargetDependency */ = {
			isa = PBXTargetDependency;
			target = 5503AD712A37BF50006E6C79 /* TivBible */;
			targetProxy = 5503AD852A37BF51006E6C79 /* PBXContainerItemProxy */;
		};
		5503AD902A37BF51006E6C79 /* PBXTargetDependency */ = {
			isa = PBXTargetDependency;
			target = 5503AD712A37BF50006E6C79 /* TivBible */;
			targetProxy = 5503AD8F2A37BF51006E6C79 /* PBXContainerItemProxy */;
		};
/* End PBXTargetDependency section */

/* Begin XCBuildConfiguration section */
		5503AD962A37BF51006E6C79 /* Debug */ = {
			isa = XCBuildConfiguration;
			buildSettings = {
				ALWAYS_SEARCH_USER_PATHS = NO;
				ASSETCATALOG_COMPILER_GENERATE_SWIFT_ASSET_SYMBOL_EXTENSIONS = YES;
				CLANG_ANALYZER_NONNULL = YES;
				CLANG_ANALYZER_NUMBER_OBJECT_CONVERSION = YES_AGGRESSIVE;
				CLANG_CXX_LANGUAGE_STANDARD = "gnu++20";
				CLANG_ENABLE_MODULES = YES;
				CLANG_ENABLE_OBJC_ARC = YES;
				CLANG_ENABLE_OBJC_WEAK = YES;
				CLANG_WARN_BLOCK_CAPTURE_AUTORELEASING = YES;
				CLANG_WARN_BOOL_CONVERSION = YES;
				CLANG_WARN_COMMA = YES;
				CLANG_WARN_CONSTANT_CONVERSION = YES;
				CLANG_WARN_DEPRECATED_OBJC_IMPLEMENTATIONS = YES;
				CLANG_WARN_DIRECT_OBJC_ISA_USAGE = YES_ERROR;
				CLANG_WARN_DOCUMENTATION_COMMENTS = YES;
				CLANG_WARN_EMPTY_BODY = YES;
				CLANG_WARN_ENUM_CONVERSION = YES;
				CLANG_WARN_INFINITE_RECURSION = YES;
				CLANG_WARN_INT_CONVERSION = YES;
				CLANG_WARN_NON_LITERAL_NULL_CONVERSION = YES;
				CLANG_WARN_OBJC_IMPLICIT_RETAIN_SELF = YES;
				CLANG_WARN_OBJC_LITERAL_CONVERSION = YES;
				CLANG_WARN_OBJC_ROOT_CLASS = YES_ERROR;
				CLANG_WARN_QUOTED_INCLUDE_IN_FRAMEWORK_HEADER = YES;
				CLANG_WARN_RANGE_LOOP_ANALYSIS = YES;
				CLANG_WARN_STRICT_PROTOTYPES = YES;
				CLANG_WARN_SUSPICIOUS_MOVE = YES;
				CLANG_WARN_UNGUARDED_AVAILABILITY = YES_AGGRESSIVE;
				CLANG_WARN_UNREACHABLE_CODE = YES;
				CLANG_WARN__DUPLICATE_METHOD_MATCH = YES;
				COPY_PHASE_STRIP = NO;
				DEBUG_INFORMATION_FORMAT = dwarf;
				ENABLE_STRICT_OBJC_MSGSEND = YES;
				ENABLE_TESTABILITY = YES;
				ENABLE_USER_SCRIPT_SANDBOXING = YES;
				GCC_C_LANGUAGE_STANDARD = gnu17;
				GCC_DYNAMIC_NO_PIC = NO;
				GCC_NO_COMMON_BLOCKS = YES;
				GCC_OPTIMIZATION_LEVEL = 0;
				GCC_PREPROCESSOR_DEFINITIONS = (
					"DEBUG=1",
					"$(inherited)",
				);
				GCC_WARN_64_TO_32_BIT_CONVERSION = YES;
				GCC_WARN_ABOUT_RETURN_TYPE = YES_ERROR;
				GCC_WARN_UNDECLARED_SELECTOR = YES;
				GCC_WARN_UNINITIALIZED_AUTOS = YES_AGGRESSIVE;
				GCC_WARN_UNUSED_FUNCTION = YES;
				GCC_WARN_UNUSED_VARIABLE = YES;
				IPHONEOS_DEPLOYMENT_TARGET = 17.0;
				LOCALIZATION_PREFERS_STRING_CATALOGS = YES;
				MTL_ENABLE_DEBUG_INFO = INCLUDE_SOURCE;
				MTL_FAST_MATH = YES;
				ONLY_ACTIVE_ARCH = YES;
				SDKROOT = iphoneos;
				SWIFT_ACTIVE_COMPILATION_CONDITIONS = "DEBUG $(inherited)";
				SWIFT_OPTIMIZATION_LEVEL = "-Onone";
			};
			name = Debug;
		};
		5503AD972A37BF51006E6C79 /* Release */ = {
			isa = XCBuildConfiguration;
			buildSettings = {
				ALWAYS_SEARCH_USER_PATHS = NO;
				ASSETCATALOG_COMPILER_GENERATE_SWIFT_ASSET_SYMBOL_EXTENSIONS = YES;
				CLANG_ANALYZER_NONNULL = YES;
				CLANG_ANALYZER_NUMBER_OBJECT_CONVERSION = YES_AGGRESSIVE;
				CLANG_CXX_LANGUAGE_STANDARD = "gnu++20";
				CLANG_ENABLE_MODULES = YES;
				CLANG_ENABLE_OBJC_ARC = YES;
				CLANG_ENABLE_OBJC_WEAK = YES;
				CLANG_WARN_BLOCK_CAPTURE_AUTORELEASING = YES;
				CLANG_WARN_BOOL_CONVERSION = YES;
				CLANG_WARN_COMMA = YES;
				CLANG_WARN_CONSTANT_CONVERSION = YES;
				CLANG_WARN_DEPRECATED_OBJC_IMPLEMENTATIONS = YES;
				CLANG_WARN_DIRECT_OBJC_ISA_USAGE = YES_ERROR;
				CLANG_WARN_DOCUMENTATION_COMMENTS = YES;
				CLANG_WARN_EMPTY_BODY = YES;
				CLANG_WARN_ENUM_CONVERSION = YES;
				CLANG_WARN_INFINITE_RECURSION = YES;
				CLANG_WARN_INT_CONVERSION = YES;
				CLANG_WARN_NON_LITERAL_NULL_CONVERSION = YES;
				CLANG_WARN_OBJC_IMPLICIT_RETAIN_SELF = YES;
				CLANG_WARN_OBJC_LITERAL_CONVERSION = YES;
				CLANG_WARN_OBJC_ROOT_CLASS = YES_ERROR;
				CLANG_WARN_QUOTED_INCLUDE_IN_FRAMEWORK_HEADER = YES;
				CLANG_WARN_RANGE_LOOP_ANALYSIS = YES;
				CLANG_WARN_STRICT_PROTOTYPES = YES;
				CLANG_WARN_SUSPICIOUS_MOVE = YES;
				CLANG_WARN_UNGUARDED_AVAILABILITY = YES_AGGRESSIVE;
				CLANG_WARN_UNREACHABLE_CODE = YES;
				CLANG_WARN__DUPLICATE_METHOD_MATCH = YES;
				COPY_PHASE_STRIP = NO;
				DEBUG_INFORMATION_FORMAT = "dwarf-with-dsym";
				ENABLE_NS_ASSERTIONS = NO;
				ENABLE_STRICT_OBJC_MSGSEND = YES;
				ENABLE_USER_SCRIPT_SANDBOXING = YES;
				GCC_C_LANGUAGE_STANDARD = gnu17;
				GCC_NO_COMMON_BLOCKS = YES;
				GCC_WARN_64_TO_32_BIT_CONVERSION = YES;
				GCC_WARN_ABOUT_RETURN_TYPE = YES_ERROR;
				GCC_WARN_UNDECLARED_SELECTOR = YES;
				GCC_WARN_UNINITIALIZED_AUTOS = YES_AGGRESSIVE;
				GCC_WARN_UNUSED_FUNCTION = YES;
				GCC_WARN_UNUSED_VARIABLE = YES;
				IPHONEOS_DEPLOYMENT_TARGET = 17.0;
				LOCALIZATION_PREFERS_STRING_CATALOGS = YES;
				MTL_ENABLE_DEBUG_INFO = NO;
				MTL_FAST_MATH = YES;
				SDKROOT = iphoneos;
				SWIFT_COMPILATION_MODE = wholemodule;
				VALIDATE_PRODUCT = YES;
			};
			name = Release;
		};
		5503AD992A37BF51006E6C79 /* Debug */ = {
			isa = XCBuildConfiguration;
			buildSettings = {
				ASSETCATALOG_COMPILER_APPICON_NAME = AppIcon;
				ASSETCATALOG_COMPILER_GLOBAL_ACCENT_COLOR_NAME = AccentColor;
				CODE_SIGN_STYLE = Automatic;
				CURRENT_PROJECT_VERSION = 1;
				DEVELOPMENT_ASSET_PATHS = "\"TivBible/Preview Content\"";
				DEVELOPMENT_TEAM = 3W6S8FM5ZF;
				ENABLE_PREVIEWS = YES;
				GENERATE_INFOPLIST_FILE = YES;
				INFOPLIST_FILE = TivBible/Resources/Info.plist;
				INFOPLIST_KEY_CFBundleDisplayName = "Tiv Bible";
				INFOPLIST_KEY_UIApplicationSceneManifest_Generation = YES;
				INFOPLIST_KEY_UIApplicationSupportsIndirectInputEvents = YES;
				INFOPLIST_KEY_UILaunchScreen_Generation = YES;
				INFOPLIST_KEY_UISupportedInterfaceOrientations_iPad = "UIInterfaceOrientationPortrait UIInterfaceOrientationPortraitUpsideDown UIInterfaceOrientationLandscapeLeft UIInterfaceOrientationLandscapeRight";
				INFOPLIST_KEY_UISupportedInterfaceOrientations_iPhone = "UIInterfaceOrientationPortrait UIInterfaceOrientationLandscapeLeft UIInterfaceOrientationLandscapeRight";
				LD_RUNPATH_SEARCH_PATHS = (
					"$(inherited)",
					"@executable_path/Frameworks",
				);
				MARKETING_VERSION = 1.0;
				PRODUCT_BUNDLE_IDENTIFIER = com.iniongungroup.mobile.ios.TivBible;
				PRODUCT_NAME = "$(TARGET_NAME)";
				SWIFT_EMIT_LOC_STRINGS = YES;
				SWIFT_VERSION = 5.0;
				TARGETED_DEVICE_FAMILY = "1,2";
			};
			name = Debug;
		};
		5503AD9A2A37BF51006E6C79 /* Release */ = {
			isa = XCBuildConfiguration;
			buildSettings = {
				ASSETCATALOG_COMPILER_APPICON_NAME = AppIcon;
				ASSETCATALOG_COMPILER_GLOBAL_ACCENT_COLOR_NAME = AccentColor;
				CODE_SIGN_STYLE = Automatic;
				CURRENT_PROJECT_VERSION = 1;
				DEVELOPMENT_ASSET_PATHS = "\"TivBible/Preview Content\"";
				DEVELOPMENT_TEAM = 3W6S8FM5ZF;
				ENABLE_PREVIEWS = YES;
				GENERATE_INFOPLIST_FILE = YES;
				INFOPLIST_FILE = TivBible/Resources/Info.plist;
				INFOPLIST_KEY_CFBundleDisplayName = "Tiv Bible";
				INFOPLIST_KEY_UIApplicationSceneManifest_Generation = YES;
				INFOPLIST_KEY_UIApplicationSupportsIndirectInputEvents = YES;
				INFOPLIST_KEY_UILaunchScreen_Generation = YES;
				INFOPLIST_KEY_UISupportedInterfaceOrientations_iPad = "UIInterfaceOrientationPortrait UIInterfaceOrientationPortraitUpsideDown UIInterfaceOrientationLandscapeLeft UIInterfaceOrientationLandscapeRight";
				INFOPLIST_KEY_UISupportedInterfaceOrientations_iPhone = "UIInterfaceOrientationPortrait UIInterfaceOrientationLandscapeLeft UIInterfaceOrientationLandscapeRight";
				LD_RUNPATH_SEARCH_PATHS = (
					"$(inherited)",
					"@executable_path/Frameworks",
				);
				MARKETING_VERSION = 1.0;
				PRODUCT_BUNDLE_IDENTIFIER = com.iniongungroup.mobile.ios.TivBible;
				PRODUCT_NAME = "$(TARGET_NAME)";
				SWIFT_EMIT_LOC_STRINGS = YES;
				SWIFT_VERSION = 5.0;
				TARGETED_DEVICE_FAMILY = "1,2";
			};
			name = Release;
		};
		5503AD9C2A37BF51006E6C79 /* Debug */ = {
			isa = XCBuildConfiguration;
			buildSettings = {
				ALWAYS_EMBED_SWIFT_STANDARD_LIBRARIES = YES;
				BUNDLE_LOADER = "$(TEST_HOST)";
				CODE_SIGN_STYLE = Automatic;
				CURRENT_PROJECT_VERSION = 1;
				DEVELOPMENT_TEAM = 3W6S8FM5ZF;
				GENERATE_INFOPLIST_FILE = YES;
				IPHONEOS_DEPLOYMENT_TARGET = 17.0;
				MARKETING_VERSION = 1.0;
				PRODUCT_BUNDLE_IDENTIFIER = com.iniongungroup.mobile.ios.TivBibleTests;
				PRODUCT_NAME = "$(TARGET_NAME)";
				SWIFT_EMIT_LOC_STRINGS = NO;
				SWIFT_VERSION = 5.0;
				TARGETED_DEVICE_FAMILY = "1,2";
				TEST_HOST = "$(BUILT_PRODUCTS_DIR)/TivBible.app/$(BUNDLE_EXECUTABLE_FOLDER_PATH)/TivBible";
			};
			name = Debug;
		};
		5503AD9D2A37BF51006E6C79 /* Release */ = {
			isa = XCBuildConfiguration;
			buildSettings = {
				ALWAYS_EMBED_SWIFT_STANDARD_LIBRARIES = YES;
				BUNDLE_LOADER = "$(TEST_HOST)";
				CODE_SIGN_STYLE = Automatic;
				CURRENT_PROJECT_VERSION = 1;
				DEVELOPMENT_TEAM = 3W6S8FM5ZF;
				GENERATE_INFOPLIST_FILE = YES;
				IPHONEOS_DEPLOYMENT_TARGET = 17.0;
				MARKETING_VERSION = 1.0;
				PRODUCT_BUNDLE_IDENTIFIER = com.iniongungroup.mobile.ios.TivBibleTests;
				PRODUCT_NAME = "$(TARGET_NAME)";
				SWIFT_EMIT_LOC_STRINGS = NO;
				SWIFT_VERSION = 5.0;
				TARGETED_DEVICE_FAMILY = "1,2";
				TEST_HOST = "$(BUILT_PRODUCTS_DIR)/TivBible.app/$(BUNDLE_EXECUTABLE_FOLDER_PATH)/TivBible";
			};
			name = Release;
		};
		5503AD9F2A37BF51006E6C79 /* Debug */ = {
			isa = XCBuildConfiguration;
			buildSettings = {
				ALWAYS_EMBED_SWIFT_STANDARD_LIBRARIES = YES;
				CODE_SIGN_STYLE = Automatic;
				CURRENT_PROJECT_VERSION = 1;
				DEVELOPMENT_TEAM = 3W6S8FM5ZF;
				GENERATE_INFOPLIST_FILE = YES;
				MARKETING_VERSION = 1.0;
				PRODUCT_BUNDLE_IDENTIFIER = com.iniongungroup.mobile.ios.TivBibleUITests;
				PRODUCT_NAME = "$(TARGET_NAME)";
				SWIFT_EMIT_LOC_STRINGS = NO;
				SWIFT_VERSION = 5.0;
				TARGETED_DEVICE_FAMILY = "1,2";
				TEST_TARGET_NAME = TivBible;
			};
			name = Debug;
		};
		5503ADA02A37BF51006E6C79 /* Release */ = {
			isa = XCBuildConfiguration;
			buildSettings = {
				ALWAYS_EMBED_SWIFT_STANDARD_LIBRARIES = YES;
				CODE_SIGN_STYLE = Automatic;
				CURRENT_PROJECT_VERSION = 1;
				DEVELOPMENT_TEAM = 3W6S8FM5ZF;
				GENERATE_INFOPLIST_FILE = YES;
				MARKETING_VERSION = 1.0;
				PRODUCT_BUNDLE_IDENTIFIER = com.iniongungroup.mobile.ios.TivBibleUITests;
				PRODUCT_NAME = "$(TARGET_NAME)";
				SWIFT_EMIT_LOC_STRINGS = NO;
				SWIFT_VERSION = 5.0;
				TARGETED_DEVICE_FAMILY = "1,2";
				TEST_TARGET_NAME = TivBible;
			};
			name = Release;
		};
/* End XCBuildConfiguration section */

/* Begin XCConfigurationList section */
		5503AD6D2A37BF50006E6C79 /* Build configuration list for PBXProject "TivBible" */ = {
			isa = XCConfigurationList;
			buildConfigurations = (
				5503AD962A37BF51006E6C79 /* Debug */,
				5503AD972A37BF51006E6C79 /* Release */,
			);
			defaultConfigurationIsVisible = 0;
			defaultConfigurationName = Release;
		};
		5503AD982A37BF51006E6C79 /* Build configuration list for PBXNativeTarget "TivBible" */ = {
			isa = XCConfigurationList;
			buildConfigurations = (
				5503AD992A37BF51006E6C79 /* Debug */,
				5503AD9A2A37BF51006E6C79 /* Release */,
			);
			defaultConfigurationIsVisible = 0;
			defaultConfigurationName = Release;
		};
		5503AD9B2A37BF51006E6C79 /* Build configuration list for PBXNativeTarget "TivBibleTests" */ = {
			isa = XCConfigurationList;
			buildConfigurations = (
				5503AD9C2A37BF51006E6C79 /* Debug */,
				5503AD9D2A37BF51006E6C79 /* Release */,
			);
			defaultConfigurationIsVisible = 0;
			defaultConfigurationName = Release;
		};
		5503AD9E2A37BF51006E6C79 /* Build configuration list for PBXNativeTarget "TivBibleUITests" */ = {
			isa = XCConfigurationList;
			buildConfigurations = (
				5503AD9F2A37BF51006E6C79 /* Debug */,
				5503ADA02A37BF51006E6C79 /* Release */,
			);
			defaultConfigurationIsVisible = 0;
			defaultConfigurationName = Release;
		};
/* End XCConfigurationList section */

/* Begin XCRemoteSwiftPackageReference section */
		552BB2652A40C24000BB3A86 /* XCRemoteSwiftPackageReference "AlertToast" */ = {
			isa = XCRemoteSwiftPackageReference;
			repositoryURL = "https://github.com/elai950/AlertToast.git";
			requirement = {
				branch = master;
				kind = branch;
			};
		};
/* End XCRemoteSwiftPackageReference section */

/* Begin XCSwiftPackageProductDependency section */
		552BB2662A40C24000BB3A86 /* AlertToast */ = {
			isa = XCSwiftPackageProductDependency;
			package = 552BB2652A40C24000BB3A86 /* XCRemoteSwiftPackageReference "AlertToast" */;
			productName = AlertToast;
		};
/* End XCSwiftPackageProductDependency section */
	};
	rootObject = 5503AD6A2A37BF50006E6C79 /* Project object */;
}
