// !$*UTF8*$!
{
	archiveVersion = 1;
	classes = {
	};
	objectVersion = 56;
	objects = {

/* Begin PBXBuildFile section */
		5503AD762A37BF50006E6C79 /* TivBibleApp.swift in Sources */ = {isa = PBXBuildFile; fileRef = 5503AD752A37BF50006E6C79 /* TivBibleApp.swift */; };
		5503AD782A37BF50006E6C79 /* ContentView.swift in Sources */ = {isa = PBXBuildFile; fileRef = 5503AD772A37BF50006E6C79 /* ContentView.swift */; };
		5503AD7A2A37BF50006E6C79 /* Assets.xcassets in Resources */ = {isa = PBXBuildFile; fileRef = 5503AD792A37BF50006E6C79 /* Assets.xcassets */; };
		5503AD7D2A37BF50006E6C79 /* Preview Assets.xcassets in Resources */ = {isa = PBXBuildFile; fileRef = 5503AD7C2A37BF50006E6C79 /* Preview Assets.xcassets */; };
		5503AD7F2A37BF50006E6C79 /* Item.swift in Sources */ = {isa = PBXBuildFile; fileRef = 5503AD7E2A37BF50006E6C79 /* Item.swift */; };
		5503AD892A37BF51006E6C79 /* TivBibleTests.swift in Sources */ = {isa = PBXBuildFile; fileRef = 5503AD882A37BF51006E6C79 /* TivBibleTests.swift */; };
		5503AD932A37BF51006E6C79 /* TivBibleUITests.swift in Sources */ = {isa = PBXBuildFile; fileRef = 5503AD922A37BF51006E6C79 /* TivBibleUITests.swift */; };
		5503AD952A37BF51006E6C79 /* TivBibleUITestsLaunchTests.swift in Sources */ = {isa = PBXBuildFile; fileRef = 5503AD942A37BF51006E6C79 /* TivBibleUITestsLaunchTests.swift */; };
/* End PBXBuildFile section */

/* Begin PBXContainerItemProxy section */
		5503AD852A37BF51006E6C79 /* PBXContainerItemProxy */ = {
			isa = PBXContainerItemProxy;
			containerPortal = 5503AD6A2A37BF50006E6C79 /* Project object */;
			proxyType = 1;
			remoteGlobalIDString = 5503AD712A37BF50006E6C79;
			remoteInfo = TivBible;
		};
		5503AD8F2A37BF51006E6C79 /* PBXContainerItemProxy */ = {
			isa = PBXContainerItemProxy;
			containerPortal = 5503AD6A2A37BF50006E6C79 /* Project object */;
			proxyType = 1;
			remoteGlobalIDString = 5503AD712A37BF50006E6C79;
			remoteInfo = TivBible;
		};
/* End PBXContainerItemProxy section */

/* Begin PBXFileReference section */
		5503AD722A37BF50006E6C79 /* TivBible.app */ = {isa = PBXFileReference; explicitFileType = wrapper.application; includeInIndex = 0; path = TivBible.app; sourceTree = BUILT_PRODUCTS_DIR; };
		5503AD752A37BF50006E6C79 /* TivBibleApp.swift */ = {isa = PBXFileReference; lastKnownFileType = sourcecode.swift; path = TivBibleApp.swift; sourceTree = "<group>"; };
		5503AD772A37BF50006E6C79 /* ContentView.swift */ = {isa = PBXFileReference; lastKnownFileType = sourcecode.swift; path = ContentView.swift; sourceTree = "<group>"; };
		5503AD792A37BF50006E6C79 /* Assets.xcassets */ = {isa = PBXFileReference; lastKnownFileType = folder.assetcatalog; path = Assets.xcassets; sourceTree = "<group>"; };
		5503AD7C2A37BF50006E6C79 /* Preview Assets.xcassets */ = {isa = PBXFileReference; lastKnownFileType = folder.assetcatalog; path = "Preview Assets.xcassets"; sourceTree = "<group>"; };
		5503AD7E2A37BF50006E6C79 /* Item.swift */ = {isa = PBXFileReference; lastKnownFileType = sourcecode.swift; path = Item.swift; sourceTree = "<group>"; };
		5503AD842A37BF51006E6C79 /* TivBibleTests.xctest */ = {isa = PBXFileReference; explicitFileType = wrapper.cfbundle; includeInIndex = 0; path = TivBibleTests.xctest; sourceTree = BUILT_PRODUCTS_DIR; };
		5503AD882A37BF51006E6C79 /* TivBibleTests.swift */ = {isa = PBXFileReference; lastKnownFileType = sourcecode.swift; path = TivBibleTests.swift; sourceTree = "<group>"; };
		5503AD8E2A37BF51006E6C79 /* TivBibleUITests.xctest */ = {isa = PBXFileReference; explicitFileType = wrapper.cfbundle; includeInIndex = 0; path = TivBibleUITests.xctest; sourceTree = BUILT_PRODUCTS_DIR; };
		5503AD922A37BF51006E6C79 /* TivBibleUITests.swift */ = {isa = PBXFileReference; lastKnownFileType = sourcecode.swift; path = TivBibleUITests.swift; sourceTree = "<group>"; };
		5503AD942A37BF51006E6C79 /* TivBibleUITestsLaunchTests.swift */ = {isa = PBXFileReference; lastKnownFileType = sourcecode.swift; path = TivBibleUITestsLaunchTests.swift; sourceTree = "<group>"; };
/* End PBXFileReference section */

/* Begin PBXFrameworksBuildPhase section */
		5503AD6F2A37BF50006E6C79 /* Frameworks */ = {
			isa = PBXFrameworksBuildPhase;
			buildActionMask = 2147483647;
			files = (
			);
			runOnlyForDeploymentPostprocessing = 0;
		};
		5503AD812A37BF51006E6C79 /* Frameworks */ = {
			isa = PBXFrameworksBuildPhase;
			buildActionMask = 2147483647;
			files = (
			);
			runOnlyForDeploymentPostprocessing = 0;
		};
		5503AD8B2A37BF51006E6C79 /* Frameworks */ = {
			isa = PBXFrameworksBuildPhase;
			buildActionMask = 2147483647;
			files = (
			);
			runOnlyForDeploymentPostprocessing = 0;
		};
/* End PBXFrameworksBuildPhase section */

/* Begin PBXGroup section */
		5503AD692A37BF50006E6C79 = {
			isa = PBXGroup;
			children = (
				5503AD742A37BF50006E6C79 /* TivBible */,
				5503AD872A37BF51006E6C79 /* TivBibleTests */,
				5503AD912A37BF51006E6C79 /* TivBibleUITests */,
				5503AD732A37BF50006E6C79 /* Products */,
			);
			sourceTree = "<group>";
		};
		5503AD732A37BF50006E6C79 /* Products */ = {
			isa = PBXGroup;
			children = (
				5503AD722A37BF50006E6C79 /* TivBible.app */,
				5503AD842A37BF51006E6C79 /* TivBibleTests.xctest */,
				5503AD8E2A37BF51006E6C79 /* TivBibleUITests.xctest */,
			);
			name = Products;
			sourceTree = "<group>";
		};
		5503AD742A37BF50006E6C79 /* TivBible */ = {
			isa = PBXGroup;
			children = (
				5503AD752A37BF50006E6C79 /* TivBibleApp.swift */,
				5503AD772A37BF50006E6C79 /* ContentView.swift */,
				5503AD792A37BF50006E6C79 /* Assets.xcassets */,
				5503AD7E2A37BF50006E6C79 /* Item.swift */,
				5503AD7B2A37BF50006E6C79 /* Preview Content */,
			);
			path = TivBible;
			sourceTree = "<group>";
		};
		5503AD7B2A37BF50006E6C79 /* Preview Content */ = {
			isa = PBXGroup;
			children = (
				5503AD7C2A37BF50006E6C79 /* Preview Assets.xcassets */,
			);
			path = "Preview Content";
			sourceTree = "<group>";
		};
		5503AD872A37BF51006E6C79 /* TivBibleTests */ = {
			isa = PBXGroup;
			children = (
				5503AD882A37BF51006E6C79 /* TivBibleTests.swift */,
			);
			path = TivBibleTests;
			sourceTree = "<group>";
		};
		5503AD912A37BF51006E6C79 /* TivBibleUITests */ = {
			isa = PBXGroup;
			children = (
				5503AD922A37BF51006E6C79 /* TivBibleUITests.swift */,
				5503AD942A37BF51006E6C79 /* TivBibleUITestsLaunchTests.swift */,
			);
			path = TivBibleUITests;
			sourceTree = "<group>";
		};
/* End PBXGroup section */

/* Begin PBXNativeTarget section */
		5503AD712A37BF50006E6C79 /* TivBible */ = {
			isa = PBXNativeTarget;
			buildConfigurationList = 5503AD982A37BF51006E6C79 /* Build configuration list for PBXNativeTarget "TivBible" */;
			buildPhases = (
				5503AD6E2A37BF50006E6C79 /* Sources */,
				5503AD6F2A37BF50006E6C79 /* Frameworks */,
				5503AD702A37BF50006E6C79 /* Resources */,
			);
			buildRules = (
			);
			dependencies = (
			);
			name = TivBible;
			productName = TivBible;
			productReference = 5503AD722A37BF50006E6C79 /* TivBible.app */;
			productType = "com.apple.product-type.application";
		};
		5503AD832A37BF51006E6C79 /* TivBibleTests */ = {
			isa = PBXNativeTarget;
			buildConfigurationList = 5503AD9B2A37BF51006E6C79 /* Build configuration list for PBXNativeTarget "TivBibleTests" */;
			buildPhases = (
				5503AD802A37BF51006E6C79 /* Sources */,
				5503AD812A37BF51006E6C79 /* Frameworks */,
				5503AD822A37BF51006E6C79 /* Resources */,
			);
			buildRules = (
			);
			dependencies = (
				5503AD862A37BF51006E6C79 /* PBXTargetDependency */,
			);
			name = TivBibleTests;
			productName = TivBibleTests;
			productReference = 5503AD842A37BF51006E6C79 /* TivBibleTests.xctest */;
			productType = "com.apple.product-type.bundle.unit-test";
		};
		5503AD8D2A37BF51006E6C79 /* TivBibleUITests */ = {
			isa = PBXNativeTarget;
			buildConfigurationList = 5503AD9E2A37BF51006E6C79 /* Build configuration list for PBXNativeTarget "TivBibleUITests" */;
			buildPhases = (
				5503AD8A2A37BF51006E6C79 /* Sources */,
				5503AD8B2A37BF51006E6C79 /* Frameworks */,
				5503AD8C2A37BF51006E6C79 /* Resources */,
			);
			buildRules = (
			);
			dependencies = (
				5503AD902A37BF51006E6C79 /* PBXTargetDependency */,
			);
			name = TivBibleUITests;
			productName = TivBibleUITests;
			productReference = 5503AD8E2A37BF51006E6C79 /* TivBibleUITests.xctest */;
			productType = "com.apple.product-type.bundle.ui-testing";
		};
/* End PBXNativeTarget section */

/* Begin PBXProject section */
		5503AD6A2A37BF50006E6C79 /* Project object */ = {
			isa = PBXProject;
			attributes = {
				BuildIndependentTargetsInParallel = 1;
				LastSwiftUpdateCheck = 1500;
				LastUpgradeCheck = 1500;
				TargetAttributes = {
					5503AD712A37BF50006E6C79 = {
						CreatedOnToolsVersion = 15.0;
					};
					5503AD832A37BF51006E6C79 = {
						CreatedOnToolsVersion = 15.0;
						TestTargetID = 5503AD712A37BF50006E6C79;
					};
					5503AD8D2A37BF51006E6C79 = {
						CreatedOnToolsVersion = 15.0;
						TestTargetID = 5503AD712A37BF50006E6C79;
					};
				};
			};
			buildConfigurationList = 5503AD6D2A37BF50006E6C79 /* Build configuration list for PBXProject "TivBible" */;
			compatibilityVersion = "Xcode 14.0";
			developmentRegion = en;
			hasScannedForEncodings = 0;
			knownRegions = (
				en,
				Base,
			);
			mainGroup = 5503AD692A37BF50006E6C79;
			productRefGroup = 5503AD732A37BF50006E6C79 /* Products */;
			projectDirPath = "";
			projectRoot = "";
			targets = (
				5503AD712A37BF50006E6C79 /* TivBible */,
				5503AD832A37BF51006E6C79 /* TivBibleTests */,
				5503AD8D2A37BF51006E6C79 /* TivBibleUITests */,
			);
		};
/* End PBXProject section */

/* Begin PBXResourcesBuildPhase section */
		5503AD702A37BF50006E6C79 /* Resources */ = {
			isa = PBXResourcesBuildPhase;
			buildActionMask = 2147483647;
			files = (
				5503AD7D2A37BF50006E6C79 /* Preview Assets.xcassets in Resources */,
				5503AD7A2A37BF50006E6C79 /* Assets.xcassets in Resources */,
			);
			runOnlyForDeploymentPostprocessing = 0;
		};
		5503AD822A37BF51006E6C79 /* Resources */ = {
			isa = PBXResourcesBuildPhase;
			buildActionMask = 2147483647;
			files = (
			);
			runOnlyForDeploymentPostprocessing = 0;
		};
		5503AD8C2A37BF51006E6C79 /* Resources */ = {
			isa = PBXResourcesBuildPhase;
			buildActionMask = 2147483647;
			files = (
			);
			runOnlyForDeploymentPostprocessing = 0;
		};
/* End PBXResourcesBuildPhase section */

/* Begin PBXSourcesBuildPhase section */
		5503AD6E2A37BF50006E6C79 /* Sources */ = {
			isa = PBXSourcesBuildPhase;
			buildActionMask = 2147483647;
			files = (
				5503AD782A37BF50006E6C79 /* ContentView.swift in Sources */,
				5503AD7F2A37BF50006E6C79 /* Item.swift in Sources */,
				5503AD762A37BF50006E6C79 /* TivBibleApp.swift in Sources */,
			);
			runOnlyForDeploymentPostprocessing = 0;
		};
		5503AD802A37BF51006E6C79 /* Sources */ = {
			isa = PBXSourcesBuildPhase;
			buildActionMask = 2147483647;
			files = (
				5503AD892A37BF51006E6C79 /* TivBibleTests.swift in Sources */,
			);
			runOnlyForDeploymentPostprocessing = 0;
		};
		5503AD8A2A37BF51006E6C79 /* Sources */ = {
			isa = PBXSourcesBuildPhase;
			buildActionMask = 2147483647;
			files = (
				5503AD952A37BF51006E6C79 /* TivBibleUITestsLaunchTests.swift in Sources */,
				5503AD932A37BF51006E6C79 /* TivBibleUITests.swift in Sources */,
			);
			runOnlyForDeploymentPostprocessing = 0;
		};
/* End PBXSourcesBuildPhase section */

/* Begin PBXTargetDependency section */
		5503AD862A37BF51006E6C79 /* PBXTargetDependency */ = {
			isa = PBXTargetDependency;
			target = 5503AD712A37BF50006E6C79 /* TivBible */;
			targetProxy = 5503AD852A37BF51006E6C79 /* PBXContainerItemProxy */;
		};
		5503AD902A37BF51006E6C79 /* PBXTargetDependency */ = {
			isa = PBXTargetDependency;
			target = 5503AD712A37BF50006E6C79 /* TivBible */;
			targetProxy = 5503AD8F2A37BF51006E6C79 /* PBXContainerItemProxy */;
		};
/* End PBXTargetDependency section */

/* Begin XCBuildConfiguration section */
		5503AD962A37BF51006E6C79 /* Debug */ = {
			isa = XCBuildConfiguration;
			buildSettings = {
				ALWAYS_SEARCH_USER_PATHS = NO;
				ASSETCATALOG_COMPILER_GENERATE_SWIFT_ASSET_SYMBOL_EXTENSIONS = YES;
				CLANG_ANALYZER_NONNULL = YES;
				CLANG_ANALYZER_NUMBER_OBJECT_CONVERSION = YES_AGGRESSIVE;
				CLANG_CXX_LANGUAGE_STANDARD = "gnu++20";
				CLANG_ENABLE_MODULES = YES;
				CLANG_ENABLE_OBJC_ARC = YES;
				CLANG_ENABLE_OBJC_WEAK = YES;
				CLANG_WARN_BLOCK_CAPTURE_AUTORELEASING = YES;
				CLANG_WARN_BOOL_CONVERSION = YES;
				CLANG_WARN_COMMA = YES;
				CLANG_WARN_CONSTANT_CONVERSION = YES;
				CLANG_WARN_DEPRECATED_OBJC_IMPLEMENTATIONS = YES;
				CLANG_WARN_DIRECT_OBJC_ISA_USAGE = YES_ERROR;
				CLANG_WARN_DOCUMENTATION_COMMENTS = YES;
				CLANG_WARN_EMPTY_BODY = YES;
				CLANG_WARN_ENUM_CONVERSION = YES;
				CLANG_WARN_INFINITE_RECURSION = YES;
				CLANG_WARN_INT_CONVERSION = YES;
				CLANG_WARN_NON_LITERAL_NULL_CONVERSION = YES;
				CLANG_WARN_OBJC_IMPLICIT_RETAIN_SELF = YES;
				CLANG_WARN_OBJC_LITERAL_CONVERSION = YES;
				CLANG_WARN_OBJC_ROOT_CLASS = YES_ERROR;
				CLANG_WARN_QUOTED_INCLUDE_IN_FRAMEWORK_HEADER = YES;
				CLANG_WARN_RANGE_LOOP_ANALYSIS = YES;
				CLANG_WARN_STRICT_PROTOTYPES = YES;
				CLANG_WARN_SUSPICIOUS_MOVE = YES;
				CLANG_WARN_UNGUARDED_AVAILABILITY = YES_AGGRESSIVE;
				CLANG_WARN_UNREACHABLE_CODE = YES;
				CLANG_WARN__DUPLICATE_METHOD_MATCH = YES;
				COPY_PHASE_STRIP = NO;
				DEBUG_INFORMATION_FORMAT = dwarf;
				ENABLE_STRICT_OBJC_MSGSEND = YES;
				ENABLE_TESTABILITY = YES;
				ENABLE_USER_SCRIPT_SANDBOXING = YES;
				GCC_C_LANGUAGE_STANDARD = gnu17;
				GCC_DYNAMIC_NO_PIC = NO;
				GCC_NO_COMMON_BLOCKS = YES;
				GCC_OPTIMIZATION_LEVEL = 0;
				GCC_PREPROCESSOR_DEFINITIONS = (
					"DEBUG=1",
					"$(inherited)",
				);
				GCC_WARN_64_TO_32_BIT_CONVERSION = YES;
				GCC_WARN_ABOUT_RETURN_TYPE = YES_ERROR;
				GCC_WARN_UNDECLARED_SELECTOR = YES;
				GCC_WARN_UNINITIALIZED_AUTOS = YES_AGGRESSIVE;
				GCC_WARN_UNUSED_FUNCTION = YES;
				GCC_WARN_UNUSED_VARIABLE = YES;
				IPHONEOS_DEPLOYMENT_TARGET = 17.0;
				LOCALIZATION_PREFERS_STRING_CATALOGS = YES;
				MTL_ENABLE_DEBUG_INFO = INCLUDE_SOURCE;
				MTL_FAST_MATH = YES;
				ONLY_ACTIVE_ARCH = YES;
				SDKROOT = iphoneos;
				SWIFT_ACTIVE_COMPILATION_CONDITIONS = "DEBUG $(inherited)";
				SWIFT_OPTIMIZATION_LEVEL = "-Onone";
			};
			name = Debug;
		};
		5503AD972A37BF51006E6C79 /* Release */ = {
			isa = XCBuildConfiguration;
			buildSettings = {
				ALWAYS_SEARCH_USER_PATHS = NO;
				ASSETCATALOG_COMPILER_GENERATE_SWIFT_ASSET_SYMBOL_EXTENSIONS = YES;
				CLANG_ANALYZER_NONNULL = YES;
				CLANG_ANALYZER_NUMBER_OBJECT_CONVERSION = YES_AGGRESSIVE;
				CLANG_CXX_LANGUAGE_STANDARD = "gnu++20";
				CLANG_ENABLE_MODULES = YES;
				CLANG_ENABLE_OBJC_ARC = YES;
				CLANG_ENABLE_OBJC_WEAK = YES;
				CLANG_WARN_BLOCK_CAPTURE_AUTORELEASING = YES;
				CLANG_WARN_BOOL_CONVERSION = YES;
				CLANG_WARN_COMMA = YES;
				CLANG_WARN_CONSTANT_CONVERSION = YES;
				CLANG_WARN_DEPRECATED_OBJC_IMPLEMENTATIONS = YES;
				CLANG_WARN_DIRECT_OBJC_ISA_USAGE = YES_ERROR;
				CLANG_WARN_DOCUMENTATION_COMMENTS = YES;
				CLANG_WARN_EMPTY_BODY = YES;
				CLANG_WARN_ENUM_CONVERSION = YES;
				CLANG_WARN_INFINITE_RECURSION = YES;
				CLANG_WARN_INT_CONVERSION = YES;
				CLANG_WARN_NON_LITERAL_NULL_CONVERSION = YES;
				CLANG_WARN_OBJC_IMPLICIT_RETAIN_SELF = YES;
				CLANG_WARN_OBJC_LITERAL_CONVERSION = YES;
				CLANG_WARN_OBJC_ROOT_CLASS = YES_ERROR;
				CLANG_WARN_QUOTED_INCLUDE_IN_FRAMEWORK_HEADER = YES;
				CLANG_WARN_RANGE_LOOP_ANALYSIS = YES;
				CLANG_WARN_STRICT_PROTOTYPES = YES;
				CLANG_WARN_SUSPICIOUS_MOVE = YES;
				CLANG_WARN_UNGUARDED_AVAILABILITY = YES_AGGRESSIVE;
				CLANG_WARN_UNREACHABLE_CODE = YES;
				CLANG_WARN__DUPLICATE_METHOD_MATCH = YES;
				COPY_PHASE_STRIP = NO;
				DEBUG_INFORMATION_FORMAT = "dwarf-with-dsym";
				ENABLE_NS_ASSERTIONS = NO;
				ENABLE_STRICT_OBJC_MSGSEND = YES;
				ENABLE_USER_SCRIPT_SANDBOXING = YES;
				GCC_C_LANGUAGE_STANDARD = gnu17;
				GCC_NO_COMMON_BLOCKS = YES;
				GCC_WARN_64_TO_32_BIT_CONVERSION = YES;
				GCC_WARN_ABOUT_RETURN_TYPE = YES_ERROR;
				GCC_WARN_UNDECLARED_SELECTOR = YES;
				GCC_WARN_UNINITIALIZED_AUTOS = YES_AGGRESSIVE;
				GCC_WARN_UNUSED_FUNCTION = YES;
				GCC_WARN_UNUSED_VARIABLE = YES;
				IPHONEOS_DEPLOYMENT_TARGET = 17.0;
				LOCALIZATION_PREFERS_STRING_CATALOGS = YES;
				MTL_ENABLE_DEBUG_INFO = NO;
				MTL_FAST_MATH = YES;
				SDKROOT = iphoneos;
				SWIFT_COMPILATION_MODE = wholemodule;
				VALIDATE_PRODUCT = YES;
			};
			name = Release;
		};
		5503AD992A37BF51006E6C79 /* Debug */ = {
			isa = XCBuildConfiguration;
			buildSettings = {
				ASSETCATALOG_COMPILER_APPICON_NAME = AppIcon;
				ASSETCATALOG_COMPILER_GLOBAL_ACCENT_COLOR_NAME = AccentColor;
				CODE_SIGN_STYLE = Automatic;
				CURRENT_PROJECT_VERSION = 1;
				DEVELOPMENT_ASSET_PATHS = "\"TivBible/Preview Content\"";
				DEVELOPMENT_TEAM = 3W6S8FM5ZF;
				ENABLE_PREVIEWS = YES;
				GENERATE_INFOPLIST_FILE = YES;
				INFOPLIST_KEY_UIApplicationSceneManifest_Generation = YES;
				INFOPLIST_KEY_UIApplicationSupportsIndirectInputEvents = YES;
				INFOPLIST_KEY_UILaunchScreen_Generation = YES;
				INFOPLIST_KEY_UISupportedInterfaceOrientations_iPad = "UIInterfaceOrientationPortrait UIInterfaceOrientationPortraitUpsideDown UIInterfaceOrientationLandscapeLeft UIInterfaceOrientationLandscapeRight";
				INFOPLIST_KEY_UISupportedInterfaceOrientations_iPhone = "UIInterfaceOrientationPortrait UIInterfaceOrientationLandscapeLeft UIInterfaceOrientationLandscapeRight";
				LD_RUNPATH_SEARCH_PATHS = (
					"$(inherited)",
					"@executable_path/Frameworks",
				);
				MARKETING_VERSION = 1.0;
				PRODUCT_BUNDLE_IDENTIFIER = com.iniongungroup.mobile.ios.TivBible;
				PRODUCT_NAME = "$(TARGET_NAME)";
				SWIFT_EMIT_LOC_STRINGS = YES;
				SWIFT_VERSION = 5.0;
				TARGETED_DEVICE_FAMILY = "1,2";
			};
			name = Debug;
		};
		5503AD9A2A37BF51006E6C79 /* Release */ = {
			isa = XCBuildConfiguration;
			buildSettings = {
				ASSETCATALOG_COMPILER_APPICON_NAME = AppIcon;
				ASSETCATALOG_COMPILER_GLOBAL_ACCENT_COLOR_NAME = AccentColor;
				CODE_SIGN_STYLE = Automatic;
				CURRENT_PROJECT_VERSION = 1;
				DEVELOPMENT_ASSET_PATHS = "\"TivBible/Preview Content\"";
				DEVELOPMENT_TEAM = 3W6S8FM5ZF;
				ENABLE_PREVIEWS = YES;
				GENERATE_INFOPLIST_FILE = YES;
				INFOPLIST_KEY_UIApplicationSceneManifest_Generation = YES;
				INFOPLIST_KEY_UIApplicationSupportsIndirectInputEvents = YES;
				INFOPLIST_KEY_UILaunchScreen_Generation = YES;
				INFOPLIST_KEY_UISupportedInterfaceOrientations_iPad = "UIInterfaceOrientationPortrait UIInterfaceOrientationPortraitUpsideDown UIInterfaceOrientationLandscapeLeft UIInterfaceOrientationLandscapeRight";
				INFOPLIST_KEY_UISupportedInterfaceOrientations_iPhone = "UIInterfaceOrientationPortrait UIInterfaceOrientationLandscapeLeft UIInterfaceOrientationLandscapeRight";
				LD_RUNPATH_SEARCH_PATHS = (
					"$(inherited)",
					"@executable_path/Frameworks",
				);
				MARKETING_VERSION = 1.0;
				PRODUCT_BUNDLE_IDENTIFIER = com.iniongungroup.mobile.ios.TivBible;
				PRODUCT_NAME = "$(TARGET_NAME)";
				SWIFT_EMIT_LOC_STRINGS = YES;
				SWIFT_VERSION = 5.0;
				TARGETED_DEVICE_FAMILY = "1,2";
			};
			name = Release;
		};
		5503AD9C2A37BF51006E6C79 /* Debug */ = {
			isa = XCBuildConfiguration;
			buildSettings = {
				ALWAYS_EMBED_SWIFT_STANDARD_LIBRARIES = YES;
				BUNDLE_LOADER = "$(TEST_HOST)";
				CODE_SIGN_STYLE = Automatic;
				CURRENT_PROJECT_VERSION = 1;
				DEVELOPMENT_TEAM = 3W6S8FM5ZF;
				GENERATE_INFOPLIST_FILE = YES;
				IPHONEOS_DEPLOYMENT_TARGET = 17.0;
				MARKETING_VERSION = 1.0;
				PRODUCT_BUNDLE_IDENTIFIER = com.iniongungroup.mobile.ios.TivBibleTests;
				PRODUCT_NAME = "$(TARGET_NAME)";
				SWIFT_EMIT_LOC_STRINGS = NO;
				SWIFT_VERSION = 5.0;
				TARGETED_DEVICE_FAMILY = "1,2";
				TEST_HOST = "$(BUILT_PRODUCTS_DIR)/TivBible.app/$(BUNDLE_EXECUTABLE_FOLDER_PATH)/TivBible";
			};
			name = Debug;
		};
		5503AD9D2A37BF51006E6C79 /* Release */ = {
			isa = XCBuildConfiguration;
			buildSettings = {
				ALWAYS_EMBED_SWIFT_STANDARD_LIBRARIES = YES;
				BUNDLE_LOADER = "$(TEST_HOST)";
				CODE_SIGN_STYLE = Automatic;
				CURRENT_PROJECT_VERSION = 1;
				DEVELOPMENT_TEAM = 3W6S8FM5ZF;
				GENERATE_INFOPLIST_FILE = YES;
				IPHONEOS_DEPLOYMENT_TARGET = 17.0;
				MARKETING_VERSION = 1.0;
				PRODUCT_BUNDLE_IDENTIFIER = com.iniongungroup.mobile.ios.TivBibleTests;
				PRODUCT_NAME = "$(TARGET_NAME)";
				SWIFT_EMIT_LOC_STRINGS = NO;
				SWIFT_VERSION = 5.0;
				TARGETED_DEVICE_FAMILY = "1,2";
				TEST_HOST = "$(BUILT_PRODUCTS_DIR)/TivBible.app/$(BUNDLE_EXECUTABLE_FOLDER_PATH)/TivBible";
			};
			name = Release;
		};
		5503AD9F2A37BF51006E6C79 /* Debug */ = {
			isa = XCBuildConfiguration;
			buildSettings = {
				ALWAYS_EMBED_SWIFT_STANDARD_LIBRARIES = YES;
				CODE_SIGN_STYLE = Automatic;
				CURRENT_PROJECT_VERSION = 1;
				DEVELOPMENT_TEAM = 3W6S8FM5ZF;
				GENERATE_INFOPLIST_FILE = YES;
				MARKETING_VERSION = 1.0;
				PRODUCT_BUNDLE_IDENTIFIER = com.iniongungroup.mobile.ios.TivBibleUITests;
				PRODUCT_NAME = "$(TARGET_NAME)";
				SWIFT_EMIT_LOC_STRINGS = NO;
				SWIFT_VERSION = 5.0;
				TARGETED_DEVICE_FAMILY = "1,2";
				TEST_TARGET_NAME = TivBible;
			};
			name = Debug;
		};
		5503ADA02A37BF51006E6C79 /* Release */ = {
			isa = XCBuildConfiguration;
			buildSettings = {
				ALWAYS_EMBED_SWIFT_STANDARD_LIBRARIES = YES;
				CODE_SIGN_STYLE = Automatic;
				CURRENT_PROJECT_VERSION = 1;
				DEVELOPMENT_TEAM = 3W6S8FM5ZF;
				GENERATE_INFOPLIST_FILE = YES;
				MARKETING_VERSION = 1.0;
				PRODUCT_BUNDLE_IDENTIFIER = com.iniongungroup.mobile.ios.TivBibleUITests;
				PRODUCT_NAME = "$(TARGET_NAME)";
				SWIFT_EMIT_LOC_STRINGS = NO;
				SWIFT_VERSION = 5.0;
				TARGETED_DEVICE_FAMILY = "1,2";
				TEST_TARGET_NAME = TivBible;
			};
			name = Release;
		};
/* End XCBuildConfiguration section */

/* Begin XCConfigurationList section */
		5503AD6D2A37BF50006E6C79 /* Build configuration list for PBXProject "TivBible" */ = {
			isa = XCConfigurationList;
			buildConfigurations = (
				5503AD962A37BF51006E6C79 /* Debug */,
				5503AD972A37BF51006E6C79 /* Release */,
			);
			defaultConfigurationIsVisible = 0;
			defaultConfigurationName = Release;
		};
		5503AD982A37BF51006E6C79 /* Build configuration list for PBXNativeTarget "TivBible" */ = {
			isa = XCConfigurationList;
			buildConfigurations = (
				5503AD992A37BF51006E6C79 /* Debug */,
				5503AD9A2A37BF51006E6C79 /* Release */,
			);
			defaultConfigurationIsVisible = 0;
			defaultConfigurationName = Release;
		};
		5503AD9B2A37BF51006E6C79 /* Build configuration list for PBXNativeTarget "TivBibleTests" */ = {
			isa = XCConfigurationList;
			buildConfigurations = (
				5503AD9C2A37BF51006E6C79 /* Debug */,
				5503AD9D2A37BF51006E6C79 /* Release */,
			);
			defaultConfigurationIsVisible = 0;
			defaultConfigurationName = Release;
		};
		5503AD9E2A37BF51006E6C79 /* Build configuration list for PBXNativeTarget "TivBibleUITests" */ = {
			isa = XCConfigurationList;
			buildConfigurations = (
				5503AD9F2A37BF51006E6C79 /* Debug */,
				5503ADA02A37BF51006E6C79 /* Release */,
			);
			defaultConfigurationIsVisible = 0;
			defaultConfigurationName = Release;
		};
/* End XCConfigurationList section */
	};
	rootObject = 5503AD6A2A37BF50006E6C79 /* Project object */;
}
