// !$*UTF8*$!
{
	archiveVersion = 1;
	classes = {
	};
	objectVersion = 56;
	objects = {

/* Begin PBXBuildFile section */
		5503AD762A37BF50006E6C79 /* TivBibleApp.swift in Sources */ = {isa = PBXBuildFile; fileRef = 5503AD752A37BF50006E6C79 /* TivBibleApp.swift */; };
		5503AD7A2A37BF50006E6C79 /* Assets.xcassets in Resources */ = {isa = PBXBuildFile; fileRef = 5503AD792A37BF50006E6C79 /* Assets.xcassets */; };
		5503AD7D2A37BF50006E6C79 /* Preview Assets.xcassets in Resources */ = {isa = PBXBuildFile; fileRef = 5503AD7C2A37BF50006E6C79 /* Preview Assets.xcassets */; };
		5503AD892A37BF51006E6C79 /* TivBibleTests.swift in Sources */ = {isa = PBXBuildFile; fileRef = 5503AD882A37BF51006E6C79 /* TivBibleTests.swift */; };
		5503AD932A37BF51006E6C79 /* TivBibleUITests.swift in Sources */ = {isa = PBXBuildFile; fileRef = 5503AD922A37BF51006E6C79 /* TivBibleUITests.swift */; };
		5503AD952A37BF51006E6C79 /* TivBibleUITestsLaunchTests.swift in Sources */ = {isa = PBXBuildFile; fileRef = 5503AD942A37BF51006E6C79 /* TivBibleUITestsLaunchTests.swift */; };
		5503ADA32A37C077006E6C79 /* TivBibleData.swift in Sources */ = {isa = PBXBuildFile; fileRef = 5503ADA22A37C077006E6C79 /* TivBibleData.swift */; };
		5503ADA52A37C095006E6C79 /* Chapter.swift in Sources */ = {isa = PBXBuildFile; fileRef = 5503ADA42A37C095006E6C79 /* Chapter.swift */; };
		5503ADA72A37C09E006E6C79 /* Book.swift in Sources */ = {isa = PBXBuildFile; fileRef = 5503ADA62A37C09E006E6C79 /* Book.swift */; };
		5503ADA92A37C0A8006E6C79 /* Verse.swift in Sources */ = {isa = PBXBuildFile; fileRef = 5503ADA82A37C0A8006E6C79 /* Verse.swift */; };
		5503ADAC2A37C762006E6C79 /* Data+.swift in Sources */ = {isa = PBXBuildFile; fileRef = 5503ADAB2A37C762006E6C79 /* Data+.swift */; };
		5503ADAE2A37C776006E6C79 /* View+.swift in Sources */ = {isa = PBXBuildFile; fileRef = 5503ADAD2A37C776006E6C79 /* View+.swift */; };
		5503ADB02A37C79C006E6C79 /* Color+.swift in Sources */ = {isa = PBXBuildFile; fileRef = 5503ADAF2A37C79C006E6C79 /* Color+.swift */; };
		5503ADB22A37C7B9006E6C79 /* Font+.swift in Sources */ = {isa = PBXBuildFile; fileRef = 5503ADB12A37C7B9006E6C79 /* Font+.swift */; };
		5503ADB42A37C7D9006E6C79 /* TivBibleError.swift in Sources */ = {isa = PBXBuildFile; fileRef = 5503ADB32A37C7D9006E6C79 /* TivBibleError.swift */; };
		5503ADB62A37C7F8006E6C79 /* Code+.swift in Sources */ = {isa = PBXBuildFile; fileRef = 5503ADB52A37C7F8006E6C79 /* Code+.swift */; };
		5503ADB92A37C857006E6C79 /* PreferenceStoreKey.swift in Sources */ = {isa = PBXBuildFile; fileRef = 5503ADB82A37C857006E6C79 /* PreferenceStoreKey.swift */; };
		5503ADBB2A37C886006E6C79 /* AppStorage+.swift in Sources */ = {isa = PBXBuildFile; fileRef = 5503ADBA2A37C886006E6C79 /* AppStorage+.swift */; };
		5503ADBD2A37C8B3006E6C79 /* PreferenceStore.swift in Sources */ = {isa = PBXBuildFile; fileRef = 5503ADBC2A37C8B3006E6C79 /* PreferenceStore.swift */; };
		5503ADC02A37C8DD006E6C79 /* DependencyType.swift in Sources */ = {isa = PBXBuildFile; fileRef = 5503ADBF2A37C8DD006E6C79 /* DependencyType.swift */; };
		5503ADC22A37C8F0006E6C79 /* DependencyContainer.swift in Sources */ = {isa = PBXBuildFile; fileRef = 5503ADC12A37C8F0006E6C79 /* DependencyContainer.swift */; };
		5503ADC42A37C914006E6C79 /* DependencyProvider.swift in Sources */ = {isa = PBXBuildFile; fileRef = 5503ADC32A37C914006E6C79 /* DependencyProvider.swift */; };
		5503ADC82A37C9DA006E6C79 /* tivBibleData.json in Resources */ = {isa = PBXBuildFile; fileRef = 5503ADC72A37C9DA006E6C79 /* tivBibleData.json */; };
		5503ADCE2A37C9F4006E6C79 /* GentiumPlus-Bold.ttf in Resources */ = {isa = PBXBuildFile; fileRef = 5503ADCA2A37C9F4006E6C79 /* GentiumPlus-Bold.ttf */; };
		5503ADCF2A37C9F4006E6C79 /* GentiumPlus-BoldItalic.ttf in Resources */ = {isa = PBXBuildFile; fileRef = 5503ADCB2A37C9F4006E6C79 /* GentiumPlus-BoldItalic.ttf */; };
		5503ADD02A37C9F4006E6C79 /* GentiumPlus-Italic.ttf in Resources */ = {isa = PBXBuildFile; fileRef = 5503ADCC2A37C9F4006E6C79 /* GentiumPlus-Italic.ttf */; };
		5503ADD12A37C9F4006E6C79 /* GentiumPlus-Regular.ttf in Resources */ = {isa = PBXBuildFile; fileRef = 5503ADCD2A37C9F4006E6C79 /* GentiumPlus-Regular.ttf */; };
		5503ADD72A37CACE006E6C79 /* SetupScreen.swift in Sources */ = {isa = PBXBuildFile; fileRef = 5503ADD62A37CACE006E6C79 /* SetupScreen.swift */; };
		5503ADD92A37CB5D006E6C79 /* SetupViewModel.swift in Sources */ = {isa = PBXBuildFile; fileRef = 5503ADD82A37CB5D006E6C79 /* SetupViewModel.swift */; };
		551D0B162A3CDE5B00449307 /* VerseTapActionsView.swift in Sources */ = {isa = PBXBuildFile; fileRef = 551D0B152A3CDE5B00449307 /* VerseTapActionsView.swift */; };
		551D0B1A2A3CE8F200449307 /* VerseTapAction.swift in Sources */ = {isa = PBXBuildFile; fileRef = 551D0B192A3CE8F200449307 /* VerseTapAction.swift */; };
		551D0B1C2A3CF41A00449307 /* RoundedCornersShape.swift in Sources */ = {isa = PBXBuildFile; fileRef = 551D0B1B2A3CF41A00449307 /* RoundedCornersShape.swift */; };
		551D0B1E2A3CF50E00449307 /* IconTextView.swift in Sources */ = {isa = PBXBuildFile; fileRef = 551D0B1D2A3CF50E00449307 /* IconTextView.swift */; };
		551D0B202A3CF54B00449307 /* IconTextButton.swift in Sources */ = {isa = PBXBuildFile; fileRef = 551D0B1F2A3CF54B00449307 /* IconTextButton.swift */; };
		552BB2642A409DC800BB3A86 /* ColorHex.swift in Sources */ = {isa = PBXBuildFile; fileRef = 552BB2632A409DC800BB3A86 /* ColorHex.swift */; };
		552BB2672A40C24000BB3A86 /* AlertToast in Frameworks */ = {isa = PBXBuildFile; productRef = 552BB2662A40C24000BB3A86 /* AlertToast */; };
		552BB2692A40E75200BB3A86 /* TakeNotesScreen.swift in Sources */ = {isa = PBXBuildFile; fileRef = 552BB2682A40E75200BB3A86 /* TakeNotesScreen.swift */; };
		552BB26B2A41707500BB3A86 /* NoteToken.swift in Sources */ = {isa = PBXBuildFile; fileRef = 552BB26A2A41707500BB3A86 /* NoteToken.swift */; };
		552BB26D2A41851700BB3A86 /* Note.swift in Sources */ = {isa = PBXBuildFile; fileRef = 552BB26C2A41851700BB3A86 /* Note.swift */; };
		552BB26F2A41B72500BB3A86 /* FontSizeView.swift in Sources */ = {isa = PBXBuildFile; fileRef = 552BB26E2A41B72500BB3A86 /* FontSizeView.swift */; };
		552BB2712A41C14C00BB3A86 /* FontSizeButton.swift in Sources */ = {isa = PBXBuildFile; fileRef = 552BB2702A41C14C00BB3A86 /* FontSizeButton.swift */; };
		552BB2732A41C1E400BB3A86 /* IconButton.swift in Sources */ = {isa = PBXBuildFile; fileRef = 552BB2722A41C1E400BB3A86 /* IconButton.swift */; };
		552BB2752A41C2CD00BB3A86 /* LineSpacingView.swift in Sources */ = {isa = PBXBuildFile; fileRef = 552BB2742A41C2CD00BB3A86 /* LineSpacingView.swift */; };
		552BB2792A41C9C900BB3A86 /* FontStyleButton.swift in Sources */ = {isa = PBXBuildFile; fileRef = 552BB2782A41C9C900BB3A86 /* FontStyleButton.swift */; };
		552BB27B2A41CC1500BB3A86 /* StylesView.swift in Sources */ = {isa = PBXBuildFile; fileRef = 552BB27A2A41CC1500BB3A86 /* StylesView.swift */; };
		552BB27D2A41CE8300BB3A86 /* AppTheme.swift in Sources */ = {isa = PBXBuildFile; fileRef = 552BB27C2A41CE8300BB3A86 /* AppTheme.swift */; };
		552BB27F2A41CF0A00BB3A86 /* AppThemesView.swift in Sources */ = {isa = PBXBuildFile; fileRef = 552BB27E2A41CF0A00BB3A86 /* AppThemesView.swift */; };
		552BB2812A41E6CD00BB3A86 /* Constants.swift in Sources */ = {isa = PBXBuildFile; fileRef = 552BB2802A41E6CD00BB3A86 /* Constants.swift */; };
		554230222A4C1AFE001EC310 /* MiscListViewModel.swift in Sources */ = {isa = PBXBuildFile; fileRef = 554230212A4C1AFE001EC310 /* MiscListViewModel.swift */; };
		554230242A4C1F6B001EC310 /* MiscListScreen.swift in Sources */ = {isa = PBXBuildFile; fileRef = 554230232A4C1F6B001EC310 /* MiscListScreen.swift */; };
		554230292A4C36C5001EC310 /* NotesScreen.swift in Sources */ = {isa = PBXBuildFile; fileRef = 554230282A4C36C5001EC310 /* NotesScreen.swift */; };
		5542302B2A4C36E4001EC310 /* NotesViewModel.swift in Sources */ = {isa = PBXBuildFile; fileRef = 5542302A2A4C36E4001EC310 /* NotesViewModel.swift */; };
		5542302D2A4C39DD001EC310 /* NoteView.swift in Sources */ = {isa = PBXBuildFile; fileRef = 5542302C2A4C39DD001EC310 /* NoteView.swift */; };
		5542302F2A4D5332001EC310 /* Date+.swift in Sources */ = {isa = PBXBuildFile; fileRef = 5542302E2A4D5332001EC310 /* Date+.swift */; };
		55482F022A50B42B009C3370 /* ApostlesCreedView.swift in Sources */ = {isa = PBXBuildFile; fileRef = 55482F012A50B42B009C3370 /* ApostlesCreedView.swift */; };
		55482F042A50BD96009C3370 /* CommandmentsView.swift in Sources */ = {isa = PBXBuildFile; fileRef = 55482F032A50BD96009C3370 /* CommandmentsView.swift */; };
		55482F062A50C127009C3370 /* TheLordsPrayerView.swift in Sources */ = {isa = PBXBuildFile; fileRef = 55482F052A50C127009C3370 /* TheLordsPrayerView.swift */; };
		55482F082A51713D009C3370 /* README.md in Resources */ = {isa = PBXBuildFile; fileRef = 55482F072A51713D009C3370 /* README.md */; };
		55482F132A518448009C3370 /* atsam_a_ikyenge.json in Resources */ = {isa = PBXBuildFile; fileRef = 55482F122A518448009C3370 /* atsam_a_ikyenge.json */; };
		55482F152A518473009C3370 /* HymnData.swift in Sources */ = {isa = PBXBuildFile; fileRef = 55482F142A518473009C3370 /* HymnData.swift */; };
		55482F172A5185B3009C3370 /* Hymn.swift in Sources */ = {isa = PBXBuildFile; fileRef = 55482F162A5185B3009C3370 /* Hymn.swift */; };
		55482F1B2A518713009C3370 /* HymnsScreen.swift in Sources */ = {isa = PBXBuildFile; fileRef = 55482F1A2A518713009C3370 /* HymnsScreen.swift */; };
		55482F1D2A51889E009C3370 /* HymnsViewModel.swift in Sources */ = {isa = PBXBuildFile; fileRef = 55482F1C2A51889E009C3370 /* HymnsViewModel.swift */; };
		55482F1F2A5196DB009C3370 /* Numbers+.swift in Sources */ = {isa = PBXBuildFile; fileRef = 55482F1E2A5196DB009C3370 /* Numbers+.swift */; };
		5548BE282A48A93500E8974A /* MiscItem.swift in Sources */ = {isa = PBXBuildFile; fileRef = 5548BE272A48A93500E8974A /* MiscItem.swift */; };
		554F798F2A4E2A470096F8FA /* NoteCommentView.swift in Sources */ = {isa = PBXBuildFile; fileRef = 554F798E2A4E2A470096F8FA /* NoteCommentView.swift */; };
		554F79912A4E32880096F8FA /* NoteDetailsView.swift in Sources */ = {isa = PBXBuildFile; fileRef = 554F79902A4E32880096F8FA /* NoteDetailsView.swift */; };
		554F79932A4E40630096F8FA /* IconOnlyButton.swift in Sources */ = {isa = PBXBuildFile; fileRef = 554F79922A4E40630096F8FA /* IconOnlyButton.swift */; };
		55500E522A45ACB70074BC67 /* IsScrolling in Frameworks */ = {isa = PBXBuildFile; productRef = 55500E512A45ACB70074BC67 /* IsScrolling */; };
		55500E552A45B6D40074BC67 /* SearchViewModel.swift in Sources */ = {isa = PBXBuildFile; fileRef = 55500E542A45B6D40074BC67 /* SearchViewModel.swift */; };
		55500E572A45D8D60074BC67 /* SearchScreen.swift in Sources */ = {isa = PBXBuildFile; fileRef = 55500E562A45D8D60074BC67 /* SearchScreen.swift */; };
		55500E5A2A45E4850074BC67 /* EmptyStateView.swift in Sources */ = {isa = PBXBuildFile; fileRef = 55500E592A45E4850074BC67 /* EmptyStateView.swift */; };
		55500E5C2A4664DF0074BC67 /* SearchBooksView.swift in Sources */ = {isa = PBXBuildFile; fileRef = 55500E5B2A4664DF0074BC67 /* SearchBooksView.swift */; };
		55500E5E2A4666950074BC67 /* SearchChaptersView.swift in Sources */ = {isa = PBXBuildFile; fileRef = 55500E5D2A4666950074BC67 /* SearchChaptersView.swift */; };
		55500E602A466B530074BC67 /* SearchResultsView.swift in Sources */ = {isa = PBXBuildFile; fileRef = 55500E5F2A466B530074BC67 /* SearchResultsView.swift */; };
		555576CC2A38DBE100DF230E /* ReaderScreen.swift in Sources */ = {isa = PBXBuildFile; fileRef = 555576CB2A38DBE100DF230E /* ReaderScreen.swift */; };
		555576CE2A38DBF100DF230E /* SettingsScreen.swift in Sources */ = {isa = PBXBuildFile; fileRef = 555576CD2A38DBF100DF230E /* SettingsScreen.swift */; };
		555576D02A38DBF900DF230E /* MiscScreen.swift in Sources */ = {isa = PBXBuildFile; fileRef = 555576CF2A38DBF900DF230E /* MiscScreen.swift */; };
		555576D22A38DC2200DF230E /* MainContentScreen.swift in Sources */ = {isa = PBXBuildFile; fileRef = 555576D12A38DC2200DF230E /* MainContentScreen.swift */; };
		555576D42A392B6F00DF230E /* ReaderViewModel.swift in Sources */ = {isa = PBXBuildFile; fileRef = 555576D32A392B6F00DF230E /* ReaderViewModel.swift */; };
		556D8D702A44971300211481 /* BooksViewModel.swift in Sources */ = {isa = PBXBuildFile; fileRef = 556D8D6F2A44971300211481 /* BooksViewModel.swift */; };
		556D8D722A44974600211481 /* BooksScreen.swift in Sources */ = {isa = PBXBuildFile; fileRef = 556D8D712A44974600211481 /* BooksScreen.swift */; };
		556D8D742A44A29E00211481 /* BookSortType.swift in Sources */ = {isa = PBXBuildFile; fileRef = 556D8D732A44A29E00211481 /* BookSortType.swift */; };
		556D8D772A44B7F400211481 /* BookRowView.swift in Sources */ = {isa = PBXBuildFile; fileRef = 556D8D762A44B7F400211481 /* BookRowView.swift */; };
		55730A0B2A44FF7D008725DA /* DisclosureGroupExpansionHandler.swift in Sources */ = {isa = PBXBuildFile; fileRef = 55730A0A2A44FF7D008725DA /* DisclosureGroupExpansionHandler.swift */; };
		55730A0D2A4514D2008725DA /* NextButton.swift in Sources */ = {isa = PBXBuildFile; fileRef = 55730A0C2A4514D2008725DA /* NextButton.swift */; };
		55862E112A56EAD200DEE5F2 /* MoreScreen.swift in Sources */ = {isa = PBXBuildFile; fileRef = 55862E102A56EAD200DEE5F2 /* MoreScreen.swift */; };
		55937A4C2A51A5AE001E7BDB /* HymnDetailView.swift in Sources */ = {isa = PBXBuildFile; fileRef = 55937A4B2A51A5AE001E7BDB /* HymnDetailView.swift */; };
		5595A5002A4B6F7100270A5B /* MiscItemAction.swift in Sources */ = {isa = PBXBuildFile; fileRef = 5595A4FF2A4B6F7100270A5B /* MiscItemAction.swift */; };
		5595A5022A4B704500270A5B /* MiscItemActionsView.swift in Sources */ = {isa = PBXBuildFile; fileRef = 5595A5012A4B704500270A5B /* MiscItemActionsView.swift */; };
		5595A5042A4B70BF00270A5B /* MiscItemButton.swift in Sources */ = {isa = PBXBuildFile; fileRef = 5595A5032A4B70BF00270A5B /* MiscItemButton.swift */; };
		5595A5062A4BEEBA00270A5B /* TabItem.swift in Sources */ = {isa = PBXBuildFile; fileRef = 5595A5052A4BEEBA00270A5B /* TabItem.swift */; };
		5595A5082A4C020100270A5B /* ToastMessage.swift in Sources */ = {isa = PBXBuildFile; fileRef = 5595A5072A4C020100270A5B /* ToastMessage.swift */; };
		55E42F812A38830300DBB619 /* String+.swift in Sources */ = {isa = PBXBuildFile; fileRef = 55E42F802A38830300DBB619 /* String+.swift */; };
		55EC1FDE2A438BBB00DCA970 /* DeviceKit in Frameworks */ = {isa = PBXBuildFile; productRef = 55EC1FDD2A438BBB00DCA970 /* DeviceKit */; };
		55EC1FE02A438ECD00DCA970 /* LineSpacingType.swift in Sources */ = {isa = PBXBuildFile; fileRef = 55EC1FDF2A438ECD00DCA970 /* LineSpacingType.swift */; };
		55EC1FF42A43BBF700DCA970 /* Poppins-Black.ttf in Resources */ = {isa = PBXBuildFile; fileRef = 55EC1FE22A43BBF600DCA970 /* Poppins-Black.ttf */; };
		55EC1FF52A43BBF700DCA970 /* Poppins-Italic.ttf in Resources */ = {isa = PBXBuildFile; fileRef = 55EC1FE32A43BBF600DCA970 /* Poppins-Italic.ttf */; };
		55EC1FF62A43BBF700DCA970 /* Poppins-ExtraBold.ttf in Resources */ = {isa = PBXBuildFile; fileRef = 55EC1FE42A43BBF600DCA970 /* Poppins-ExtraBold.ttf */; };
		55EC1FF72A43BBF700DCA970 /* Poppins-ExtraBoldItalic.ttf in Resources */ = {isa = PBXBuildFile; fileRef = 55EC1FE52A43BBF600DCA970 /* Poppins-ExtraBoldItalic.ttf */; };
		55EC1FF82A43BBF700DCA970 /* Poppins-MediumItalic.ttf in Resources */ = {isa = PBXBuildFile; fileRef = 55EC1FE62A43BBF600DCA970 /* Poppins-MediumItalic.ttf */; };
		55EC1FF92A43BBF700DCA970 /* Poppins-ExtraLightItalic.ttf in Resources */ = {isa = PBXBuildFile; fileRef = 55EC1FE72A43BBF600DCA970 /* Poppins-ExtraLightItalic.ttf */; };
		55EC1FFA2A43BBF700DCA970 /* Poppins-Light.ttf in Resources */ = {isa = PBXBuildFile; fileRef = 55EC1FE82A43BBF600DCA970 /* Poppins-Light.ttf */; };
		55EC1FFB2A43BBF700DCA970 /* Poppins-Regular.ttf in Resources */ = {isa = PBXBuildFile; fileRef = 55EC1FE92A43BBF600DCA970 /* Poppins-Regular.ttf */; };
		55EC1FFC2A43BBF700DCA970 /* Poppins-SemiBold.ttf in Resources */ = {isa = PBXBuildFile; fileRef = 55EC1FEA2A43BBF700DCA970 /* Poppins-SemiBold.ttf */; };
		55EC1FFD2A43BBF700DCA970 /* Poppins-Medium.ttf in Resources */ = {isa = PBXBuildFile; fileRef = 55EC1FEB2A43BBF700DCA970 /* Poppins-Medium.ttf */; };
		55EC1FFE2A43BBF700DCA970 /* Poppins-BoldItalic.ttf in Resources */ = {isa = PBXBuildFile; fileRef = 55EC1FEC2A43BBF700DCA970 /* Poppins-BoldItalic.ttf */; };
		55EC1FFF2A43BBF700DCA970 /* Poppins-LightItalic.ttf in Resources */ = {isa = PBXBuildFile; fileRef = 55EC1FED2A43BBF700DCA970 /* Poppins-LightItalic.ttf */; };
		55EC20002A43BBF700DCA970 /* Poppins-ThinItalic.ttf in Resources */ = {isa = PBXBuildFile; fileRef = 55EC1FEE2A43BBF700DCA970 /* Poppins-ThinItalic.ttf */; };
		55EC20012A43BBF700DCA970 /* Poppins-Thin.ttf in Resources */ = {isa = PBXBuildFile; fileRef = 55EC1FEF2A43BBF700DCA970 /* Poppins-Thin.ttf */; };
		55EC20022A43BBF700DCA970 /* Poppins-BlackItalic.ttf in Resources */ = {isa = PBXBuildFile; fileRef = 55EC1FF02A43BBF700DCA970 /* Poppins-BlackItalic.ttf */; };
		55EC20032A43BBF700DCA970 /* Poppins-Bold.ttf in Resources */ = {isa = PBXBuildFile; fileRef = 55EC1FF12A43BBF700DCA970 /* Poppins-Bold.ttf */; };
		55EC20042A43BBF700DCA970 /* Poppins-ExtraLight.ttf in Resources */ = {isa = PBXBuildFile; fileRef = 55EC1FF22A43BBF700DCA970 /* Poppins-ExtraLight.ttf */; };
		55EC20052A43BBF700DCA970 /* Poppins-SemiBoldItalic.ttf in Resources */ = {isa = PBXBuildFile; fileRef = 55EC1FF32A43BBF700DCA970 /* Poppins-SemiBoldItalic.ttf */; };
		55EC20092A43BC1300DCA970 /* Baskervville-Regular.ttf in Resources */ = {isa = PBXBuildFile; fileRef = 55EC20072A43BC1300DCA970 /* Baskervville-Regular.ttf */; };
		55EC200A2A43BC1300DCA970 /* Baskervville-Italic.ttf in Resources */ = {isa = PBXBuildFile; fileRef = 55EC20082A43BC1300DCA970 /* Baskervville-Italic.ttf */; };
		55EC20162A43BC3000DCA970 /* Lato-Black.ttf in Resources */ = {isa = PBXBuildFile; fileRef = 55EC200C2A43BC3000DCA970 /* Lato-Black.ttf */; };
		55EC20172A43BC3000DCA970 /* Lato-Italic.ttf in Resources */ = {isa = PBXBuildFile; fileRef = 55EC200D2A43BC3000DCA970 /* Lato-Italic.ttf */; };
		55EC20182A43BC3000DCA970 /* Lato-Thin.ttf in Resources */ = {isa = PBXBuildFile; fileRef = 55EC200E2A43BC3000DCA970 /* Lato-Thin.ttf */; };
		55EC20192A43BC3000DCA970 /* Lato-BlackItalic.ttf in Resources */ = {isa = PBXBuildFile; fileRef = 55EC200F2A43BC3000DCA970 /* Lato-BlackItalic.ttf */; };
		55EC201A2A43BC3000DCA970 /* Lato-BoldItalic.ttf in Resources */ = {isa = PBXBuildFile; fileRef = 55EC20102A43BC3000DCA970 /* Lato-BoldItalic.ttf */; };
		55EC201B2A43BC3000DCA970 /* Lato-Light.ttf in Resources */ = {isa = PBXBuildFile; fileRef = 55EC20112A43BC3000DCA970 /* Lato-Light.ttf */; };
		55EC201C2A43BC3000DCA970 /* Lato-LightItalic.ttf in Resources */ = {isa = PBXBuildFile; fileRef = 55EC20122A43BC3000DCA970 /* Lato-LightItalic.ttf */; };
		55EC201D2A43BC3000DCA970 /* Lato-Regular.ttf in Resources */ = {isa = PBXBuildFile; fileRef = 55EC20132A43BC3000DCA970 /* Lato-Regular.ttf */; };
		55EC201E2A43BC3000DCA970 /* Lato-Bold.ttf in Resources */ = {isa = PBXBuildFile; fileRef = 55EC20142A43BC3000DCA970 /* Lato-Bold.ttf */; };
		55EC201F2A43BC3000DCA970 /* Lato-ThinItalic.ttf in Resources */ = {isa = PBXBuildFile; fileRef = 55EC20152A43BC3000DCA970 /* Lato-ThinItalic.ttf */; };
		55EC203D2A43BD3200DCA970 /* NewYorkLarge-Bold.ttf in Resources */ = {isa = PBXBuildFile; fileRef = 55EC20302A43BD3200DCA970 /* NewYorkLarge-Bold.ttf */; };
		55EC203E2A43BD3200DCA970 /* NewYorkLarge-MediumItalic.ttf in Resources */ = {isa = PBXBuildFile; fileRef = 55EC20312A43BD3200DCA970 /* NewYorkLarge-MediumItalic.ttf */; };
		55EC203F2A43BD3200DCA970 /* NewYorkLarge-Heavy.ttf in Resources */ = {isa = PBXBuildFile; fileRef = 55EC20322A43BD3200DCA970 /* NewYorkLarge-Heavy.ttf */; };
		55EC20402A43BD3200DCA970 /* NewYorkLarge-Black.ttf in Resources */ = {isa = PBXBuildFile; fileRef = 55EC20332A43BD3200DCA970 /* NewYorkLarge-Black.ttf */; };
		55EC20412A43BD3200DCA970 /* NewYorkLarge-Medium.ttf in Resources */ = {isa = PBXBuildFile; fileRef = 55EC20342A43BD3200DCA970 /* NewYorkLarge-Medium.ttf */; };
		55EC20422A43BD3200DCA970 /* NewYorkLarge-BlackItalic.ttf in Resources */ = {isa = PBXBuildFile; fileRef = 55EC20352A43BD3200DCA970 /* NewYorkLarge-BlackItalic.ttf */; };
		55EC20432A43BD3200DCA970 /* NewYorkLarge-RegularItalic.ttf in Resources */ = {isa = PBXBuildFile; fileRef = 55EC20362A43BD3200DCA970 /* NewYorkLarge-RegularItalic.ttf */; };
		55EC20442A43BD3200DCA970 /* NewYorkLarge-SemiboldItalic.ttf in Resources */ = {isa = PBXBuildFile; fileRef = 55EC20372A43BD3200DCA970 /* NewYorkLarge-SemiboldItalic.ttf */; };
		55EC20452A43BD3200DCA970 /* NewYorkLarge-Semibold.ttf in Resources */ = {isa = PBXBuildFile; fileRef = 55EC20382A43BD3200DCA970 /* NewYorkLarge-Semibold.ttf */; };
		55EC20462A43BD3200DCA970 /* NewYorkLarge-Regular.ttf in Resources */ = {isa = PBXBuildFile; fileRef = 55EC20392A43BD3200DCA970 /* NewYorkLarge-Regular.ttf */; };
		55EC20472A43BD3200DCA970 /* NewYorkLarge-HeavyItalic.ttf in Resources */ = {isa = PBXBuildFile; fileRef = 55EC203A2A43BD3200DCA970 /* NewYorkLarge-HeavyItalic.ttf */; };
		55EC20482A43BD3200DCA970 /* NewYorkLarge-BoldItalic.ttf in Resources */ = {isa = PBXBuildFile; fileRef = 55EC203B2A43BD3200DCA970 /* NewYorkLarge-BoldItalic.ttf */; };
		55EC204A2A43C19A00DCA970 /* AppFont.swift in Sources */ = {isa = PBXBuildFile; fileRef = 55EC20492A43C19A00DCA970 /* AppFont.swift */; };
/* End PBXBuildFile section */

/* Begin PBXContainerItemProxy section */
		5503AD852A37BF51006E6C79 /* PBXContainerItemProxy */ = {
			isa = PBXContainerItemProxy;
			containerPortal = 5503AD6A2A37BF50006E6C79 /* Project object */;
			proxyType = 1;
			remoteGlobalIDString = 5503AD712A37BF50006E6C79;
			remoteInfo = TivBible;
		};
		5503AD8F2A37BF51006E6C79 /* PBXContainerItemProxy */ = {
			isa = PBXContainerItemProxy;
			containerPortal = 5503AD6A2A37BF50006E6C79 /* Project object */;
			proxyType = 1;
			remoteGlobalIDString = 5503AD712A37BF50006E6C79;
			remoteInfo = TivBible;
		};
/* End PBXContainerItemProxy section */

/* Begin PBXFileReference section */
		5503AD722A37BF50006E6C79 /* TivBible.app */ = {isa = PBXFileReference; explicitFileType = wrapper.application; includeInIndex = 0; path = TivBible.app; sourceTree = BUILT_PRODUCTS_DIR; };
		5503AD752A37BF50006E6C79 /* TivBibleApp.swift */ = {isa = PBXFileReference; lastKnownFileType = sourcecode.swift; path = TivBibleApp.swift; sourceTree = "<group>"; };
		5503AD792A37BF50006E6C79 /* Assets.xcassets */ = {isa = PBXFileReference; lastKnownFileType = folder.assetcatalog; path = Assets.xcassets; sourceTree = "<group>"; };
		5503AD7C2A37BF50006E6C79 /* Preview Assets.xcassets */ = {isa = PBXFileReference; lastKnownFileType = folder.assetcatalog; path = "Preview Assets.xcassets"; sourceTree = "<group>"; };
		5503AD842A37BF51006E6C79 /* TivBibleTests.xctest */ = {isa = PBXFileReference; explicitFileType = wrapper.cfbundle; includeInIndex = 0; path = TivBibleTests.xctest; sourceTree = BUILT_PRODUCTS_DIR; };
		5503AD882A37BF51006E6C79 /* TivBibleTests.swift */ = {isa = PBXFileReference; lastKnownFileType = sourcecode.swift; path = TivBibleTests.swift; sourceTree = "<group>"; };
		5503AD8E2A37BF51006E6C79 /* TivBibleUITests.xctest */ = {isa = PBXFileReference; explicitFileType = wrapper.cfbundle; includeInIndex = 0; path = TivBibleUITests.xctest; sourceTree = BUILT_PRODUCTS_DIR; };
		5503AD922A37BF51006E6C79 /* TivBibleUITests.swift */ = {isa = PBXFileReference; lastKnownFileType = sourcecode.swift; path = TivBibleUITests.swift; sourceTree = "<group>"; };
		5503AD942A37BF51006E6C79 /* TivBibleUITestsLaunchTests.swift */ = {isa = PBXFileReference; lastKnownFileType = sourcecode.swift; path = TivBibleUITestsLaunchTests.swift; sourceTree = "<group>"; };
		5503ADA22A37C077006E6C79 /* TivBibleData.swift */ = {isa = PBXFileReference; lastKnownFileType = sourcecode.swift; path = TivBibleData.swift; sourceTree = "<group>"; };
		5503ADA42A37C095006E6C79 /* Chapter.swift */ = {isa = PBXFileReference; lastKnownFileType = sourcecode.swift; path = Chapter.swift; sourceTree = "<group>"; };
		5503ADA62A37C09E006E6C79 /* Book.swift */ = {isa = PBXFileReference; lastKnownFileType = sourcecode.swift; path = Book.swift; sourceTree = "<group>"; };
		5503ADA82A37C0A8006E6C79 /* Verse.swift */ = {isa = PBXFileReference; lastKnownFileType = sourcecode.swift; path = Verse.swift; sourceTree = "<group>"; };
		5503ADAB2A37C762006E6C79 /* Data+.swift */ = {isa = PBXFileReference; lastKnownFileType = sourcecode.swift; path = "Data+.swift"; sourceTree = "<group>"; };
		5503ADAD2A37C776006E6C79 /* View+.swift */ = {isa = PBXFileReference; lastKnownFileType = sourcecode.swift; path = "View+.swift"; sourceTree = "<group>"; };
		5503ADAF2A37C79C006E6C79 /* Color+.swift */ = {isa = PBXFileReference; lastKnownFileType = sourcecode.swift; path = "Color+.swift"; sourceTree = "<group>"; };
		5503ADB12A37C7B9006E6C79 /* Font+.swift */ = {isa = PBXFileReference; lastKnownFileType = sourcecode.swift; path = "Font+.swift"; sourceTree = "<group>"; };
		5503ADB32A37C7D9006E6C79 /* TivBibleError.swift */ = {isa = PBXFileReference; lastKnownFileType = sourcecode.swift; path = TivBibleError.swift; sourceTree = "<group>"; };
		5503ADB52A37C7F8006E6C79 /* Code+.swift */ = {isa = PBXFileReference; lastKnownFileType = sourcecode.swift; path = "Code+.swift"; sourceTree = "<group>"; };
		5503ADB82A37C857006E6C79 /* PreferenceStoreKey.swift */ = {isa = PBXFileReference; lastKnownFileType = sourcecode.swift; path = PreferenceStoreKey.swift; sourceTree = "<group>"; };
		5503ADBA2A37C886006E6C79 /* AppStorage+.swift */ = {isa = PBXFileReference; lastKnownFileType = sourcecode.swift; path = "AppStorage+.swift"; sourceTree = "<group>"; };
		5503ADBC2A37C8B3006E6C79 /* PreferenceStore.swift */ = {isa = PBXFileReference; lastKnownFileType = sourcecode.swift; path = PreferenceStore.swift; sourceTree = "<group>"; };
		5503ADBF2A37C8DD006E6C79 /* DependencyType.swift */ = {isa = PBXFileReference; lastKnownFileType = sourcecode.swift; path = DependencyType.swift; sourceTree = "<group>"; };
		5503ADC12A37C8F0006E6C79 /* DependencyContainer.swift */ = {isa = PBXFileReference; lastKnownFileType = sourcecode.swift; path = DependencyContainer.swift; sourceTree = "<group>"; };
		5503ADC32A37C914006E6C79 /* DependencyProvider.swift */ = {isa = PBXFileReference; lastKnownFileType = sourcecode.swift; path = DependencyProvider.swift; sourceTree = "<group>"; };
		5503ADC72A37C9DA006E6C79 /* tivBibleData.json */ = {isa = PBXFileReference; fileEncoding = 4; lastKnownFileType = text.json; path = tivBibleData.json; sourceTree = "<group>"; };
		5503ADCA2A37C9F4006E6C79 /* GentiumPlus-Bold.ttf */ = {isa = PBXFileReference; lastKnownFileType = file; path = "GentiumPlus-Bold.ttf"; sourceTree = "<group>"; };
		5503ADCB2A37C9F4006E6C79 /* GentiumPlus-BoldItalic.ttf */ = {isa = PBXFileReference; lastKnownFileType = file; path = "GentiumPlus-BoldItalic.ttf"; sourceTree = "<group>"; };
		5503ADCC2A37C9F4006E6C79 /* GentiumPlus-Italic.ttf */ = {isa = PBXFileReference; lastKnownFileType = file; path = "GentiumPlus-Italic.ttf"; sourceTree = "<group>"; };
		5503ADCD2A37C9F4006E6C79 /* GentiumPlus-Regular.ttf */ = {isa = PBXFileReference; lastKnownFileType = file; path = "GentiumPlus-Regular.ttf"; sourceTree = "<group>"; };
		5503ADD32A37CA38006E6C79 /* Info.plist */ = {isa = PBXFileReference; lastKnownFileType = text.plist.xml; path = Info.plist; sourceTree = "<group>"; };
		5503ADD62A37CACE006E6C79 /* SetupScreen.swift */ = {isa = PBXFileReference; lastKnownFileType = sourcecode.swift; path = SetupScreen.swift; sourceTree = "<group>"; };
		5503ADD82A37CB5D006E6C79 /* SetupViewModel.swift */ = {isa = PBXFileReference; lastKnownFileType = sourcecode.swift; path = SetupViewModel.swift; sourceTree = "<group>"; };
		551D0B152A3CDE5B00449307 /* VerseTapActionsView.swift */ = {isa = PBXFileReference; lastKnownFileType = sourcecode.swift; path = VerseTapActionsView.swift; sourceTree = "<group>"; };
		551D0B192A3CE8F200449307 /* VerseTapAction.swift */ = {isa = PBXFileReference; lastKnownFileType = sourcecode.swift; path = VerseTapAction.swift; sourceTree = "<group>"; };
		551D0B1B2A3CF41A00449307 /* RoundedCornersShape.swift */ = {isa = PBXFileReference; lastKnownFileType = sourcecode.swift; path = RoundedCornersShape.swift; sourceTree = "<group>"; };
		551D0B1D2A3CF50E00449307 /* IconTextView.swift */ = {isa = PBXFileReference; lastKnownFileType = sourcecode.swift; path = IconTextView.swift; sourceTree = "<group>"; };
		551D0B1F2A3CF54B00449307 /* IconTextButton.swift */ = {isa = PBXFileReference; lastKnownFileType = sourcecode.swift; path = IconTextButton.swift; sourceTree = "<group>"; };
		552BB2632A409DC800BB3A86 /* ColorHex.swift */ = {isa = PBXFileReference; lastKnownFileType = sourcecode.swift; path = ColorHex.swift; sourceTree = "<group>"; };
		552BB2682A40E75200BB3A86 /* TakeNotesScreen.swift */ = {isa = PBXFileReference; lastKnownFileType = sourcecode.swift; path = TakeNotesScreen.swift; sourceTree = "<group>"; };
		552BB26A2A41707500BB3A86 /* NoteToken.swift */ = {isa = PBXFileReference; lastKnownFileType = sourcecode.swift; path = NoteToken.swift; sourceTree = "<group>"; };
		552BB26C2A41851700BB3A86 /* Note.swift */ = {isa = PBXFileReference; lastKnownFileType = sourcecode.swift; path = Note.swift; sourceTree = "<group>"; };
		552BB26E2A41B72500BB3A86 /* FontSizeView.swift */ = {isa = PBXFileReference; lastKnownFileType = sourcecode.swift; path = FontSizeView.swift; sourceTree = "<group>"; };
		552BB2702A41C14C00BB3A86 /* FontSizeButton.swift */ = {isa = PBXFileReference; lastKnownFileType = sourcecode.swift; path = FontSizeButton.swift; sourceTree = "<group>"; };
		552BB2722A41C1E400BB3A86 /* IconButton.swift */ = {isa = PBXFileReference; lastKnownFileType = sourcecode.swift; path = IconButton.swift; sourceTree = "<group>"; };
		552BB2742A41C2CD00BB3A86 /* LineSpacingView.swift */ = {isa = PBXFileReference; lastKnownFileType = sourcecode.swift; path = LineSpacingView.swift; sourceTree = "<group>"; };
		552BB2782A41C9C900BB3A86 /* FontStyleButton.swift */ = {isa = PBXFileReference; lastKnownFileType = sourcecode.swift; path = FontStyleButton.swift; sourceTree = "<group>"; };
		552BB27A2A41CC1500BB3A86 /* StylesView.swift */ = {isa = PBXFileReference; lastKnownFileType = sourcecode.swift; path = StylesView.swift; sourceTree = "<group>"; };
		552BB27C2A41CE8300BB3A86 /* AppTheme.swift */ = {isa = PBXFileReference; lastKnownFileType = sourcecode.swift; path = AppTheme.swift; sourceTree = "<group>"; };
		552BB27E2A41CF0A00BB3A86 /* AppThemesView.swift */ = {isa = PBXFileReference; lastKnownFileType = sourcecode.swift; path = AppThemesView.swift; sourceTree = "<group>"; };
		552BB2802A41E6CD00BB3A86 /* Constants.swift */ = {isa = PBXFileReference; lastKnownFileType = sourcecode.swift; path = Constants.swift; sourceTree = "<group>"; };
		554230212A4C1AFE001EC310 /* MiscListViewModel.swift */ = {isa = PBXFileReference; lastKnownFileType = sourcecode.swift; path = MiscListViewModel.swift; sourceTree = "<group>"; };
		554230232A4C1F6B001EC310 /* MiscListScreen.swift */ = {isa = PBXFileReference; lastKnownFileType = sourcecode.swift; path = MiscListScreen.swift; sourceTree = "<group>"; };
		554230282A4C36C5001EC310 /* NotesScreen.swift */ = {isa = PBXFileReference; lastKnownFileType = sourcecode.swift; path = NotesScreen.swift; sourceTree = "<group>"; };
		5542302A2A4C36E4001EC310 /* NotesViewModel.swift */ = {isa = PBXFileReference; lastKnownFileType = sourcecode.swift; path = NotesViewModel.swift; sourceTree = "<group>"; };
		5542302C2A4C39DD001EC310 /* NoteView.swift */ = {isa = PBXFileReference; lastKnownFileType = sourcecode.swift; path = NoteView.swift; sourceTree = "<group>"; };
		5542302E2A4D5332001EC310 /* Date+.swift */ = {isa = PBXFileReference; lastKnownFileType = sourcecode.swift; path = "Date+.swift"; sourceTree = "<group>"; };
		55482F012A50B42B009C3370 /* ApostlesCreedView.swift */ = {isa = PBXFileReference; lastKnownFileType = sourcecode.swift; path = ApostlesCreedView.swift; sourceTree = "<group>"; };
		55482F032A50BD96009C3370 /* CommandmentsView.swift */ = {isa = PBXFileReference; lastKnownFileType = sourcecode.swift; path = CommandmentsView.swift; sourceTree = "<group>"; };
		55482F052A50C127009C3370 /* TheLordsPrayerView.swift */ = {isa = PBXFileReference; lastKnownFileType = sourcecode.swift; path = TheLordsPrayerView.swift; sourceTree = "<group>"; };
		55482F072A51713D009C3370 /* README.md */ = {isa = PBXFileReference; fileEncoding = 4; lastKnownFileType = net.daringfireball.markdown; path = README.md; sourceTree = "<group>"; };
		55482F0A2A51720C009C3370 /* appstore-badge.png */ = {isa = PBXFileReference; lastKnownFileType = image.png; path = "appstore-badge.png"; sourceTree = "<group>"; };
		55482F0B2A51720C009C3370 /* google-play-badge.png */ = {isa = PBXFileReference; lastKnownFileType = image.png; path = "google-play-badge.png"; sourceTree = "<group>"; };
		55482F0C2A517312009C3370 /* 1.png */ = {isa = PBXFileReference; lastKnownFileType = image.png; path = 1.png; sourceTree = "<group>"; };
		55482F0D2A517312009C3370 /* 3.png */ = {isa = PBXFileReference; lastKnownFileType = image.png; path = 3.png; sourceTree = "<group>"; };
		55482F0E2A517312009C3370 /* 2.png */ = {isa = PBXFileReference; lastKnownFileType = image.png; path = 2.png; sourceTree = "<group>"; };
		55482F0F2A517312009C3370 /* 4.png */ = {isa = PBXFileReference; lastKnownFileType = image.png; path = 4.png; sourceTree = "<group>"; };
		55482F122A518448009C3370 /* atsam_a_ikyenge.json */ = {isa = PBXFileReference; fileEncoding = 4; lastKnownFileType = text.json; path = atsam_a_ikyenge.json; sourceTree = "<group>"; };
		55482F142A518473009C3370 /* HymnData.swift */ = {isa = PBXFileReference; lastKnownFileType = sourcecode.swift; path = HymnData.swift; sourceTree = "<group>"; };
		55482F162A5185B3009C3370 /* Hymn.swift */ = {isa = PBXFileReference; lastKnownFileType = sourcecode.swift; path = Hymn.swift; sourceTree = "<group>"; };
		55482F1A2A518713009C3370 /* HymnsScreen.swift */ = {isa = PBXFileReference; lastKnownFileType = sourcecode.swift; path = HymnsScreen.swift; sourceTree = "<group>"; };
		55482F1C2A51889E009C3370 /* HymnsViewModel.swift */ = {isa = PBXFileReference; lastKnownFileType = sourcecode.swift; path = HymnsViewModel.swift; sourceTree = "<group>"; };
		55482F1E2A5196DB009C3370 /* Numbers+.swift */ = {isa = PBXFileReference; lastKnownFileType = sourcecode.swift; path = "Numbers+.swift"; sourceTree = "<group>"; };
		5548BE272A48A93500E8974A /* MiscItem.swift */ = {isa = PBXFileReference; lastKnownFileType = sourcecode.swift; path = MiscItem.swift; sourceTree = "<group>"; };
		554F798E2A4E2A470096F8FA /* NoteCommentView.swift */ = {isa = PBXFileReference; lastKnownFileType = sourcecode.swift; path = NoteCommentView.swift; sourceTree = "<group>"; };
		554F79902A4E32880096F8FA /* NoteDetailsView.swift */ = {isa = PBXFileReference; lastKnownFileType = sourcecode.swift; path = NoteDetailsView.swift; sourceTree = "<group>"; };
		554F79922A4E40630096F8FA /* IconOnlyButton.swift */ = {isa = PBXFileReference; lastKnownFileType = sourcecode.swift; path = IconOnlyButton.swift; sourceTree = "<group>"; };
		55500E542A45B6D40074BC67 /* SearchViewModel.swift */ = {isa = PBXFileReference; lastKnownFileType = sourcecode.swift; path = SearchViewModel.swift; sourceTree = "<group>"; };
		55500E562A45D8D60074BC67 /* SearchScreen.swift */ = {isa = PBXFileReference; lastKnownFileType = sourcecode.swift; path = SearchScreen.swift; sourceTree = "<group>"; };
		55500E592A45E4850074BC67 /* EmptyStateView.swift */ = {isa = PBXFileReference; lastKnownFileType = sourcecode.swift; path = EmptyStateView.swift; sourceTree = "<group>"; };
		55500E5B2A4664DF0074BC67 /* SearchBooksView.swift */ = {isa = PBXFileReference; lastKnownFileType = sourcecode.swift; path = SearchBooksView.swift; sourceTree = "<group>"; };
		55500E5D2A4666950074BC67 /* SearchChaptersView.swift */ = {isa = PBXFileReference; lastKnownFileType = sourcecode.swift; path = SearchChaptersView.swift; sourceTree = "<group>"; };
		55500E5F2A466B530074BC67 /* SearchResultsView.swift */ = {isa = PBXFileReference; lastKnownFileType = sourcecode.swift; path = SearchResultsView.swift; sourceTree = "<group>"; };
		555576CB2A38DBE100DF230E /* ReaderScreen.swift */ = {isa = PBXFileReference; lastKnownFileType = sourcecode.swift; path = ReaderScreen.swift; sourceTree = "<group>"; };
		555576CD2A38DBF100DF230E /* SettingsScreen.swift */ = {isa = PBXFileReference; lastKnownFileType = sourcecode.swift; path = SettingsScreen.swift; sourceTree = "<group>"; };
		555576CF2A38DBF900DF230E /* MiscScreen.swift */ = {isa = PBXFileReference; lastKnownFileType = sourcecode.swift; path = MiscScreen.swift; sourceTree = "<group>"; };
		555576D12A38DC2200DF230E /* MainContentScreen.swift */ = {isa = PBXFileReference; lastKnownFileType = sourcecode.swift; path = MainContentScreen.swift; sourceTree = "<group>"; };
		555576D32A392B6F00DF230E /* ReaderViewModel.swift */ = {isa = PBXFileReference; lastKnownFileType = sourcecode.swift; path = ReaderViewModel.swift; sourceTree = "<group>"; };
		556D8D6F2A44971300211481 /* BooksViewModel.swift */ = {isa = PBXFileReference; lastKnownFileType = sourcecode.swift; path = BooksViewModel.swift; sourceTree = "<group>"; };
		556D8D712A44974600211481 /* BooksScreen.swift */ = {isa = PBXFileReference; lastKnownFileType = sourcecode.swift; path = BooksScreen.swift; sourceTree = "<group>"; };
		556D8D732A44A29E00211481 /* BookSortType.swift */ = {isa = PBXFileReference; lastKnownFileType = sourcecode.swift; path = BookSortType.swift; sourceTree = "<group>"; };
		556D8D762A44B7F400211481 /* BookRowView.swift */ = {isa = PBXFileReference; lastKnownFileType = sourcecode.swift; path = BookRowView.swift; sourceTree = "<group>"; };
		55730A0A2A44FF7D008725DA /* DisclosureGroupExpansionHandler.swift */ = {isa = PBXFileReference; lastKnownFileType = sourcecode.swift; path = DisclosureGroupExpansionHandler.swift; sourceTree = "<group>"; };
		55730A0C2A4514D2008725DA /* NextButton.swift */ = {isa = PBXFileReference; lastKnownFileType = sourcecode.swift; path = NextButton.swift; sourceTree = "<group>"; };
		55862E102A56EAD200DEE5F2 /* MoreScreen.swift */ = {isa = PBXFileReference; lastKnownFileType = sourcecode.swift; path = MoreScreen.swift; sourceTree = "<group>"; };
		55937A4B2A51A5AE001E7BDB /* HymnDetailView.swift */ = {isa = PBXFileReference; lastKnownFileType = sourcecode.swift; path = HymnDetailView.swift; sourceTree = "<group>"; };
		5595A4FF2A4B6F7100270A5B /* MiscItemAction.swift */ = {isa = PBXFileReference; lastKnownFileType = sourcecode.swift; path = MiscItemAction.swift; sourceTree = "<group>"; };
		5595A5012A4B704500270A5B /* MiscItemActionsView.swift */ = {isa = PBXFileReference; lastKnownFileType = sourcecode.swift; path = MiscItemActionsView.swift; sourceTree = "<group>"; };
		5595A5032A4B70BF00270A5B /* MiscItemButton.swift */ = {isa = PBXFileReference; lastKnownFileType = sourcecode.swift; path = MiscItemButton.swift; sourceTree = "<group>"; };
		5595A5052A4BEEBA00270A5B /* TabItem.swift */ = {isa = PBXFileReference; lastKnownFileType = sourcecode.swift; path = TabItem.swift; sourceTree = "<group>"; };
		5595A5072A4C020100270A5B /* ToastMessage.swift */ = {isa = PBXFileReference; lastKnownFileType = sourcecode.swift; path = ToastMessage.swift; sourceTree = "<group>"; };
		55E42F802A38830300DBB619 /* String+.swift */ = {isa = PBXFileReference; lastKnownFileType = sourcecode.swift; path = "String+.swift"; sourceTree = "<group>"; };
		55EC1FDF2A438ECD00DCA970 /* LineSpacingType.swift */ = {isa = PBXFileReference; lastKnownFileType = sourcecode.swift; path = LineSpacingType.swift; sourceTree = "<group>"; };
		55EC1FE22A43BBF600DCA970 /* Poppins-Black.ttf */ = {isa = PBXFileReference; lastKnownFileType = file; path = "Poppins-Black.ttf"; sourceTree = "<group>"; };
		55EC1FE32A43BBF600DCA970 /* Poppins-Italic.ttf */ = {isa = PBXFileReference; lastKnownFileType = file; path = "Poppins-Italic.ttf"; sourceTree = "<group>"; };
		55EC1FE42A43BBF600DCA970 /* Poppins-ExtraBold.ttf */ = {isa = PBXFileReference; lastKnownFileType = file; path = "Poppins-ExtraBold.ttf"; sourceTree = "<group>"; };
		55EC1FE52A43BBF600DCA970 /* Poppins-ExtraBoldItalic.ttf */ = {isa = PBXFileReference; lastKnownFileType = file; path = "Poppins-ExtraBoldItalic.ttf"; sourceTree = "<group>"; };
		55EC1FE62A43BBF600DCA970 /* Poppins-MediumItalic.ttf */ = {isa = PBXFileReference; lastKnownFileType = file; path = "Poppins-MediumItalic.ttf"; sourceTree = "<group>"; };
		55EC1FE72A43BBF600DCA970 /* Poppins-ExtraLightItalic.ttf */ = {isa = PBXFileReference; lastKnownFileType = file; path = "Poppins-ExtraLightItalic.ttf"; sourceTree = "<group>"; };
		55EC1FE82A43BBF600DCA970 /* Poppins-Light.ttf */ = {isa = PBXFileReference; lastKnownFileType = file; path = "Poppins-Light.ttf"; sourceTree = "<group>"; };
		55EC1FE92A43BBF600DCA970 /* Poppins-Regular.ttf */ = {isa = PBXFileReference; lastKnownFileType = file; path = "Poppins-Regular.ttf"; sourceTree = "<group>"; };
		55EC1FEA2A43BBF700DCA970 /* Poppins-SemiBold.ttf */ = {isa = PBXFileReference; lastKnownFileType = file; path = "Poppins-SemiBold.ttf"; sourceTree = "<group>"; };
		55EC1FEB2A43BBF700DCA970 /* Poppins-Medium.ttf */ = {isa = PBXFileReference; lastKnownFileType = file; path = "Poppins-Medium.ttf"; sourceTree = "<group>"; };
		55EC1FEC2A43BBF700DCA970 /* Poppins-BoldItalic.ttf */ = {isa = PBXFileReference; lastKnownFileType = file; path = "Poppins-BoldItalic.ttf"; sourceTree = "<group>"; };
		55EC1FED2A43BBF700DCA970 /* Poppins-LightItalic.ttf */ = {isa = PBXFileReference; lastKnownFileType = file; path = "Poppins-LightItalic.ttf"; sourceTree = "<group>"; };
		55EC1FEE2A43BBF700DCA970 /* Poppins-ThinItalic.ttf */ = {isa = PBXFileReference; lastKnownFileType = file; path = "Poppins-ThinItalic.ttf"; sourceTree = "<group>"; };
		55EC1FEF2A43BBF700DCA970 /* Poppins-Thin.ttf */ = {isa = PBXFileReference; lastKnownFileType = file; path = "Poppins-Thin.ttf"; sourceTree = "<group>"; };
		55EC1FF02A43BBF700DCA970 /* Poppins-BlackItalic.ttf */ = {isa = PBXFileReference; lastKnownFileType = file; path = "Poppins-BlackItalic.ttf"; sourceTree = "<group>"; };
		55EC1FF12A43BBF700DCA970 /* Poppins-Bold.ttf */ = {isa = PBXFileReference; lastKnownFileType = file; path = "Poppins-Bold.ttf"; sourceTree = "<group>"; };
		55EC1FF22A43BBF700DCA970 /* Poppins-ExtraLight.ttf */ = {isa = PBXFileReference; lastKnownFileType = file; path = "Poppins-ExtraLight.ttf"; sourceTree = "<group>"; };
		55EC1FF32A43BBF700DCA970 /* Poppins-SemiBoldItalic.ttf */ = {isa = PBXFileReference; lastKnownFileType = file; path = "Poppins-SemiBoldItalic.ttf"; sourceTree = "<group>"; };
		55EC20072A43BC1300DCA970 /* Baskervville-Regular.ttf */ = {isa = PBXFileReference; lastKnownFileType = file; path = "Baskervville-Regular.ttf"; sourceTree = "<group>"; };
		55EC20082A43BC1300DCA970 /* Baskervville-Italic.ttf */ = {isa = PBXFileReference; lastKnownFileType = file; path = "Baskervville-Italic.ttf"; sourceTree = "<group>"; };
		55EC200C2A43BC3000DCA970 /* Lato-Black.ttf */ = {isa = PBXFileReference; lastKnownFileType = file; path = "Lato-Black.ttf"; sourceTree = "<group>"; };
		55EC200D2A43BC3000DCA970 /* Lato-Italic.ttf */ = {isa = PBXFileReference; lastKnownFileType = file; path = "Lato-Italic.ttf"; sourceTree = "<group>"; };
		55EC200E2A43BC3000DCA970 /* Lato-Thin.ttf */ = {isa = PBXFileReference; lastKnownFileType = file; path = "Lato-Thin.ttf"; sourceTree = "<group>"; };
		55EC200F2A43BC3000DCA970 /* Lato-BlackItalic.ttf */ = {isa = PBXFileReference; lastKnownFileType = file; path = "Lato-BlackItalic.ttf"; sourceTree = "<group>"; };
		55EC20102A43BC3000DCA970 /* Lato-BoldItalic.ttf */ = {isa = PBXFileReference; lastKnownFileType = file; path = "Lato-BoldItalic.ttf"; sourceTree = "<group>"; };
		55EC20112A43BC3000DCA970 /* Lato-Light.ttf */ = {isa = PBXFileReference; lastKnownFileType = file; path = "Lato-Light.ttf"; sourceTree = "<group>"; };
		55EC20122A43BC3000DCA970 /* Lato-LightItalic.ttf */ = {isa = PBXFileReference; lastKnownFileType = file; path = "Lato-LightItalic.ttf"; sourceTree = "<group>"; };
		55EC20132A43BC3000DCA970 /* Lato-Regular.ttf */ = {isa = PBXFileReference; lastKnownFileType = file; path = "Lato-Regular.ttf"; sourceTree = "<group>"; };
		55EC20142A43BC3000DCA970 /* Lato-Bold.ttf */ = {isa = PBXFileReference; lastKnownFileType = file; path = "Lato-Bold.ttf"; sourceTree = "<group>"; };
		55EC20152A43BC3000DCA970 /* Lato-ThinItalic.ttf */ = {isa = PBXFileReference; lastKnownFileType = file; path = "Lato-ThinItalic.ttf"; sourceTree = "<group>"; };
		55EC20302A43BD3200DCA970 /* NewYorkLarge-Bold.ttf */ = {isa = PBXFileReference; lastKnownFileType = file; path = "NewYorkLarge-Bold.ttf"; sourceTree = "<group>"; };
		55EC20312A43BD3200DCA970 /* NewYorkLarge-MediumItalic.ttf */ = {isa = PBXFileReference; lastKnownFileType = file; path = "NewYorkLarge-MediumItalic.ttf"; sourceTree = "<group>"; };
		55EC20322A43BD3200DCA970 /* NewYorkLarge-Heavy.ttf */ = {isa = PBXFileReference; lastKnownFileType = file; path = "NewYorkLarge-Heavy.ttf"; sourceTree = "<group>"; };
		55EC20332A43BD3200DCA970 /* NewYorkLarge-Black.ttf */ = {isa = PBXFileReference; lastKnownFileType = file; path = "NewYorkLarge-Black.ttf"; sourceTree = "<group>"; };
		55EC20342A43BD3200DCA970 /* NewYorkLarge-Medium.ttf */ = {isa = PBXFileReference; lastKnownFileType = file; path = "NewYorkLarge-Medium.ttf"; sourceTree = "<group>"; };
		55EC20352A43BD3200DCA970 /* NewYorkLarge-BlackItalic.ttf */ = {isa = PBXFileReference; lastKnownFileType = file; path = "NewYorkLarge-BlackItalic.ttf"; sourceTree = "<group>"; };
		55EC20362A43BD3200DCA970 /* NewYorkLarge-RegularItalic.ttf */ = {isa = PBXFileReference; lastKnownFileType = file; path = "NewYorkLarge-RegularItalic.ttf"; sourceTree = "<group>"; };
		55EC20372A43BD3200DCA970 /* NewYorkLarge-SemiboldItalic.ttf */ = {isa = PBXFileReference; lastKnownFileType = file; path = "NewYorkLarge-SemiboldItalic.ttf"; sourceTree = "<group>"; };
		55EC20382A43BD3200DCA970 /* NewYorkLarge-Semibold.ttf */ = {isa = PBXFileReference; lastKnownFileType = file; path = "NewYorkLarge-Semibold.ttf"; sourceTree = "<group>"; };
		55EC20392A43BD3200DCA970 /* NewYorkLarge-Regular.ttf */ = {isa = PBXFileReference; lastKnownFileType = file; path = "NewYorkLarge-Regular.ttf"; sourceTree = "<group>"; };
		55EC203A2A43BD3200DCA970 /* NewYorkLarge-HeavyItalic.ttf */ = {isa = PBXFileReference; lastKnownFileType = file; path = "NewYorkLarge-HeavyItalic.ttf"; sourceTree = "<group>"; };
		55EC203B2A43BD3200DCA970 /* NewYorkLarge-BoldItalic.ttf */ = {isa = PBXFileReference; lastKnownFileType = file; path = "NewYorkLarge-BoldItalic.ttf"; sourceTree = "<group>"; };
		55EC20492A43C19A00DCA970 /* AppFont.swift */ = {isa = PBXFileReference; lastKnownFileType = sourcecode.swift; path = AppFont.swift; sourceTree = "<group>"; };
/* End PBXFileReference section */

/* Begin PBXFrameworksBuildPhase section */
		5503AD6F2A37BF50006E6C79 /* Frameworks */ = {
			isa = PBXFrameworksBuildPhase;
			buildActionMask = 2147483647;
			files = (
				552BB2672A40C24000BB3A86 /* AlertToast in Frameworks */,
				55500E522A45ACB70074BC67 /* IsScrolling in Frameworks */,
				55EC1FDE2A438BBB00DCA970 /* DeviceKit in Frameworks */,
			);
			runOnlyForDeploymentPostprocessing = 0;
		};
		5503AD812A37BF51006E6C79 /* Frameworks */ = {
			isa = PBXFrameworksBuildPhase;
			buildActionMask = 2147483647;
			files = (
			);
			runOnlyForDeploymentPostprocessing = 0;
		};
		5503AD8B2A37BF51006E6C79 /* Frameworks */ = {
			isa = PBXFrameworksBuildPhase;
			buildActionMask = 2147483647;
			files = (
			);
			runOnlyForDeploymentPostprocessing = 0;
		};
/* End PBXFrameworksBuildPhase section */

/* Begin PBXGroup section */
		5503AD692A37BF50006E6C79 = {
			isa = PBXGroup;
			children = (
				55482F072A51713D009C3370 /* README.md */,
				5503AD742A37BF50006E6C79 /* TivBible */,
				5503AD872A37BF51006E6C79 /* TivBibleTests */,
				5503AD912A37BF51006E6C79 /* TivBibleUITests */,
				5503AD732A37BF50006E6C79 /* Products */,
			);
			sourceTree = "<group>";
		};
		5503AD732A37BF50006E6C79 /* Products */ = {
			isa = PBXGroup;
			children = (
				5503AD722A37BF50006E6C79 /* TivBible.app */,
				5503AD842A37BF51006E6C79 /* TivBibleTests.xctest */,
				5503AD8E2A37BF51006E6C79 /* TivBibleUITests.xctest */,
			);
			name = Products;
			sourceTree = "<group>";
		};
		5503AD742A37BF50006E6C79 /* TivBible */ = {
			isa = PBXGroup;
			children = (
				55482F092A5171DF009C3370 /* Screenshots */,
				5503ADC52A37C975006E6C79 /* App */,
				5503ADD42A37CA8A006E6C79 /* Features */,
				5503ADBE2A37C8CC006E6C79 /* DI */,
				5503ADC62A37C9B3006E6C79 /* Resources */,
				5503ADB72A37C848006E6C79 /* PreferenceStore */,
				5503ADAA2A37C74F006E6C79 /* Extensions */,
				5503ADA12A37C06B006E6C79 /* Models */,
				5503AD7B2A37BF50006E6C79 /* Preview Content */,
			);
			path = TivBible;
			sourceTree = "<group>";
		};
		5503AD7B2A37BF50006E6C79 /* Preview Content */ = {
			isa = PBXGroup;
			children = (
				5503AD7C2A37BF50006E6C79 /* Preview Assets.xcassets */,
			);
			path = "Preview Content";
			sourceTree = "<group>";
		};
		5503AD872A37BF51006E6C79 /* TivBibleTests */ = {
			isa = PBXGroup;
			children = (
				5503AD882A37BF51006E6C79 /* TivBibleTests.swift */,
			);
			path = TivBibleTests;
			sourceTree = "<group>";
		};
		5503AD912A37BF51006E6C79 /* TivBibleUITests */ = {
			isa = PBXGroup;
			children = (
				5503AD922A37BF51006E6C79 /* TivBibleUITests.swift */,
				5503AD942A37BF51006E6C79 /* TivBibleUITestsLaunchTests.swift */,
			);
			path = TivBibleUITests;
			sourceTree = "<group>";
		};
		5503ADA12A37C06B006E6C79 /* Models */ = {
			isa = PBXGroup;
			children = (
				551D0B192A3CE8F200449307 /* VerseTapAction.swift */,
				5503ADA22A37C077006E6C79 /* TivBibleData.swift */,
				5503ADA62A37C09E006E6C79 /* Book.swift */,
				5503ADA42A37C095006E6C79 /* Chapter.swift */,
				5503ADA82A37C0A8006E6C79 /* Verse.swift */,
				5503ADB32A37C7D9006E6C79 /* TivBibleError.swift */,
				552BB2632A409DC800BB3A86 /* ColorHex.swift */,
				552BB26A2A41707500BB3A86 /* NoteToken.swift */,
				552BB26C2A41851700BB3A86 /* Note.swift */,
				552BB27C2A41CE8300BB3A86 /* AppTheme.swift */,
				55EC1FDF2A438ECD00DCA970 /* LineSpacingType.swift */,
				55EC20492A43C19A00DCA970 /* AppFont.swift */,
				556D8D732A44A29E00211481 /* BookSortType.swift */,
				5595A5052A4BEEBA00270A5B /* TabItem.swift */,
				5595A5072A4C020100270A5B /* ToastMessage.swift */,
				55482F142A518473009C3370 /* HymnData.swift */,
				55482F162A5185B3009C3370 /* Hymn.swift */,
			);
			path = Models;
			sourceTree = "<group>";
		};
		5503ADAA2A37C74F006E6C79 /* Extensions */ = {
			isa = PBXGroup;
			children = (
				5503ADAB2A37C762006E6C79 /* Data+.swift */,
				5503ADAD2A37C776006E6C79 /* View+.swift */,
				5503ADAF2A37C79C006E6C79 /* Color+.swift */,
				5503ADB12A37C7B9006E6C79 /* Font+.swift */,
				5503ADB52A37C7F8006E6C79 /* Code+.swift */,
				55E42F802A38830300DBB619 /* String+.swift */,
				552BB2802A41E6CD00BB3A86 /* Constants.swift */,
				5542302E2A4D5332001EC310 /* Date+.swift */,
				55482F1E2A5196DB009C3370 /* Numbers+.swift */,
			);
			path = Extensions;
			sourceTree = "<group>";
		};
		5503ADB72A37C848006E6C79 /* PreferenceStore */ = {
			isa = PBXGroup;
			children = (
				5503ADB82A37C857006E6C79 /* PreferenceStoreKey.swift */,
				5503ADBA2A37C886006E6C79 /* AppStorage+.swift */,
				5503ADBC2A37C8B3006E6C79 /* PreferenceStore.swift */,
			);
			path = PreferenceStore;
			sourceTree = "<group>";
		};
		5503ADBE2A37C8CC006E6C79 /* DI */ = {
			isa = PBXGroup;
			children = (
				5503ADBF2A37C8DD006E6C79 /* DependencyType.swift */,
				5503ADC12A37C8F0006E6C79 /* DependencyContainer.swift */,
				5503ADC32A37C914006E6C79 /* DependencyProvider.swift */,
			);
			path = DI;
			sourceTree = "<group>";
		};
		5503ADC52A37C975006E6C79 /* App */ = {
			isa = PBXGroup;
			children = (
				5503AD752A37BF50006E6C79 /* TivBibleApp.swift */,
			);
			path = App;
			sourceTree = "<group>";
		};
		5503ADC62A37C9B3006E6C79 /* Resources */ = {
			isa = PBXGroup;
			children = (
				55482F112A518431009C3370 /* Json */,
				5503ADC92A37C9E4006E6C79 /* Fonts */,
				5503ADD32A37CA38006E6C79 /* Info.plist */,
				5503AD792A37BF50006E6C79 /* Assets.xcassets */,
			);
			path = Resources;
			sourceTree = "<group>";
		};
		5503ADC92A37C9E4006E6C79 /* Fonts */ = {
			isa = PBXGroup;
			children = (
				55EC20202A43BC5500DCA970 /* NewYork */,
				55EC200B2A43BC2300DCA970 /* Lato */,
				55EC20062A43BC0600DCA970 /* Baskervville */,
				55EC1FE12A43BBE400DCA970 /* Poppins */,
				5503ADD22A37CA07006E6C79 /* GentiumPlus */,
			);
			path = Fonts;
			sourceTree = "<group>";
		};
		5503ADD22A37CA07006E6C79 /* GentiumPlus */ = {
			isa = PBXGroup;
			children = (
				5503ADCA2A37C9F4006E6C79 /* GentiumPlus-Bold.ttf */,
				5503ADCB2A37C9F4006E6C79 /* GentiumPlus-BoldItalic.ttf */,
				5503ADCC2A37C9F4006E6C79 /* GentiumPlus-Italic.ttf */,
				5503ADCD2A37C9F4006E6C79 /* GentiumPlus-Regular.ttf */,
			);
			path = GentiumPlus;
			sourceTree = "<group>";
		};
		5503ADD42A37CA8A006E6C79 /* Features */ = {
			isa = PBXGroup;
			children = (
				55862E0F2A56EABD00DEE5F2 /* More */,
				55482F182A5186E7009C3370 /* Hymns */,
				554230272A4C36A4001EC310 /* Notes */,
				55500E532A45B67B0074BC67 /* Search */,
				556D8D6E2A44970100211481 /* Books */,
				555576CA2A38DB8500DF230E /* Reader */,
				555576C92A38DB7E00DF230E /* Settings */,
				555576C82A38DB4900DF230E /* Misc */,
				55E42F822A38A04D00DBB619 /* MainTabs */,
				5503ADD52A37CA9E006E6C79 /* Setup */,
				551D0B172A3CE65300449307 /* Utilities */,
			);
			path = Features;
			sourceTree = "<group>";
		};
		5503ADD52A37CA9E006E6C79 /* Setup */ = {
			isa = PBXGroup;
			children = (
				5503ADD62A37CACE006E6C79 /* SetupScreen.swift */,
				5503ADD82A37CB5D006E6C79 /* SetupViewModel.swift */,
			);
			path = Setup;
			sourceTree = "<group>";
		};
		551D0B142A3CDE3600449307 /* Views */ = {
			isa = PBXGroup;
			children = (
				551D0B152A3CDE5B00449307 /* VerseTapActionsView.swift */,
				552BB26E2A41B72500BB3A86 /* FontSizeView.swift */,
				552BB2742A41C2CD00BB3A86 /* LineSpacingView.swift */,
				552BB27A2A41CC1500BB3A86 /* StylesView.swift */,
				552BB27E2A41CF0A00BB3A86 /* AppThemesView.swift */,
				55730A0C2A4514D2008725DA /* NextButton.swift */,
			);
			path = Views;
			sourceTree = "<group>";
		};
		551D0B172A3CE65300449307 /* Utilities */ = {
			isa = PBXGroup;
			children = (
				551D0B182A3CE65E00449307 /* Views */,
				55730A0A2A44FF7D008725DA /* DisclosureGroupExpansionHandler.swift */,
			);
			path = Utilities;
			sourceTree = "<group>";
		};
		551D0B182A3CE65E00449307 /* Views */ = {
			isa = PBXGroup;
			children = (
				551D0B1B2A3CF41A00449307 /* RoundedCornersShape.swift */,
				551D0B1D2A3CF50E00449307 /* IconTextView.swift */,
				551D0B1F2A3CF54B00449307 /* IconTextButton.swift */,
				552BB2702A41C14C00BB3A86 /* FontSizeButton.swift */,
				552BB2722A41C1E400BB3A86 /* IconButton.swift */,
				552BB2782A41C9C900BB3A86 /* FontStyleButton.swift */,
				5542302C2A4C39DD001EC310 /* NoteView.swift */,
				554F79922A4E40630096F8FA /* IconOnlyButton.swift */,
			);
			path = Views;
			sourceTree = "<group>";
		};
		554230252A4C294B001EC310 /* Actions */ = {
			isa = PBXGroup;
			children = (
				5595A4FF2A4B6F7100270A5B /* MiscItemAction.swift */,
				5595A5012A4B704500270A5B /* MiscItemActionsView.swift */,
			);
			path = Actions;
			sourceTree = "<group>";
		};
		554230262A4C2957001EC310 /* Lists */ = {
			isa = PBXGroup;
			children = (
				554230212A4C1AFE001EC310 /* MiscListViewModel.swift */,
				554230232A4C1F6B001EC310 /* MiscListScreen.swift */,
			);
			path = Lists;
			sourceTree = "<group>";
		};
		554230272A4C36A4001EC310 /* Notes */ = {
			isa = PBXGroup;
			children = (
				554F798D2A4E2A200096F8FA /* Views */,
				554230282A4C36C5001EC310 /* NotesScreen.swift */,
				5542302A2A4C36E4001EC310 /* NotesViewModel.swift */,
				554F79902A4E32880096F8FA /* NoteDetailsView.swift */,
			);
			path = Notes;
			sourceTree = "<group>";
		};
		55482F002A50B40C009C3370 /* Others */ = {
			isa = PBXGroup;
			children = (
				55482F012A50B42B009C3370 /* ApostlesCreedView.swift */,
				55482F032A50BD96009C3370 /* CommandmentsView.swift */,
				55482F052A50C127009C3370 /* TheLordsPrayerView.swift */,
			);
			path = Others;
			sourceTree = "<group>";
		};
		55482F092A5171DF009C3370 /* Screenshots */ = {
			isa = PBXGroup;
			children = (
				55482F0C2A517312009C3370 /* 1.png */,
				55482F0E2A517312009C3370 /* 2.png */,
				55482F0D2A517312009C3370 /* 3.png */,
				55482F0F2A517312009C3370 /* 4.png */,
				55482F0A2A51720C009C3370 /* appstore-badge.png */,
				55482F0B2A51720C009C3370 /* google-play-badge.png */,
			);
			path = Screenshots;
			sourceTree = "<group>";
		};
		55482F112A518431009C3370 /* Json */ = {
			isa = PBXGroup;
			children = (
				55482F122A518448009C3370 /* atsam_a_ikyenge.json */,
				5503ADC72A37C9DA006E6C79 /* tivBibleData.json */,
			);
			path = Json;
			sourceTree = "<group>";
		};
		55482F182A5186E7009C3370 /* Hymns */ = {
			isa = PBXGroup;
			children = (
				55482F1A2A518713009C3370 /* HymnsScreen.swift */,
				55482F1C2A51889E009C3370 /* HymnsViewModel.swift */,
				55937A4B2A51A5AE001E7BDB /* HymnDetailView.swift */,
			);
			path = Hymns;
			sourceTree = "<group>";
		};
		554F798D2A4E2A200096F8FA /* Views */ = {
			isa = PBXGroup;
			children = (
				554F798E2A4E2A470096F8FA /* NoteCommentView.swift */,
			);
			path = Views;
			sourceTree = "<group>";
		};
		55500E532A45B67B0074BC67 /* Search */ = {
			isa = PBXGroup;
			children = (
				55500E582A45E4720074BC67 /* Views */,
				55500E542A45B6D40074BC67 /* SearchViewModel.swift */,
				55500E562A45D8D60074BC67 /* SearchScreen.swift */,
			);
			path = Search;
			sourceTree = "<group>";
		};
		55500E582A45E4720074BC67 /* Views */ = {
			isa = PBXGroup;
			children = (
				55500E592A45E4850074BC67 /* EmptyStateView.swift */,
				55500E5B2A4664DF0074BC67 /* SearchBooksView.swift */,
				55500E5D2A4666950074BC67 /* SearchChaptersView.swift */,
				55500E5F2A466B530074BC67 /* SearchResultsView.swift */,
			);
			path = Views;
			sourceTree = "<group>";
		};
		555576C82A38DB4900DF230E /* Misc */ = {
			isa = PBXGroup;
			children = (
				55482F002A50B40C009C3370 /* Others */,
				554230262A4C2957001EC310 /* Lists */,
				554230252A4C294B001EC310 /* Actions */,
				555576CF2A38DBF900DF230E /* MiscScreen.swift */,
				5548BE272A48A93500E8974A /* MiscItem.swift */,
				5595A5032A4B70BF00270A5B /* MiscItemButton.swift */,
			);
			path = Misc;
			sourceTree = "<group>";
		};
		555576C92A38DB7E00DF230E /* Settings */ = {
			isa = PBXGroup;
			children = (
				555576CD2A38DBF100DF230E /* SettingsScreen.swift */,
			);
			path = Settings;
			sourceTree = "<group>";
		};
		555576CA2A38DB8500DF230E /* Reader */ = {
			isa = PBXGroup;
			children = (
				551D0B142A3CDE3600449307 /* Views */,
				555576CB2A38DBE100DF230E /* ReaderScreen.swift */,
				555576D32A392B6F00DF230E /* ReaderViewModel.swift */,
				552BB2682A40E75200BB3A86 /* TakeNotesScreen.swift */,
			);
			path = Reader;
			sourceTree = "<group>";
		};
		556D8D6E2A44970100211481 /* Books */ = {
			isa = PBXGroup;
			children = (
				556D8D752A44B7E100211481 /* Views */,
				556D8D6F2A44971300211481 /* BooksViewModel.swift */,
				556D8D712A44974600211481 /* BooksScreen.swift */,
			);
			path = Books;
			sourceTree = "<group>";
		};
		556D8D752A44B7E100211481 /* Views */ = {
			isa = PBXGroup;
			children = (
				556D8D762A44B7F400211481 /* BookRowView.swift */,
			);
			path = Views;
			sourceTree = "<group>";
		};
		55862E0F2A56EABD00DEE5F2 /* More */ = {
			isa = PBXGroup;
			children = (
				55862E102A56EAD200DEE5F2 /* MoreScreen.swift */,
			);
			path = More;
			sourceTree = "<group>";
		};
		55E42F822A38A04D00DBB619 /* MainTabs */ = {
			isa = PBXGroup;
			children = (
				555576D12A38DC2200DF230E /* MainContentScreen.swift */,
			);
			path = MainTabs;
			sourceTree = "<group>";
		};
		55EC1FE12A43BBE400DCA970 /* Poppins */ = {
			isa = PBXGroup;
			children = (
				55EC1FE22A43BBF600DCA970 /* Poppins-Black.ttf */,
				55EC1FF02A43BBF700DCA970 /* Poppins-BlackItalic.ttf */,
				55EC1FF12A43BBF700DCA970 /* Poppins-Bold.ttf */,
				55EC1FEC2A43BBF700DCA970 /* Poppins-BoldItalic.ttf */,
				55EC1FE42A43BBF600DCA970 /* Poppins-ExtraBold.ttf */,
				55EC1FE52A43BBF600DCA970 /* Poppins-ExtraBoldItalic.ttf */,
				55EC1FF22A43BBF700DCA970 /* Poppins-ExtraLight.ttf */,
				55EC1FE72A43BBF600DCA970 /* Poppins-ExtraLightItalic.ttf */,
				55EC1FE32A43BBF600DCA970 /* Poppins-Italic.ttf */,
				55EC1FE82A43BBF600DCA970 /* Poppins-Light.ttf */,
				55EC1FED2A43BBF700DCA970 /* Poppins-LightItalic.ttf */,
				55EC1FEB2A43BBF700DCA970 /* Poppins-Medium.ttf */,
				55EC1FE62A43BBF600DCA970 /* Poppins-MediumItalic.ttf */,
				55EC1FE92A43BBF600DCA970 /* Poppins-Regular.ttf */,
				55EC1FEA2A43BBF700DCA970 /* Poppins-SemiBold.ttf */,
				55EC1FF32A43BBF700DCA970 /* Poppins-SemiBoldItalic.ttf */,
				55EC1FEF2A43BBF700DCA970 /* Poppins-Thin.ttf */,
				55EC1FEE2A43BBF700DCA970 /* Poppins-ThinItalic.ttf */,
			);
			path = Poppins;
			sourceTree = "<group>";
		};
		55EC20062A43BC0600DCA970 /* Baskervville */ = {
			isa = PBXGroup;
			children = (
				55EC20082A43BC1300DCA970 /* Baskervville-Italic.ttf */,
				55EC20072A43BC1300DCA970 /* Baskervville-Regular.ttf */,
			);
			path = Baskervville;
			sourceTree = "<group>";
		};
		55EC200B2A43BC2300DCA970 /* Lato */ = {
			isa = PBXGroup;
			children = (
				55EC200C2A43BC3000DCA970 /* Lato-Black.ttf */,
				55EC200F2A43BC3000DCA970 /* Lato-BlackItalic.ttf */,
				55EC20142A43BC3000DCA970 /* Lato-Bold.ttf */,
				55EC20102A43BC3000DCA970 /* Lato-BoldItalic.ttf */,
				55EC200D2A43BC3000DCA970 /* Lato-Italic.ttf */,
				55EC20112A43BC3000DCA970 /* Lato-Light.ttf */,
				55EC20122A43BC3000DCA970 /* Lato-LightItalic.ttf */,
				55EC20132A43BC3000DCA970 /* Lato-Regular.ttf */,
				55EC200E2A43BC3000DCA970 /* Lato-Thin.ttf */,
				55EC20152A43BC3000DCA970 /* Lato-ThinItalic.ttf */,
			);
			path = Lato;
			sourceTree = "<group>";
		};
		55EC20202A43BC5500DCA970 /* NewYork */ = {
			isa = PBXGroup;
			children = (
				55EC20332A43BD3200DCA970 /* NewYorkLarge-Black.ttf */,
				55EC20352A43BD3200DCA970 /* NewYorkLarge-BlackItalic.ttf */,
				55EC20302A43BD3200DCA970 /* NewYorkLarge-Bold.ttf */,
				55EC203B2A43BD3200DCA970 /* NewYorkLarge-BoldItalic.ttf */,
				55EC20322A43BD3200DCA970 /* NewYorkLarge-Heavy.ttf */,
				55EC203A2A43BD3200DCA970 /* NewYorkLarge-HeavyItalic.ttf */,
				55EC20342A43BD3200DCA970 /* NewYorkLarge-Medium.ttf */,
				55EC20312A43BD3200DCA970 /* NewYorkLarge-MediumItalic.ttf */,
				55EC20392A43BD3200DCA970 /* NewYorkLarge-Regular.ttf */,
				55EC20362A43BD3200DCA970 /* NewYorkLarge-RegularItalic.ttf */,
				55EC20382A43BD3200DCA970 /* NewYorkLarge-Semibold.ttf */,
				55EC20372A43BD3200DCA970 /* NewYorkLarge-SemiboldItalic.ttf */,
			);
			path = NewYork;
			sourceTree = "<group>";
		};
/* End PBXGroup section */

/* Begin PBXNativeTarget section */
		5503AD712A37BF50006E6C79 /* TivBible */ = {
			isa = PBXNativeTarget;
			buildConfigurationList = 5503AD982A37BF51006E6C79 /* Build configuration list for PBXNativeTarget "TivBible" */;
			buildPhases = (
				5503AD6E2A37BF50006E6C79 /* Sources */,
				5503AD6F2A37BF50006E6C79 /* Frameworks */,
				5503AD702A37BF50006E6C79 /* Resources */,
			);
			buildRules = (
			);
			dependencies = (
			);
			name = TivBible;
			packageProductDependencies = (
				552BB2662A40C24000BB3A86 /* AlertToast */,
				55EC1FDD2A438BBB00DCA970 /* DeviceKit */,
				55500E512A45ACB70074BC67 /* IsScrolling */,
			);
			productName = TivBible;
			productReference = 5503AD722A37BF50006E6C79 /* TivBible.app */;
			productType = "com.apple.product-type.application";
		};
		5503AD832A37BF51006E6C79 /* TivBibleTests */ = {
			isa = PBXNativeTarget;
			buildConfigurationList = 5503AD9B2A37BF51006E6C79 /* Build configuration list for PBXNativeTarget "TivBibleTests" */;
			buildPhases = (
				5503AD802A37BF51006E6C79 /* Sources */,
				5503AD812A37BF51006E6C79 /* Frameworks */,
				5503AD822A37BF51006E6C79 /* Resources */,
			);
			buildRules = (
			);
			dependencies = (
				5503AD862A37BF51006E6C79 /* PBXTargetDependency */,
			);
			name = TivBibleTests;
			productName = TivBibleTests;
			productReference = 5503AD842A37BF51006E6C79 /* TivBibleTests.xctest */;
			productType = "com.apple.product-type.bundle.unit-test";
		};
		5503AD8D2A37BF51006E6C79 /* TivBibleUITests */ = {
			isa = PBXNativeTarget;
			buildConfigurationList = 5503AD9E2A37BF51006E6C79 /* Build configuration list for PBXNativeTarget "TivBibleUITests" */;
			buildPhases = (
				5503AD8A2A37BF51006E6C79 /* Sources */,
				5503AD8B2A37BF51006E6C79 /* Frameworks */,
				5503AD8C2A37BF51006E6C79 /* Resources */,
			);
			buildRules = (
			);
			dependencies = (
				5503AD902A37BF51006E6C79 /* PBXTargetDependency */,
			);
			name = TivBibleUITests;
			productName = TivBibleUITests;
			productReference = 5503AD8E2A37BF51006E6C79 /* TivBibleUITests.xctest */;
			productType = "com.apple.product-type.bundle.ui-testing";
		};
/* End PBXNativeTarget section */

/* Begin PBXProject section */
		5503AD6A2A37BF50006E6C79 /* Project object */ = {
			isa = PBXProject;
			attributes = {
				BuildIndependentTargetsInParallel = 1;
				LastSwiftUpdateCheck = 1500;
				LastUpgradeCheck = 1500;
				TargetAttributes = {
					5503AD712A37BF50006E6C79 = {
						CreatedOnToolsVersion = 15.0;
					};
					5503AD832A37BF51006E6C79 = {
						CreatedOnToolsVersion = 15.0;
						TestTargetID = 5503AD712A37BF50006E6C79;
					};
					5503AD8D2A37BF51006E6C79 = {
						CreatedOnToolsVersion = 15.0;
						TestTargetID = 5503AD712A37BF50006E6C79;
					};
				};
			};
			buildConfigurationList = 5503AD6D2A37BF50006E6C79 /* Build configuration list for PBXProject "TivBible" */;
			compatibilityVersion = "Xcode 14.0";
			developmentRegion = en;
			hasScannedForEncodings = 0;
			knownRegions = (
				en,
				Base,
			);
			mainGroup = 5503AD692A37BF50006E6C79;
			packageReferences = (
				552BB2652A40C24000BB3A86 /* XCRemoteSwiftPackageReference "AlertToast" */,
				55EC1FDC2A438BBB00DCA970 /* XCRemoteSwiftPackageReference "DeviceKit" */,
				55500E502A45ACB70074BC67 /* XCRemoteSwiftPackageReference "IsScrolling" */,
			);
			productRefGroup = 5503AD732A37BF50006E6C79 /* Products */;
			projectDirPath = "";
			projectRoot = "";
			targets = (
				5503AD712A37BF50006E6C79 /* TivBible */,
				5503AD832A37BF51006E6C79 /* TivBibleTests */,
				5503AD8D2A37BF51006E6C79 /* TivBibleUITests */,
			);
		};
/* End PBXProject section */

/* Begin PBXResourcesBuildPhase section */
		5503AD702A37BF50006E6C79 /* Resources */ = {
			isa = PBXResourcesBuildPhase;
			buildActionMask = 2147483647;
			files = (
				55EC20162A43BC3000DCA970 /* Lato-Black.ttf in Resources */,
				55EC1FF42A43BBF700DCA970 /* Poppins-Black.ttf in Resources */,
				55EC1FF82A43BBF700DCA970 /* Poppins-MediumItalic.ttf in Resources */,
				55EC201B2A43BC3000DCA970 /* Lato-Light.ttf in Resources */,
				55EC201A2A43BC3000DCA970 /* Lato-BoldItalic.ttf in Resources */,
				5503AD7D2A37BF50006E6C79 /* Preview Assets.xcassets in Resources */,
				5503ADC82A37C9DA006E6C79 /* tivBibleData.json in Resources */,
				55EC203D2A43BD3200DCA970 /* NewYorkLarge-Bold.ttf in Resources */,
				55EC201E2A43BC3000DCA970 /* Lato-Bold.ttf in Resources */,
				55EC1FFD2A43BBF700DCA970 /* Poppins-Medium.ttf in Resources */,
				55EC1FFF2A43BBF700DCA970 /* Poppins-LightItalic.ttf in Resources */,
				55EC20182A43BC3000DCA970 /* Lato-Thin.ttf in Resources */,
				55482F082A51713D009C3370 /* README.md in Resources */,
				55EC1FF52A43BBF700DCA970 /* Poppins-Italic.ttf in Resources */,
				55EC200A2A43BC1300DCA970 /* Baskervville-Italic.ttf in Resources */,
				55EC1FFC2A43BBF700DCA970 /* Poppins-SemiBold.ttf in Resources */,
				5503ADD02A37C9F4006E6C79 /* GentiumPlus-Italic.ttf in Resources */,
				5503ADD12A37C9F4006E6C79 /* GentiumPlus-Regular.ttf in Resources */,
				55EC20022A43BBF700DCA970 /* Poppins-BlackItalic.ttf in Resources */,
				55EC20172A43BC3000DCA970 /* Lato-Italic.ttf in Resources */,
				55EC1FFE2A43BBF700DCA970 /* Poppins-BoldItalic.ttf in Resources */,
				55EC20042A43BBF700DCA970 /* Poppins-ExtraLight.ttf in Resources */,
				55482F132A518448009C3370 /* atsam_a_ikyenge.json in Resources */,
				55EC20092A43BC1300DCA970 /* Baskervville-Regular.ttf in Resources */,
				55EC1FFA2A43BBF700DCA970 /* Poppins-Light.ttf in Resources */,
				55EC1FF72A43BBF700DCA970 /* Poppins-ExtraBoldItalic.ttf in Resources */,
				55EC201F2A43BC3000DCA970 /* Lato-ThinItalic.ttf in Resources */,
				55EC20052A43BBF700DCA970 /* Poppins-SemiBoldItalic.ttf in Resources */,
				55EC20032A43BBF700DCA970 /* Poppins-Bold.ttf in Resources */,
				55EC1FFB2A43BBF700DCA970 /* Poppins-Regular.ttf in Resources */,
				55EC20462A43BD3200DCA970 /* NewYorkLarge-Regular.ttf in Resources */,
				55EC1FF92A43BBF700DCA970 /* Poppins-ExtraLightItalic.ttf in Resources */,
				55EC20402A43BD3200DCA970 /* NewYorkLarge-Black.ttf in Resources */,
				55EC20442A43BD3200DCA970 /* NewYorkLarge-SemiboldItalic.ttf in Resources */,
				55EC20482A43BD3200DCA970 /* NewYorkLarge-BoldItalic.ttf in Resources */,
				55EC20012A43BBF700DCA970 /* Poppins-Thin.ttf in Resources */,
				55EC203E2A43BD3200DCA970 /* NewYorkLarge-MediumItalic.ttf in Resources */,
				55EC201C2A43BC3000DCA970 /* Lato-LightItalic.ttf in Resources */,
				55EC20472A43BD3200DCA970 /* NewYorkLarge-HeavyItalic.ttf in Resources */,
				55EC203F2A43BD3200DCA970 /* NewYorkLarge-Heavy.ttf in Resources */,
				55EC1FF62A43BBF700DCA970 /* Poppins-ExtraBold.ttf in Resources */,
				5503AD7A2A37BF50006E6C79 /* Assets.xcassets in Resources */,
				55EC20452A43BD3200DCA970 /* NewYorkLarge-Semibold.ttf in Resources */,
				55EC20432A43BD3200DCA970 /* NewYorkLarge-RegularItalic.ttf in Resources */,
				55EC20002A43BBF700DCA970 /* Poppins-ThinItalic.ttf in Resources */,
				55EC20422A43BD3200DCA970 /* NewYorkLarge-BlackItalic.ttf in Resources */,
				5503ADCF2A37C9F4006E6C79 /* GentiumPlus-BoldItalic.ttf in Resources */,
				55EC201D2A43BC3000DCA970 /* Lato-Regular.ttf in Resources */,
				5503ADCE2A37C9F4006E6C79 /* GentiumPlus-Bold.ttf in Resources */,
				55EC20192A43BC3000DCA970 /* Lato-BlackItalic.ttf in Resources */,
				55EC20412A43BD3200DCA970 /* NewYorkLarge-Medium.ttf in Resources */,
			);
			runOnlyForDeploymentPostprocessing = 0;
		};
		5503AD822A37BF51006E6C79 /* Resources */ = {
			isa = PBXResourcesBuildPhase;
			buildActionMask = 2147483647;
			files = (
			);
			runOnlyForDeploymentPostprocessing = 0;
		};
		5503AD8C2A37BF51006E6C79 /* Resources */ = {
			isa = PBXResourcesBuildPhase;
			buildActionMask = 2147483647;
			files = (
			);
			runOnlyForDeploymentPostprocessing = 0;
		};
/* End PBXResourcesBuildPhase section */

/* Begin PBXSourcesBuildPhase section */
		5503AD6E2A37BF50006E6C79 /* Sources */ = {
			isa = PBXSourcesBuildPhase;
			buildActionMask = 2147483647;
			files = (
				5542302F2A4D5332001EC310 /* Date+.swift in Sources */,
				5503ADB92A37C857006E6C79 /* PreferenceStoreKey.swift in Sources */,
				5503ADA92A37C0A8006E6C79 /* Verse.swift in Sources */,
				55937A4C2A51A5AE001E7BDB /* HymnDetailView.swift in Sources */,
				5503ADB22A37C7B9006E6C79 /* Font+.swift in Sources */,
				5595A5022A4B704500270A5B /* MiscItemActionsView.swift in Sources */,
				5503ADB02A37C79C006E6C79 /* Color+.swift in Sources */,
				55482F1F2A5196DB009C3370 /* Numbers+.swift in Sources */,
				5503ADD92A37CB5D006E6C79 /* SetupViewModel.swift in Sources */,
				552BB2712A41C14C00BB3A86 /* FontSizeButton.swift in Sources */,
				55500E5E2A4666950074BC67 /* SearchChaptersView.swift in Sources */,
				551D0B1C2A3CF41A00449307 /* RoundedCornersShape.swift in Sources */,
				551D0B1A2A3CE8F200449307 /* VerseTapAction.swift in Sources */,
				552BB2812A41E6CD00BB3A86 /* Constants.swift in Sources */,
				5503ADBB2A37C886006E6C79 /* AppStorage+.swift in Sources */,
				551D0B1E2A3CF50E00449307 /* IconTextView.swift in Sources */,
				55862E112A56EAD200DEE5F2 /* MoreScreen.swift in Sources */,
				5595A5062A4BEEBA00270A5B /* TabItem.swift in Sources */,
				55EC204A2A43C19A00DCA970 /* AppFont.swift in Sources */,
				5503ADA32A37C077006E6C79 /* TivBibleData.swift in Sources */,
				5595A5002A4B6F7100270A5B /* MiscItemAction.swift in Sources */,
				55730A0B2A44FF7D008725DA /* DisclosureGroupExpansionHandler.swift in Sources */,
				55482F022A50B42B009C3370 /* ApostlesCreedView.swift in Sources */,
				5503ADA52A37C095006E6C79 /* Chapter.swift in Sources */,
				554230292A4C36C5001EC310 /* NotesScreen.swift in Sources */,
				554F798F2A4E2A470096F8FA /* NoteCommentView.swift in Sources */,
				5503ADAC2A37C762006E6C79 /* Data+.swift in Sources */,
				554F79912A4E32880096F8FA /* NoteDetailsView.swift in Sources */,
				55482F152A518473009C3370 /* HymnData.swift in Sources */,
				5503ADAE2A37C776006E6C79 /* View+.swift in Sources */,
				5503ADA72A37C09E006E6C79 /* Book.swift in Sources */,
				55500E5A2A45E4850074BC67 /* EmptyStateView.swift in Sources */,
				55500E552A45B6D40074BC67 /* SearchViewModel.swift in Sources */,
				5503ADC42A37C914006E6C79 /* DependencyProvider.swift in Sources */,
				552BB27F2A41CF0A00BB3A86 /* AppThemesView.swift in Sources */,
				5503ADB62A37C7F8006E6C79 /* Code+.swift in Sources */,
				5503ADD72A37CACE006E6C79 /* SetupScreen.swift in Sources */,
				555576D02A38DBF900DF230E /* MiscScreen.swift in Sources */,
				55482F062A50C127009C3370 /* TheLordsPrayerView.swift in Sources */,
				5503ADBD2A37C8B3006E6C79 /* PreferenceStore.swift in Sources */,
				551D0B202A3CF54B00449307 /* IconTextButton.swift in Sources */,
				552BB27D2A41CE8300BB3A86 /* AppTheme.swift in Sources */,
				554F79932A4E40630096F8FA /* IconOnlyButton.swift in Sources */,
				555576D42A392B6F00DF230E /* ReaderViewModel.swift in Sources */,
				552BB2732A41C1E400BB3A86 /* IconButton.swift in Sources */,
				552BB26D2A41851700BB3A86 /* Note.swift in Sources */,
				552BB2692A40E75200BB3A86 /* TakeNotesScreen.swift in Sources */,
				551D0B162A3CDE5B00449307 /* VerseTapActionsView.swift in Sources */,
				5542302B2A4C36E4001EC310 /* NotesViewModel.swift in Sources */,
				556D8D772A44B7F400211481 /* BookRowView.swift in Sources */,
				5595A5042A4B70BF00270A5B /* MiscItemButton.swift in Sources */,
				55482F042A50BD96009C3370 /* CommandmentsView.swift in Sources */,
				554230242A4C1F6B001EC310 /* MiscListScreen.swift in Sources */,
				55500E5C2A4664DF0074BC67 /* SearchBooksView.swift in Sources */,
				555576CE2A38DBF100DF230E /* SettingsScreen.swift in Sources */,
				552BB26B2A41707500BB3A86 /* NoteToken.swift in Sources */,
				55482F172A5185B3009C3370 /* Hymn.swift in Sources */,
				5503ADC02A37C8DD006E6C79 /* DependencyType.swift in Sources */,
				5542302D2A4C39DD001EC310 /* NoteView.swift in Sources */,
				55482F1B2A518713009C3370 /* HymnsScreen.swift in Sources */,
				556D8D702A44971300211481 /* BooksViewModel.swift in Sources */,
				55482F1D2A51889E009C3370 /* HymnsViewModel.swift in Sources */,
				55500E602A466B530074BC67 /* SearchResultsView.swift in Sources */,
				556D8D742A44A29E00211481 /* BookSortType.swift in Sources */,
				5548BE282A48A93500E8974A /* MiscItem.swift in Sources */,
				5503ADB42A37C7D9006E6C79 /* TivBibleError.swift in Sources */,
				552BB2752A41C2CD00BB3A86 /* LineSpacingView.swift in Sources */,
				554230222A4C1AFE001EC310 /* MiscListViewModel.swift in Sources */,
				55730A0D2A4514D2008725DA /* NextButton.swift in Sources */,
				552BB2642A409DC800BB3A86 /* ColorHex.swift in Sources */,
				55EC1FE02A438ECD00DCA970 /* LineSpacingType.swift in Sources */,
				55E42F812A38830300DBB619 /* String+.swift in Sources */,
				552BB26F2A41B72500BB3A86 /* FontSizeView.swift in Sources */,
				555576D22A38DC2200DF230E /* MainContentScreen.swift in Sources */,
				55500E572A45D8D60074BC67 /* SearchScreen.swift in Sources */,
				5595A5082A4C020100270A5B /* ToastMessage.swift in Sources */,
				552BB2792A41C9C900BB3A86 /* FontStyleButton.swift in Sources */,
				5503ADC22A37C8F0006E6C79 /* DependencyContainer.swift in Sources */,
				552BB27B2A41CC1500BB3A86 /* StylesView.swift in Sources */,
				555576CC2A38DBE100DF230E /* ReaderScreen.swift in Sources */,
				5503AD762A37BF50006E6C79 /* TivBibleApp.swift in Sources */,
				556D8D722A44974600211481 /* BooksScreen.swift in Sources */,
			);
			runOnlyForDeploymentPostprocessing = 0;
		};
		5503AD802A37BF51006E6C79 /* Sources */ = {
			isa = PBXSourcesBuildPhase;
			buildActionMask = 2147483647;
			files = (
				5503AD892A37BF51006E6C79 /* TivBibleTests.swift in Sources */,
			);
			runOnlyForDeploymentPostprocessing = 0;
		};
		5503AD8A2A37BF51006E6C79 /* Sources */ = {
			isa = PBXSourcesBuildPhase;
			buildActionMask = 2147483647;
			files = (
				5503AD952A37BF51006E6C79 /* TivBibleUITestsLaunchTests.swift in Sources */,
				5503AD932A37BF51006E6C79 /* TivBibleUITests.swift in Sources */,
			);
			runOnlyForDeploymentPostprocessing = 0;
		};
/* End PBXSourcesBuildPhase section */

/* Begin PBXTargetDependency section */
		5503AD862A37BF51006E6C79 /* PBXTargetDependency */ = {
			isa = PBXTargetDependency;
			target = 5503AD712A37BF50006E6C79 /* TivBible */;
			targetProxy = 5503AD852A37BF51006E6C79 /* PBXContainerItemProxy */;
		};
		5503AD902A37BF51006E6C79 /* PBXTargetDependency */ = {
			isa = PBXTargetDependency;
			target = 5503AD712A37BF50006E6C79 /* TivBible */;
			targetProxy = 5503AD8F2A37BF51006E6C79 /* PBXContainerItemProxy */;
		};
/* End PBXTargetDependency section */

/* Begin XCBuildConfiguration section */
		5503AD962A37BF51006E6C79 /* Debug */ = {
			isa = XCBuildConfiguration;
			buildSettings = {
				ALWAYS_SEARCH_USER_PATHS = NO;
				ASSETCATALOG_COMPILER_GENERATE_SWIFT_ASSET_SYMBOL_EXTENSIONS = YES;
				CLANG_ANALYZER_NONNULL = YES;
				CLANG_ANALYZER_NUMBER_OBJECT_CONVERSION = YES_AGGRESSIVE;
				CLANG_CXX_LANGUAGE_STANDARD = "gnu++20";
				CLANG_ENABLE_MODULES = YES;
				CLANG_ENABLE_OBJC_ARC = YES;
				CLANG_ENABLE_OBJC_WEAK = YES;
				CLANG_WARN_BLOCK_CAPTURE_AUTORELEASING = YES;
				CLANG_WARN_BOOL_CONVERSION = YES;
				CLANG_WARN_COMMA = YES;
				CLANG_WARN_CONSTANT_CONVERSION = YES;
				CLANG_WARN_DEPRECATED_OBJC_IMPLEMENTATIONS = YES;
				CLANG_WARN_DIRECT_OBJC_ISA_USAGE = YES_ERROR;
				CLANG_WARN_DOCUMENTATION_COMMENTS = YES;
				CLANG_WARN_EMPTY_BODY = YES;
				CLANG_WARN_ENUM_CONVERSION = YES;
				CLANG_WARN_INFINITE_RECURSION = YES;
				CLANG_WARN_INT_CONVERSION = YES;
				CLANG_WARN_NON_LITERAL_NULL_CONVERSION = YES;
				CLANG_WARN_OBJC_IMPLICIT_RETAIN_SELF = YES;
				CLANG_WARN_OBJC_LITERAL_CONVERSION = YES;
				CLANG_WARN_OBJC_ROOT_CLASS = YES_ERROR;
				CLANG_WARN_QUOTED_INCLUDE_IN_FRAMEWORK_HEADER = YES;
				CLANG_WARN_RANGE_LOOP_ANALYSIS = YES;
				CLANG_WARN_STRICT_PROTOTYPES = YES;
				CLANG_WARN_SUSPICIOUS_MOVE = YES;
				CLANG_WARN_UNGUARDED_AVAILABILITY = YES_AGGRESSIVE;
				CLANG_WARN_UNREACHABLE_CODE = YES;
				CLANG_WARN__DUPLICATE_METHOD_MATCH = YES;
				COPY_PHASE_STRIP = NO;
				DEBUG_INFORMATION_FORMAT = dwarf;
				ENABLE_STRICT_OBJC_MSGSEND = YES;
				ENABLE_TESTABILITY = YES;
				ENABLE_USER_SCRIPT_SANDBOXING = YES;
				GCC_C_LANGUAGE_STANDARD = gnu17;
				GCC_DYNAMIC_NO_PIC = NO;
				GCC_NO_COMMON_BLOCKS = YES;
				GCC_OPTIMIZATION_LEVEL = 0;
				GCC_PREPROCESSOR_DEFINITIONS = (
					"DEBUG=1",
					"$(inherited)",
				);
				GCC_WARN_64_TO_32_BIT_CONVERSION = YES;
				GCC_WARN_ABOUT_RETURN_TYPE = YES_ERROR;
				GCC_WARN_UNDECLARED_SELECTOR = YES;
				GCC_WARN_UNINITIALIZED_AUTOS = YES_AGGRESSIVE;
				GCC_WARN_UNUSED_FUNCTION = YES;
				GCC_WARN_UNUSED_VARIABLE = YES;
				IPHONEOS_DEPLOYMENT_TARGET = 17.0;
				LOCALIZATION_PREFERS_STRING_CATALOGS = YES;
				MTL_ENABLE_DEBUG_INFO = INCLUDE_SOURCE;
				MTL_FAST_MATH = YES;
				ONLY_ACTIVE_ARCH = YES;
				SDKROOT = iphoneos;
				SWIFT_ACTIVE_COMPILATION_CONDITIONS = "DEBUG $(inherited)";
				SWIFT_OPTIMIZATION_LEVEL = "-Onone";
			};
			name = Debug;
		};
		5503AD972A37BF51006E6C79 /* Release */ = {
			isa = XCBuildConfiguration;
			buildSettings = {
				ALWAYS_SEARCH_USER_PATHS = NO;
				ASSETCATALOG_COMPILER_GENERATE_SWIFT_ASSET_SYMBOL_EXTENSIONS = YES;
				CLANG_ANALYZER_NONNULL = YES;
				CLANG_ANALYZER_NUMBER_OBJECT_CONVERSION = YES_AGGRESSIVE;
				CLANG_CXX_LANGUAGE_STANDARD = "gnu++20";
				CLANG_ENABLE_MODULES = YES;
				CLANG_ENABLE_OBJC_ARC = YES;
				CLANG_ENABLE_OBJC_WEAK = YES;
				CLANG_WARN_BLOCK_CAPTURE_AUTORELEASING = YES;
				CLANG_WARN_BOOL_CONVERSION = YES;
				CLANG_WARN_COMMA = YES;
				CLANG_WARN_CONSTANT_CONVERSION = YES;
				CLANG_WARN_DEPRECATED_OBJC_IMPLEMENTATIONS = YES;
				CLANG_WARN_DIRECT_OBJC_ISA_USAGE = YES_ERROR;
				CLANG_WARN_DOCUMENTATION_COMMENTS = YES;
				CLANG_WARN_EMPTY_BODY = YES;
				CLANG_WARN_ENUM_CONVERSION = YES;
				CLANG_WARN_INFINITE_RECURSION = YES;
				CLANG_WARN_INT_CONVERSION = YES;
				CLANG_WARN_NON_LITERAL_NULL_CONVERSION = YES;
				CLANG_WARN_OBJC_IMPLICIT_RETAIN_SELF = YES;
				CLANG_WARN_OBJC_LITERAL_CONVERSION = YES;
				CLANG_WARN_OBJC_ROOT_CLASS = YES_ERROR;
				CLANG_WARN_QUOTED_INCLUDE_IN_FRAMEWORK_HEADER = YES;
				CLANG_WARN_RANGE_LOOP_ANALYSIS = YES;
				CLANG_WARN_STRICT_PROTOTYPES = YES;
				CLANG_WARN_SUSPICIOUS_MOVE = YES;
				CLANG_WARN_UNGUARDED_AVAILABILITY = YES_AGGRESSIVE;
				CLANG_WARN_UNREACHABLE_CODE = YES;
				CLANG_WARN__DUPLICATE_METHOD_MATCH = YES;
				COPY_PHASE_STRIP = NO;
				DEBUG_INFORMATION_FORMAT = "dwarf-with-dsym";
				ENABLE_NS_ASSERTIONS = NO;
				ENABLE_STRICT_OBJC_MSGSEND = YES;
				ENABLE_USER_SCRIPT_SANDBOXING = YES;
				GCC_C_LANGUAGE_STANDARD = gnu17;
				GCC_NO_COMMON_BLOCKS = YES;
				GCC_WARN_64_TO_32_BIT_CONVERSION = YES;
				GCC_WARN_ABOUT_RETURN_TYPE = YES_ERROR;
				GCC_WARN_UNDECLARED_SELECTOR = YES;
				GCC_WARN_UNINITIALIZED_AUTOS = YES_AGGRESSIVE;
				GCC_WARN_UNUSED_FUNCTION = YES;
				GCC_WARN_UNUSED_VARIABLE = YES;
				IPHONEOS_DEPLOYMENT_TARGET = 17.0;
				LOCALIZATION_PREFERS_STRING_CATALOGS = YES;
				MTL_ENABLE_DEBUG_INFO = NO;
				MTL_FAST_MATH = YES;
				SDKROOT = iphoneos;
				SWIFT_COMPILATION_MODE = wholemodule;
				VALIDATE_PRODUCT = YES;
			};
			name = Release;
		};
		5503AD992A37BF51006E6C79 /* Debug */ = {
			isa = XCBuildConfiguration;
			buildSettings = {
				ASSETCATALOG_COMPILER_APPICON_NAME = AppIcon;
				ASSETCATALOG_COMPILER_GLOBAL_ACCENT_COLOR_NAME = AccentColor;
				CODE_SIGN_STYLE = Automatic;
				CURRENT_PROJECT_VERSION = 1;
				DEVELOPMENT_ASSET_PATHS = "\"TivBible/Preview Content\"";
				DEVELOPMENT_TEAM = 3W6S8FM5ZF;
				ENABLE_PREVIEWS = YES;
				GENERATE_INFOPLIST_FILE = YES;
				INFOPLIST_FILE = TivBible/Resources/Info.plist;
				INFOPLIST_KEY_CFBundleDisplayName = "Tiv Bible";
				INFOPLIST_KEY_UIApplicationSceneManifest_Generation = YES;
				INFOPLIST_KEY_UIApplicationSupportsIndirectInputEvents = YES;
				INFOPLIST_KEY_UISupportedInterfaceOrientations_iPad = "UIInterfaceOrientationPortrait UIInterfaceOrientationPortraitUpsideDown UIInterfaceOrientationLandscapeLeft UIInterfaceOrientationLandscapeRight";
				INFOPLIST_KEY_UISupportedInterfaceOrientations_iPhone = "UIInterfaceOrientationPortrait UIInterfaceOrientationLandscapeLeft UIInterfaceOrientationLandscapeRight";
				LD_RUNPATH_SEARCH_PATHS = (
					"$(inherited)",
					"@executable_path/Frameworks",
				);
				MARKETING_VERSION = 2.0;
				PRODUCT_BUNDLE_IDENTIFIER = "com.iniongungroup.mobile.ios.Tiv-Bible";
				PRODUCT_NAME = "$(TARGET_NAME)";
				SWIFT_EMIT_LOC_STRINGS = YES;
				SWIFT_VERSION = 5.0;
				TARGETED_DEVICE_FAMILY = "1,2";
			};
			name = Debug;
		};
		5503AD9A2A37BF51006E6C79 /* Release */ = {
			isa = XCBuildConfiguration;
			buildSettings = {
				ASSETCATALOG_COMPILER_APPICON_NAME = AppIcon;
				ASSETCATALOG_COMPILER_GLOBAL_ACCENT_COLOR_NAME = AccentColor;
				CODE_SIGN_STYLE = Automatic;
				CURRENT_PROJECT_VERSION = 1;
				DEVELOPMENT_ASSET_PATHS = "\"TivBible/Preview Content\"";
				DEVELOPMENT_TEAM = 3W6S8FM5ZF;
				ENABLE_PREVIEWS = YES;
				GENERATE_INFOPLIST_FILE = YES;
				INFOPLIST_FILE = TivBible/Resources/Info.plist;
				INFOPLIST_KEY_CFBundleDisplayName = "Tiv Bible";
				INFOPLIST_KEY_UIApplicationSceneManifest_Generation = YES;
				INFOPLIST_KEY_UIApplicationSupportsIndirectInputEvents = YES;
				INFOPLIST_KEY_UISupportedInterfaceOrientations_iPad = "UIInterfaceOrientationPortrait UIInterfaceOrientationPortraitUpsideDown UIInterfaceOrientationLandscapeLeft UIInterfaceOrientationLandscapeRight";
				INFOPLIST_KEY_UISupportedInterfaceOrientations_iPhone = "UIInterfaceOrientationPortrait UIInterfaceOrientationLandscapeLeft UIInterfaceOrientationLandscapeRight";
				LD_RUNPATH_SEARCH_PATHS = (
					"$(inherited)",
					"@executable_path/Frameworks",
				);
				MARKETING_VERSION = 2.0;
				PRODUCT_BUNDLE_IDENTIFIER = "com.iniongungroup.mobile.ios.Tiv-Bible";
				PRODUCT_NAME = "$(TARGET_NAME)";
				SWIFT_EMIT_LOC_STRINGS = YES;
				SWIFT_VERSION = 5.0;
				TARGETED_DEVICE_FAMILY = "1,2";
			};
			name = Release;
		};
		5503AD9C2A37BF51006E6C79 /* Debug */ = {
			isa = XCBuildConfiguration;
			buildSettings = {
				ALWAYS_EMBED_SWIFT_STANDARD_LIBRARIES = YES;
				BUNDLE_LOADER = "$(TEST_HOST)";
				CODE_SIGN_STYLE = Automatic;
				CURRENT_PROJECT_VERSION = 1;
				DEVELOPMENT_TEAM = 3W6S8FM5ZF;
				GENERATE_INFOPLIST_FILE = YES;
				IPHONEOS_DEPLOYMENT_TARGET = 17.0;
				MARKETING_VERSION = 1.0;
				PRODUCT_BUNDLE_IDENTIFIER = com.iniongungroup.mobile.ios.TivBibleTests;
				PRODUCT_NAME = "$(TARGET_NAME)";
				SWIFT_EMIT_LOC_STRINGS = NO;
				SWIFT_VERSION = 5.0;
				TARGETED_DEVICE_FAMILY = "1,2";
				TEST_HOST = "$(BUILT_PRODUCTS_DIR)/TivBible.app/$(BUNDLE_EXECUTABLE_FOLDER_PATH)/TivBible";
			};
			name = Debug;
		};
		5503AD9D2A37BF51006E6C79 /* Release */ = {
			isa = XCBuildConfiguration;
			buildSettings = {
				ALWAYS_EMBED_SWIFT_STANDARD_LIBRARIES = YES;
				BUNDLE_LOADER = "$(TEST_HOST)";
				CODE_SIGN_STYLE = Automatic;
				CURRENT_PROJECT_VERSION = 1;
				DEVELOPMENT_TEAM = 3W6S8FM5ZF;
				GENERATE_INFOPLIST_FILE = YES;
				IPHONEOS_DEPLOYMENT_TARGET = 17.0;
				MARKETING_VERSION = 1.0;
				PRODUCT_BUNDLE_IDENTIFIER = com.iniongungroup.mobile.ios.TivBibleTests;
				PRODUCT_NAME = "$(TARGET_NAME)";
				SWIFT_EMIT_LOC_STRINGS = NO;
				SWIFT_VERSION = 5.0;
				TARGETED_DEVICE_FAMILY = "1,2";
				TEST_HOST = "$(BUILT_PRODUCTS_DIR)/TivBible.app/$(BUNDLE_EXECUTABLE_FOLDER_PATH)/TivBible";
			};
			name = Release;
		};
		5503AD9F2A37BF51006E6C79 /* Debug */ = {
			isa = XCBuildConfiguration;
			buildSettings = {
				ALWAYS_EMBED_SWIFT_STANDARD_LIBRARIES = YES;
				CODE_SIGN_STYLE = Automatic;
				CURRENT_PROJECT_VERSION = 1;
				DEVELOPMENT_TEAM = 3W6S8FM5ZF;
				GENERATE_INFOPLIST_FILE = YES;
				MARKETING_VERSION = 1.0;
				PRODUCT_BUNDLE_IDENTIFIER = com.iniongungroup.mobile.ios.TivBibleUITests;
				PRODUCT_NAME = "$(TARGET_NAME)";
				SWIFT_EMIT_LOC_STRINGS = NO;
				SWIFT_VERSION = 5.0;
				TARGETED_DEVICE_FAMILY = "1,2";
				TEST_TARGET_NAME = TivBible;
			};
			name = Debug;
		};
		5503ADA02A37BF51006E6C79 /* Release */ = {
			isa = XCBuildConfiguration;
			buildSettings = {
				ALWAYS_EMBED_SWIFT_STANDARD_LIBRARIES = YES;
				CODE_SIGN_STYLE = Automatic;
				CURRENT_PROJECT_VERSION = 1;
				DEVELOPMENT_TEAM = 3W6S8FM5ZF;
				GENERATE_INFOPLIST_FILE = YES;
				MARKETING_VERSION = 1.0;
				PRODUCT_BUNDLE_IDENTIFIER = com.iniongungroup.mobile.ios.TivBibleUITests;
				PRODUCT_NAME = "$(TARGET_NAME)";
				SWIFT_EMIT_LOC_STRINGS = NO;
				SWIFT_VERSION = 5.0;
				TARGETED_DEVICE_FAMILY = "1,2";
				TEST_TARGET_NAME = TivBible;
			};
			name = Release;
		};
/* End XCBuildConfiguration section */

/* Begin XCConfigurationList section */
		5503AD6D2A37BF50006E6C79 /* Build configuration list for PBXProject "TivBible" */ = {
			isa = XCConfigurationList;
			buildConfigurations = (
				5503AD962A37BF51006E6C79 /* Debug */,
				5503AD972A37BF51006E6C79 /* Release */,
			);
			defaultConfigurationIsVisible = 0;
			defaultConfigurationName = Release;
		};
		5503AD982A37BF51006E6C79 /* Build configuration list for PBXNativeTarget "TivBible" */ = {
			isa = XCConfigurationList;
			buildConfigurations = (
				5503AD992A37BF51006E6C79 /* Debug */,
				5503AD9A2A37BF51006E6C79 /* Release */,
			);
			defaultConfigurationIsVisible = 0;
			defaultConfigurationName = Release;
		};
		5503AD9B2A37BF51006E6C79 /* Build configuration list for PBXNativeTarget "TivBibleTests" */ = {
			isa = XCConfigurationList;
			buildConfigurations = (
				5503AD9C2A37BF51006E6C79 /* Debug */,
				5503AD9D2A37BF51006E6C79 /* Release */,
			);
			defaultConfigurationIsVisible = 0;
			defaultConfigurationName = Release;
		};
		5503AD9E2A37BF51006E6C79 /* Build configuration list for PBXNativeTarget "TivBibleUITests" */ = {
			isa = XCConfigurationList;
			buildConfigurations = (
				5503AD9F2A37BF51006E6C79 /* Debug */,
				5503ADA02A37BF51006E6C79 /* Release */,
			);
			defaultConfigurationIsVisible = 0;
			defaultConfigurationName = Release;
		};
/* End XCConfigurationList section */

/* Begin XCRemoteSwiftPackageReference section */
		552BB2652A40C24000BB3A86 /* XCRemoteSwiftPackageReference "AlertToast" */ = {
			isa = XCRemoteSwiftPackageReference;
			repositoryURL = "https://github.com/elai950/AlertToast.git";
			requirement = {
				branch = master;
				kind = branch;
			};
		};
		55500E502A45ACB70074BC67 /* XCRemoteSwiftPackageReference "IsScrolling" */ = {
			isa = XCRemoteSwiftPackageReference;
			repositoryURL = "https://github.com/fatbobman/IsScrolling.git";
			requirement = {
				kind = upToNextMajorVersion;
				minimumVersion = 1.1.2;
			};
		};
		55EC1FDC2A438BBB00DCA970 /* XCRemoteSwiftPackageReference "DeviceKit" */ = {
			isa = XCRemoteSwiftPackageReference;
			repositoryURL = "https://github.com/devicekit/DeviceKit.git";
			requirement = {
				kind = upToNextMajorVersion;
				minimumVersion = 5.0.0;
			};
		};
/* End XCRemoteSwiftPackageReference section */

/* Begin XCSwiftPackageProductDependency section */
		552BB2662A40C24000BB3A86 /* AlertToast */ = {
			isa = XCSwiftPackageProductDependency;
			package = 552BB2652A40C24000BB3A86 /* XCRemoteSwiftPackageReference "AlertToast" */;
			productName = AlertToast;
		};
		55500E512A45ACB70074BC67 /* IsScrolling */ = {
			isa = XCSwiftPackageProductDependency;
			package = 55500E502A45ACB70074BC67 /* XCRemoteSwiftPackageReference "IsScrolling" */;
			productName = IsScrolling;
		};
		55EC1FDD2A438BBB00DCA970 /* DeviceKit */ = {
			isa = XCSwiftPackageProductDependency;
			package = 55EC1FDC2A438BBB00DCA970 /* XCRemoteSwiftPackageReference "DeviceKit" */;
			productName = DeviceKit;
		};
/* End XCSwiftPackageProductDependency section */
	};
	rootObject = 5503AD6A2A37BF50006E6C79 /* Project object */;
}
